// !$*UTF8*$!
{
	archiveVersion = 1;
	classes = {
	};
	objectVersion = 46;
	objects = {

/* Begin PBXBuildFile section */
		5B4457A21CBFF380003CFA64 /* MLCCredential.h in Headers */ = {isa = PBXBuildFile; fileRef = 5B4457A01CBFF380003CFA64 /* MLCCredential.h */; settings = {ATTRIBUTES = (Public, ); }; };
		5B4457A31CBFF380003CFA64 /* MLCCredential.m in Sources */ = {isa = PBXBuildFile; fileRef = 5B4457A11CBFF380003CFA64 /* MLCCredential.m */; };
		5B4457A61CBFFE58003CFA64 /* MLCCredentialsService.h in Headers */ = {isa = PBXBuildFile; fileRef = 5B4457A41CBFFE58003CFA64 /* MLCCredentialsService.h */; settings = {ATTRIBUTES = (Public, ); }; };
		5B4457A71CBFFE58003CFA64 /* MLCCredentialsService.m in Sources */ = {isa = PBXBuildFile; fileRef = 5B4457A51CBFFE58003CFA64 /* MLCCredentialsService.m */; };
		5B7063891CDB9C2C00AE86A0 /* MLCLogger.h in Headers */ = {isa = PBXBuildFile; fileRef = 5B7063881CDB9B8700AE86A0 /* MLCLogger.h */; settings = {ATTRIBUTES = (Public, ); }; };
		5B70638B1CDBA04100AE86A0 /* MLCLogger.m in Sources */ = {isa = PBXBuildFile; fileRef = 5B70638A1CDBA04100AE86A0 /* MLCLogger.m */; };
		5B7BF49B1D00932300F5388B /* MLCList.h in Headers */ = {isa = PBXBuildFile; fileRef = 5B7BF4971D00932300F5388B /* MLCList.h */; settings = {ATTRIBUTES = (Public, ); }; };
		5B7BF49C1D00932300F5388B /* MLCList.m in Sources */ = {isa = PBXBuildFile; fileRef = 5B7BF4981D00932300F5388B /* MLCList.m */; };
		5B7BF49D1D00932300F5388B /* MLCListItem.h in Headers */ = {isa = PBXBuildFile; fileRef = 5B7BF4991D00932300F5388B /* MLCListItem.h */; settings = {ATTRIBUTES = (Public, ); }; };
		5B7BF49E1D00932300F5388B /* MLCListItem.m in Sources */ = {isa = PBXBuildFile; fileRef = 5B7BF49A1D00932300F5388B /* MLCListItem.m */; };
		5B7BF4A31D00937900F5388B /* MLCListItemsService.h in Headers */ = {isa = PBXBuildFile; fileRef = 5B7BF49F1D00937900F5388B /* MLCListItemsService.h */; settings = {ATTRIBUTES = (Public, ); }; };
		5B7BF4A41D00937900F5388B /* MLCListItemsService.m in Sources */ = {isa = PBXBuildFile; fileRef = 5B7BF4A01D00937900F5388B /* MLCListItemsService.m */; };
		5B7BF4A51D00937900F5388B /* MLCListsService.h in Headers */ = {isa = PBXBuildFile; fileRef = 5B7BF4A11D00937900F5388B /* MLCListsService.h */; settings = {ATTRIBUTES = (Public, ); }; };
		5B7BF4A61D00937900F5388B /* MLCListsService.m in Sources */ = {isa = PBXBuildFile; fileRef = 5B7BF4A21D00937900F5388B /* MLCListsService.m */; };
		5BAB4AE21DECD9CB00441CE3 /* MLCScanService.m in Sources */ = {isa = PBXBuildFile; fileRef = 5BAB4AE01DECD9CB00441CE3 /* MLCScanService.m */; };
		5BAB4AE31DECD9CB00441CE3 /* MLCScanService.h in Headers */ = {isa = PBXBuildFile; fileRef = 5BAB4AE11DECD9CB00441CE3 /* MLCScanService.h */; settings = {ATTRIBUTES = (Public, ); }; };
		5BBC7A861F68E0AA0042D398 /* MLCServiceRequest.h in Headers */ = {isa = PBXBuildFile; fileRef = 5BBC7A841F68E0AA0042D398 /* MLCServiceRequest.h */; };
		5BBC7A871F68E0AA0042D398 /* MLCServiceRequest.m in Sources */ = {isa = PBXBuildFile; fileRef = 5BBC7A851F68E0AA0042D398 /* MLCServiceRequest.m */; };
		5BC69E3F1FBCBAF500FC4143 /* MLCResetPassword.h in Headers */ = {isa = PBXBuildFile; fileRef = 5BC69E3D1FBCBAF500FC4143 /* MLCResetPassword.h */; settings = {ATTRIBUTES = (Public, ); }; };
		5BC69E401FBCBAF500FC4143 /* MLCResetPassword.m in Sources */ = {isa = PBXBuildFile; fileRef = 5BC69E3E1FBCBAF500FC4143 /* MLCResetPassword.m */; };
		5BC7ABAE1C6BE0BE003E4C9B /* MLCProductsService.m in Sources */ = {isa = PBXBuildFile; fileRef = 5B2ABCD919633EC3006246CC /* MLCProductsService.m */; };
		5BC7ABAF1C6BE0BE003E4C9B /* MLCLeaderboardService.m in Sources */ = {isa = PBXBuildFile; fileRef = 5BC1AB3116BBABD500E91D79 /* MLCLeaderboardService.m */; };
		5BC7ABB01C6BE0BE003E4C9B /* MLCSettingsService.m in Sources */ = {isa = PBXBuildFile; fileRef = 5B4270B116B71E9A00DE981C /* MLCSettingsService.m */; };
		5BC7ABB11C6BE0BE003E4C9B /* MLCAd.m in Sources */ = {isa = PBXBuildFile; fileRef = 5B7B685C1B7AB89F00C63779 /* MLCAd.m */; };
		5BC7ABB21C6BE0BE003E4C9B /* MLCOutOfBandService.m in Sources */ = {isa = PBXBuildFile; fileRef = 5B96EBEC18B2E72C004991BC /* MLCOutOfBandService.m */; };
		5BC7ABB31C6BE0BE003E4C9B /* MLCUserTransaction.m in Sources */ = {isa = PBXBuildFile; fileRef = 5B402AD6189F5E6400B302BB /* MLCUserTransaction.m */; };
		5BC7ABB41C6BE0BE003E4C9B /* MLCMessage.m in Sources */ = {isa = PBXBuildFile; fileRef = 5BE472B71804FBFE00616CF2 /* MLCMessage.m */; };
		5BC7ABB51C6BE0BE003E4C9B /* MLCMerchant.m in Sources */ = {isa = PBXBuildFile; fileRef = 5B8147081B669CC600A36D4A /* MLCMerchant.m */; };
		5BC7ABB61C6BE0BE003E4C9B /* MLCEventsService.m in Sources */ = {isa = PBXBuildFile; fileRef = 5B42707D16B7158600DE981C /* MLCEventsService.m */; };
		5BC7ABB71C6BE0BE003E4C9B /* MLCGroup.m in Sources */ = {isa = PBXBuildFile; fileRef = 5BC206E7186786DB00E321AC /* MLCGroup.m */; };
		5BC7ABB81C6BE0BE003E4C9B /* MLCCheckInService.m in Sources */ = {isa = PBXBuildFile; fileRef = 5BB56B53181AD1D300BCA9DB /* MLCCheckInService.m */; };
		5BC7ABB91C6BE0BE003E4C9B /* MLCMetricsManager.m in Sources */ = {isa = PBXBuildFile; fileRef = 5BEBE2DC19103F8B00779BC0 /* MLCMetricsManager.m */; };
		5BC7ABBA1C6BE0BE003E4C9B /* MLCMedia.m in Sources */ = {isa = PBXBuildFile; fileRef = 5B42709016B7158600DE981C /* MLCMedia.m */; };
		5BC7ABBB1C6BE0BE003E4C9B /* MLCProduct.m in Sources */ = {isa = PBXBuildFile; fileRef = 5B2ABCCD19631D7F006246CC /* MLCProduct.m */; };
		5BC7ABBC1C6BE0BE003E4C9B /* MLCProductType.m in Sources */ = {isa = PBXBuildFile; fileRef = 5B2ABCC719631D25006246CC /* MLCProductType.m */; };
		5BC7ABBD1C6BE0BE003E4C9B /* MLCMetricsService.m in Sources */ = {isa = PBXBuildFile; fileRef = 5B4270B416B7214B00DE981C /* MLCMetricsService.m */; };
		5BC7ABBE1C6BE0BE003E4C9B /* MLCAuthenticationToken.m in Sources */ = {isa = PBXBuildFile; fileRef = 5B42708A16B7158600DE981C /* MLCAuthenticationToken.m */; };
		5BC7ABBF1C6BE0BE003E4C9B /* MLCUserTransactionsService.m in Sources */ = {isa = PBXBuildFile; fileRef = 5B402AE4189F62CB00B302BB /* MLCUserTransactionsService.m */; };
		5BC7ABC01C6BE0BE003E4C9B /* MLCServiceManager.m in Sources */ = {isa = PBXBuildFile; fileRef = 5B4A798E16BB667B000C39A4 /* MLCServiceManager.m */; };
		5BC7ABC11C6BE0BE003E4C9B /* MLCProductCategoriesService.m in Sources */ = {isa = PBXBuildFile; fileRef = 5B2ABCD319631FFE006246CC /* MLCProductCategoriesService.m */; };
		5BC7ABC21C6BE0BE003E4C9B /* MLCDealsService.m in Sources */ = {isa = PBXBuildFile; fileRef = 5B4A797516BAFD4D000C39A4 /* MLCDealsService.m */; };
		5BC7ABC31C6BE0BE003E4C9B /* MLCAdsService.m in Sources */ = {isa = PBXBuildFile; fileRef = 5B7B68621B7ABE5D00C63779 /* MLCAdsService.m */; };
		5BC7ABC41C6BE0BE003E4C9B /* MLCEvent.m in Sources */ = {isa = PBXBuildFile; fileRef = 5B42708C16B7158600DE981C /* MLCEvent.m */; };
		5BC7ABC51C6BE0BE003E4C9B /* MLCAffinity.m in Sources */ = {isa = PBXBuildFile; fileRef = 5B4A796C16BAD762000C39A4 /* MLCAffinity.m */; };
		5BC7ABC61C6BE0BE003E4C9B /* MLCNotification.m in Sources */ = {isa = PBXBuildFile; fileRef = 5B7B68521B7A92D400C63779 /* MLCNotification.m */; };
		5BC7ABC71C6BE0BE003E4C9B /* MLCStatus.m in Sources */ = {isa = PBXBuildFile; fileRef = 5BC1AB3D16BBC1E200E91D79 /* MLCStatus.m */; };
		5BC7ABC81C6BE0BE003E4C9B /* MLCUser.m in Sources */ = {isa = PBXBuildFile; fileRef = 5B42709516B7158600DE981C /* MLCUser.m */; };
		5BC7ABC91C6BE0BE003E4C9B /* MLCMerchantsService.m in Sources */ = {isa = PBXBuildFile; fileRef = 5B8147021B669B8900A36D4A /* MLCMerchantsService.m */; };
		5BC7ABCA1C6BE0BE003E4C9B /* MLCGroupsService.m in Sources */ = {isa = PBXBuildFile; fileRef = 5BC206EB1867893000E321AC /* MLCGroupsService.m */; };
		5BC7ABCB1C6BE0BE003E4C9B /* MLCGenericService.m in Sources */ = {isa = PBXBuildFile; fileRef = 5B5F672316EFC4E100956B4A /* MLCGenericService.m */; };
		5BC7ABCC1C6BE0BE003E4C9B /* MLCLocationsService.m in Sources */ = {isa = PBXBuildFile; fileRef = 5B42707F16B7158600DE981C /* MLCLocationsService.m */; };
		5BC7ABCD1C6BE0BE003E4C9B /* MLCImage.m in Sources */ = {isa = PBXBuildFile; fileRef = 5B4A796916BAD19C000C39A4 /* MLCImage.m */; };
		5BC7ABCE1C6BE0BE003E4C9B /* MLCLeader.m in Sources */ = {isa = PBXBuildFile; fileRef = 5B4A797216BAFCB9000C39A4 /* MLCLeader.m */; };
		5BC7ABCF1C6BE0BE003E4C9B /* MLCRewardsService.m in Sources */ = {isa = PBXBuildFile; fileRef = 5B4A798716BB45F5000C39A4 /* MLCRewardsService.m */; };
		5BC7ABD01C6BE0BE003E4C9B /* MLCUserTransactionsSummary.m in Sources */ = {isa = PBXBuildFile; fileRef = 5B402AE0189F613000B302BB /* MLCUserTransactionsSummary.m */; };
		5BC7ABD11C6BE0BE003E4C9B /* MLCPointsService.m in Sources */ = {isa = PBXBuildFile; fileRef = 5BC1AB3516BBBE0700E91D79 /* MLCPointsService.m */; };
		5BC7ABD21C6BE0BE003E4C9B /* MLCEntityCache.m in Sources */ = {isa = PBXBuildFile; fileRef = 5B81470E1B669FA400A36D4A /* MLCEntityCache.m */; };
		5BC7ABD31C6BE0BE003E4C9B /* MLCEntity.m in Sources */ = {isa = PBXBuildFile; fileRef = 5B42709216B7158600DE981C /* MLCEntity.m */; };
		5BC7ABD41C6BE0BE003E4C9B /* MLCUsersService.m in Sources */ = {isa = PBXBuildFile; fileRef = 5B42708716B7158600DE981C /* MLCUsersService.m */; };
		5BC7ABD51C6BE0BE003E4C9B /* MLCLocation.m in Sources */ = {isa = PBXBuildFile; fileRef = 5B42708E16B7158600DE981C /* MLCLocation.m */; };
		5BC7ABD61C6BE0BE003E4C9B /* MLCProductCategory.m in Sources */ = {isa = PBXBuildFile; fileRef = 5B2ABCC119631998006246CC /* MLCProductCategory.m */; };
		5BC7ABD81C6BE0BE003E4C9B /* MLCMetric.m in Sources */ = {isa = PBXBuildFile; fileRef = 5B4270B716B7216C00DE981C /* MLCMetric.m */; };
		5BC7ABD91C6BE0BE003E4C9B /* MLCMessageService.m in Sources */ = {isa = PBXBuildFile; fileRef = 5BE472B31804FB9A00616CF2 /* MLCMessageService.m */; };
		5BC7ABDA1C6BE0BE003E4C9B /* MLCUserTransactionsSummaryService.m in Sources */ = {isa = PBXBuildFile; fileRef = 5B402AE8189F6FAF00B302BB /* MLCUserTransactionsSummaryService.m */; };
		5BC7ABDB1C6BE0BE003E4C9B /* MLCMediaService.m in Sources */ = {isa = PBXBuildFile; fileRef = 5B42708116B7158600DE981C /* MLCMediaService.m */; };
		5BC7ABDC1C6BE0BE003E4C9B /* MLCDeal.m in Sources */ = {isa = PBXBuildFile; fileRef = 5B4A796316BACA00000C39A4 /* MLCDeal.m */; };
		5BC7ABDD1C6BE0BE003E4C9B /* MLCAffinitiesService.m in Sources */ = {isa = PBXBuildFile; fileRef = 5B4A798416BB1E65000C39A4 /* MLCAffinitiesService.m */; };
		5BC7ABDE1C6BE0BE003E4C9B /* MLCAuthenticationService.m in Sources */ = {isa = PBXBuildFile; fileRef = 5BC1AB4B16BC646E00E91D79 /* MLCAuthenticationService.m */; };
		5BC7ABDF1C6BE0BE003E4C9B /* MLCReward.m in Sources */ = {isa = PBXBuildFile; fileRef = 5B4A796616BACA42000C39A4 /* MLCReward.m */; };
		5BC7ABE01C6BE0BE003E4C9B /* MLCNotificationsService.m in Sources */ = {isa = PBXBuildFile; fileRef = 5B7B684C1B7A8D7600C63779 /* MLCNotificationsService.m */; };
		5BC7ABE11C6BE0BE003E4C9B /* MLCValidation.m in Sources */ = {isa = PBXBuildFile; fileRef = 5B96EBB218AE86DF004991BC /* MLCValidation.m */; };
		5BC7ABE21C6BE0BE003E4C9B /* MLCService.m in Sources */ = {isa = PBXBuildFile; fileRef = 5B42708316B7158600DE981C /* MLCService.m */; };
		5BC7ABE41C6BE0BE003E4C9B /* MLCPoints.m in Sources */ = {isa = PBXBuildFile; fileRef = 5B4A796F16BADB64000C39A4 /* MLCPoints.m */; };
		5BC7ABE71C6BE0BE003E4C9B /* MLCUserTransactionsSummaryService.h in Headers */ = {isa = PBXBuildFile; fileRef = 5B402AE7189F6FAF00B302BB /* MLCUserTransactionsSummaryService.h */; settings = {ATTRIBUTES = (Public, ); }; };
		5BC7ABE81C6BE0BE003E4C9B /* MLCEntityCache.h in Headers */ = {isa = PBXBuildFile; fileRef = 5B81470D1B669FA400A36D4A /* MLCEntityCache.h */; settings = {ATTRIBUTES = (Public, ); }; };
		5BC7ABE91C6BE0BE003E4C9B /* MLCLeaderboardService.h in Headers */ = {isa = PBXBuildFile; fileRef = 5BC1AB3016BBABD500E91D79 /* MLCLeaderboardService.h */; settings = {ATTRIBUTES = (Public, ); }; };
		5BC7ABEA1C6BE0BE003E4C9B /* MLCUser.h in Headers */ = {isa = PBXBuildFile; fileRef = 5B42709416B7158600DE981C /* MLCUser.h */; settings = {ATTRIBUTES = (Public, ); }; };
		5BC7ABEB1C6BE0BE003E4C9B /* MLCProductCategoriesService.h in Headers */ = {isa = PBXBuildFile; fileRef = 5B2ABCD219631FFE006246CC /* MLCProductCategoriesService.h */; settings = {ATTRIBUTES = (Public, ); }; };
		5BC7ABEC1C6BE0BE003E4C9B /* MLCEvent.h in Headers */ = {isa = PBXBuildFile; fileRef = 5B42708B16B7158600DE981C /* MLCEvent.h */; settings = {ATTRIBUTES = (Public, ); }; };
		5BC7ABED1C6BE0BE003E4C9B /* MLCAuthenticationService.h in Headers */ = {isa = PBXBuildFile; fileRef = 5BC1AB4A16BC646E00E91D79 /* MLCAuthenticationService.h */; settings = {ATTRIBUTES = (Private, ); }; };
		5BC7ABEE1C6BE0BE003E4C9B /* MLCMediaService.h in Headers */ = {isa = PBXBuildFile; fileRef = 5B42708016B7158600DE981C /* MLCMediaService.h */; settings = {ATTRIBUTES = (Public, ); }; };
		5BC7ABEF1C6BE0BE003E4C9B /* MLCMessageService.h in Headers */ = {isa = PBXBuildFile; fileRef = 5BE472B21804FB9A00616CF2 /* MLCMessageService.h */; settings = {ATTRIBUTES = (Public, ); }; };
		5BC7ABF01C6BE0BE003E4C9B /* MLCMedia.h in Headers */ = {isa = PBXBuildFile; fileRef = 5B42708F16B7158600DE981C /* MLCMedia.h */; settings = {ATTRIBUTES = (Public, ); }; };
		5BC7ABF11C6BE0BE003E4C9B /* MLCMessage.h in Headers */ = {isa = PBXBuildFile; fileRef = 5BE472B61804FBFE00616CF2 /* MLCMessage.h */; settings = {ATTRIBUTES = (Public, ); }; };
		5BC7ABF21C6BE0BE003E4C9B /* MLCLeader.h in Headers */ = {isa = PBXBuildFile; fileRef = 5B4A797116BAFCB8000C39A4 /* MLCLeader.h */; settings = {ATTRIBUTES = (Public, ); }; };
		5BC7ABF41C6BE0BE003E4C9B /* MLCAuthenticationToken.h in Headers */ = {isa = PBXBuildFile; fileRef = 5B42708916B7158600DE981C /* MLCAuthenticationToken.h */; settings = {ATTRIBUTES = (Private, ); }; };
		5BC7ABF51C6BE0BE003E4C9B /* MLCAffinitiesService.h in Headers */ = {isa = PBXBuildFile; fileRef = 5B4A798316BB1E65000C39A4 /* MLCAffinitiesService.h */; settings = {ATTRIBUTES = (Public, ); }; };
		5BC7ABF61C6BE0BE003E4C9B /* MLCPointsService.h in Headers */ = {isa = PBXBuildFile; fileRef = 5BC1AB3416BBBE0700E91D79 /* MLCPointsService.h */; settings = {ATTRIBUTES = (Public, ); }; };
		5BC7ABF71C6BE0BE003E4C9B /* MLCProductsService.h in Headers */ = {isa = PBXBuildFile; fileRef = 5B2ABCD819633EC3006246CC /* MLCProductsService.h */; settings = {ATTRIBUTES = (Public, ); }; };
		5BC7ABF81C6BE0BE003E4C9B /* MLCMerchantsService.h in Headers */ = {isa = PBXBuildFile; fileRef = 5B8147011B669B8900A36D4A /* MLCMerchantsService.h */; settings = {ATTRIBUTES = (Public, ); }; };
		5BC7ABF91C6BE0BE003E4C9B /* MLCProductType.h in Headers */ = {isa = PBXBuildFile; fileRef = 5B2ABCC619631D25006246CC /* MLCProductType.h */; settings = {ATTRIBUTES = (Public, ); }; };
		5BC7ABFA1C6BE0BE003E4C9B /* MLCEntity_Private.h in Headers */ = {isa = PBXBuildFile; fileRef = 5B4A798A16BB6051000C39A4 /* MLCEntity_Private.h */; settings = {ATTRIBUTES = (Private, ); }; };
		5BC7ABFB1C6BE0BE003E4C9B /* MLCServiceManager.h in Headers */ = {isa = PBXBuildFile; fileRef = 5B4A798B16BB6644000C39A4 /* MLCServiceManager.h */; settings = {ATTRIBUTES = (Public, ); }; };
		5BC7ABFC1C6BE0BE003E4C9B /* MLCUsersService.h in Headers */ = {isa = PBXBuildFile; fileRef = 5B42708616B7158600DE981C /* MLCUsersService.h */; settings = {ATTRIBUTES = (Public, ); }; };
		5BC7ABFD1C6BE0BE003E4C9B /* MLCAd.h in Headers */ = {isa = PBXBuildFile; fileRef = 5B7B685B1B7AB89F00C63779 /* MLCAd.h */; settings = {ATTRIBUTES = (Public, ); }; };
		5BC7ABFE1C6BE0BE003E4C9B /* MLCService_Private.h in Headers */ = {isa = PBXBuildFile; fileRef = 5B4A798916BB5931000C39A4 /* MLCService_Private.h */; settings = {ATTRIBUTES = (Private, ); }; };
		5BC7ABFF1C6BE0BE003E4C9B /* MLCNotification.h in Headers */ = {isa = PBXBuildFile; fileRef = 5B7B68511B7A92D400C63779 /* MLCNotification.h */; settings = {ATTRIBUTES = (Public, ); }; };
		5BC7AC001C6BE0BE003E4C9B /* MLCEventsService.h in Headers */ = {isa = PBXBuildFile; fileRef = 5B42707C16B7158600DE981C /* MLCEventsService.h */; settings = {ATTRIBUTES = (Public, ); }; };
		5BC7AC011C6BE0BE003E4C9B /* MLCMetric.h in Headers */ = {isa = PBXBuildFile; fileRef = 5B4270B616B7216C00DE981C /* MLCMetric.h */; settings = {ATTRIBUTES = (Public, ); }; };
		5BC7AC021C6BE0BE003E4C9B /* MLCValidation.h in Headers */ = {isa = PBXBuildFile; fileRef = 5B96EBB118AE86DF004991BC /* MLCValidation.h */; settings = {ATTRIBUTES = (Public, ); }; };
		5BC7AC041C6BE0BE003E4C9B /* MLCStatus.h in Headers */ = {isa = PBXBuildFile; fileRef = 5BC1AB3C16BBC1E200E91D79 /* MLCStatus.h */; settings = {ATTRIBUTES = (Public, ); }; };
		5BC7AC051C6BE0BE003E4C9B /* MLCUserTransactionsSummary.h in Headers */ = {isa = PBXBuildFile; fileRef = 5B402ADF189F613000B302BB /* MLCUserTransactionsSummary.h */; settings = {ATTRIBUTES = (Public, ); }; };
		5BC7AC061C6BE0BE003E4C9B /* MLCImage.h in Headers */ = {isa = PBXBuildFile; fileRef = 5B4A796816BAD19C000C39A4 /* MLCImage.h */; settings = {ATTRIBUTES = (Public, ); }; };
		5BC7AC071C6BE0BE003E4C9B /* MLCMetricsManager.h in Headers */ = {isa = PBXBuildFile; fileRef = 5BEBE2DB19103F8B00779BC0 /* MLCMetricsManager.h */; settings = {ATTRIBUTES = (Public, ); }; };
		5BC7AC081C6BE0BE003E4C9B /* MLCPoints.h in Headers */ = {isa = PBXBuildFile; fileRef = 5B4A796E16BADB64000C39A4 /* MLCPoints.h */; settings = {ATTRIBUTES = (Public, ); }; };
		5BC7AC091C6BE0BE003E4C9B /* MLCRewardsService.h in Headers */ = {isa = PBXBuildFile; fileRef = 5B4A798616BB45F5000C39A4 /* MLCRewardsService.h */; settings = {ATTRIBUTES = (Public, ); }; };
		5BC7AC0A1C6BE0BE003E4C9B /* MLCMetricsService.h in Headers */ = {isa = PBXBuildFile; fileRef = 5B4270B316B7214A00DE981C /* MLCMetricsService.h */; settings = {ATTRIBUTES = (Public, ); }; };
		5BC7AC0B1C6BE0BE003E4C9B /* MLCGroup.h in Headers */ = {isa = PBXBuildFile; fileRef = 5BC206E6186786DB00E321AC /* MLCGroup.h */; settings = {ATTRIBUTES = (Public, ); }; };
		5BC7AC0C1C6BE0BE003E4C9B /* MLCSettingsService.h in Headers */ = {isa = PBXBuildFile; fileRef = 5B4270B016B71E9A00DE981C /* MLCSettingsService.h */; settings = {ATTRIBUTES = (Public, ); }; };
		5BC7AC0D1C6BE0BE003E4C9B /* MLCOutOfBandService.h in Headers */ = {isa = PBXBuildFile; fileRef = 5B96EBEB18B2E72C004991BC /* MLCOutOfBandService.h */; settings = {ATTRIBUTES = (Public, ); }; };
		5BC7AC0E1C6BE0BE003E4C9B /* MLCUserTransaction.h in Headers */ = {isa = PBXBuildFile; fileRef = 5B402AD5189F5E6400B302BB /* MLCUserTransaction.h */; settings = {ATTRIBUTES = (Public, ); }; };
		5BC7AC0F1C6BE0BE003E4C9B /* MLCNotificationsService.h in Headers */ = {isa = PBXBuildFile; fileRef = 5B7B684B1B7A8D7600C63779 /* MLCNotificationsService.h */; settings = {ATTRIBUTES = (Public, ); }; };
		5BC7AC101C6BE0BE003E4C9B /* MLCDeal.h in Headers */ = {isa = PBXBuildFile; fileRef = 5B4A796216BACA00000C39A4 /* MLCDeal.h */; settings = {ATTRIBUTES = (Public, ); }; };
		5BC7AC111C6BE0BE003E4C9B /* MLCUserTransactionsService.h in Headers */ = {isa = PBXBuildFile; fileRef = 5B402AE3189F62CB00B302BB /* MLCUserTransactionsService.h */; settings = {ATTRIBUTES = (Public, ); }; };
		5BC7AC121C6BE0BE003E4C9B /* MLCMerchant.h in Headers */ = {isa = PBXBuildFile; fileRef = 5B8147071B669CC600A36D4A /* MLCMerchant.h */; settings = {ATTRIBUTES = (Public, ); }; };
		5BC7AC131C6BE0BE003E4C9B /* MLCReward.h in Headers */ = {isa = PBXBuildFile; fileRef = 5B4A796516BACA42000C39A4 /* MLCReward.h */; settings = {ATTRIBUTES = (Public, ); }; };
		5BC7AC141C6BE0BE003E4C9B /* MLCAffinity.h in Headers */ = {isa = PBXBuildFile; fileRef = 5B4A796B16BAD762000C39A4 /* MLCAffinity.h */; settings = {ATTRIBUTES = (Public, ); }; };
		5BC7AC151C6BE0BE003E4C9B /* MLCProductCategory.h in Headers */ = {isa = PBXBuildFile; fileRef = 5B2ABCC019631998006246CC /* MLCProductCategory.h */; settings = {ATTRIBUTES = (Public, ); }; };
		5BC7AC161C6BE0BE003E4C9B /* MoblicoSDK.h in Headers */ = {isa = PBXBuildFile; fileRef = 5BECA8EA16A850DF00F0E4B5 /* MoblicoSDK.h */; settings = {ATTRIBUTES = (Public, ); }; };
		5BC7AC171C6BE0BE003E4C9B /* MLCGenericService.h in Headers */ = {isa = PBXBuildFile; fileRef = 5B5F672216EFC4E100956B4A /* MLCGenericService.h */; settings = {ATTRIBUTES = (Public, ); }; };
		5BC7AC181C6BE0BE003E4C9B /* MLCLocation.h in Headers */ = {isa = PBXBuildFile; fileRef = 5B42708D16B7158600DE981C /* MLCLocation.h */; settings = {ATTRIBUTES = (Public, ); }; };
		5BC7AC191C6BE0BE003E4C9B /* MLCCheckInService.h in Headers */ = {isa = PBXBuildFile; fileRef = 5BB56B52181AD1D300BCA9DB /* MLCCheckInService.h */; settings = {ATTRIBUTES = (Public, ); }; };
		5BC7AC1A1C6BE0BE003E4C9B /* MLCEntity.h in Headers */ = {isa = PBXBuildFile; fileRef = 5B42709116B7158600DE981C /* MLCEntity.h */; settings = {ATTRIBUTES = (Public, ); }; };
		5BC7AC1B1C6BE0BE003E4C9B /* MLCLocationsService.h in Headers */ = {isa = PBXBuildFile; fileRef = 5B42707E16B7158600DE981C /* MLCLocationsService.h */; settings = {ATTRIBUTES = (Public, ); }; };
		5BC7AC1C1C6BE0BE003E4C9B /* MLCAdsService.h in Headers */ = {isa = PBXBuildFile; fileRef = 5B7B68611B7ABE5D00C63779 /* MLCAdsService.h */; settings = {ATTRIBUTES = (Public, ); }; };
		5BC7AC1E1C6BE0BE003E4C9B /* MLCGroupsService.h in Headers */ = {isa = PBXBuildFile; fileRef = 5BC206EA1867892F00E321AC /* MLCGroupsService.h */; settings = {ATTRIBUTES = (Public, ); }; };
		5BC7AC1F1C6BE0BE003E4C9B /* MLCDealsService.h in Headers */ = {isa = PBXBuildFile; fileRef = 5B4A797416BAFD4D000C39A4 /* MLCDealsService.h */; settings = {ATTRIBUTES = (Public, ); }; };
		5BC7AC201C6BE0BE003E4C9B /* MLCService.h in Headers */ = {isa = PBXBuildFile; fileRef = 5B42708216B7158600DE981C /* MLCService.h */; settings = {ATTRIBUTES = (Public, ); }; };
		5BC7AC211C6BE0BE003E4C9B /* MLCProduct.h in Headers */ = {isa = PBXBuildFile; fileRef = 5B2ABCCC19631D7F006246CC /* MLCProduct.h */; settings = {ATTRIBUTES = (Public, ); }; };
		5BD938461E8B1EEB00B1FDC9 /* MLCConcurrentService.h in Headers */ = {isa = PBXBuildFile; fileRef = 5BD938441E8B1EEB00B1FDC9 /* MLCConcurrentService.h */; settings = {ATTRIBUTES = (Public, ); }; };
		5BD938471E8B1EEB00B1FDC9 /* MLCConcurrentService.m in Sources */ = {isa = PBXBuildFile; fileRef = 5BD938451E8B1EEB00B1FDC9 /* MLCConcurrentService.m */; };
		5BEED7FC1E9D79020021125E /* MLCKeychainPasswordItem.h in Headers */ = {isa = PBXBuildFile; fileRef = 5BEED7FA1E9D79020021125E /* MLCKeychainPasswordItem.h */; settings = {ATTRIBUTES = (Public, ); }; };
		5BEED7FD1E9D79020021125E /* MLCKeychainPasswordItem.m in Sources */ = {isa = PBXBuildFile; fileRef = 5BEED7FB1E9D79020021125E /* MLCKeychainPasswordItem.m */; };
/* End PBXBuildFile section */

/* Begin PBXFileReference section */
		5B0523CE1940F3650089C0E0 /* Info.plist */ = {isa = PBXFileReference; lastKnownFileType = text.plist.xml; path = Info.plist; sourceTree = "<group>"; };
		5B13EEE616C199E000CFE2B5 /* readme.markdown */ = {isa = PBXFileReference; lastKnownFileType = text; path = readme.markdown; sourceTree = "<group>"; };
		5B2ABCC019631998006246CC /* MLCProductCategory.h */ = {isa = PBXFileReference; fileEncoding = 4; lastKnownFileType = sourcecode.c.h; path = MLCProductCategory.h; sourceTree = "<group>"; };
		5B2ABCC119631998006246CC /* MLCProductCategory.m */ = {isa = PBXFileReference; fileEncoding = 4; lastKnownFileType = sourcecode.c.objc; path = MLCProductCategory.m; sourceTree = "<group>"; };
		5B2ABCC619631D25006246CC /* MLCProductType.h */ = {isa = PBXFileReference; fileEncoding = 4; lastKnownFileType = sourcecode.c.h; path = MLCProductType.h; sourceTree = "<group>"; };
		5B2ABCC719631D25006246CC /* MLCProductType.m */ = {isa = PBXFileReference; fileEncoding = 4; lastKnownFileType = sourcecode.c.objc; path = MLCProductType.m; sourceTree = "<group>"; };
		5B2ABCCC19631D7F006246CC /* MLCProduct.h */ = {isa = PBXFileReference; fileEncoding = 4; lastKnownFileType = sourcecode.c.h; path = MLCProduct.h; sourceTree = "<group>"; };
		5B2ABCCD19631D7F006246CC /* MLCProduct.m */ = {isa = PBXFileReference; fileEncoding = 4; lastKnownFileType = sourcecode.c.objc; path = MLCProduct.m; sourceTree = "<group>"; };
		5B2ABCD219631FFE006246CC /* MLCProductCategoriesService.h */ = {isa = PBXFileReference; fileEncoding = 4; lastKnownFileType = sourcecode.c.h; path = MLCProductCategoriesService.h; sourceTree = "<group>"; };
		5B2ABCD319631FFE006246CC /* MLCProductCategoriesService.m */ = {isa = PBXFileReference; fileEncoding = 4; lastKnownFileType = sourcecode.c.objc; path = MLCProductCategoriesService.m; sourceTree = "<group>"; };
		5B2ABCD819633EC3006246CC /* MLCProductsService.h */ = {isa = PBXFileReference; fileEncoding = 4; lastKnownFileType = sourcecode.c.h; path = MLCProductsService.h; sourceTree = "<group>"; };
		5B2ABCD919633EC3006246CC /* MLCProductsService.m */ = {isa = PBXFileReference; fileEncoding = 4; lastKnownFileType = sourcecode.c.objc; path = MLCProductsService.m; sourceTree = "<group>"; };
		5B402AD5189F5E6400B302BB /* MLCUserTransaction.h */ = {isa = PBXFileReference; fileEncoding = 4; lastKnownFileType = sourcecode.c.h; path = MLCUserTransaction.h; sourceTree = "<group>"; };
		5B402AD6189F5E6400B302BB /* MLCUserTransaction.m */ = {isa = PBXFileReference; fileEncoding = 4; lastKnownFileType = sourcecode.c.objc; path = MLCUserTransaction.m; sourceTree = "<group>"; };
		5B402ADF189F613000B302BB /* MLCUserTransactionsSummary.h */ = {isa = PBXFileReference; fileEncoding = 4; lastKnownFileType = sourcecode.c.h; path = MLCUserTransactionsSummary.h; sourceTree = "<group>"; };
		5B402AE0189F613000B302BB /* MLCUserTransactionsSummary.m */ = {isa = PBXFileReference; fileEncoding = 4; lastKnownFileType = sourcecode.c.objc; path = MLCUserTransactionsSummary.m; sourceTree = "<group>"; };
		5B402AE3189F62CB00B302BB /* MLCUserTransactionsService.h */ = {isa = PBXFileReference; fileEncoding = 4; lastKnownFileType = sourcecode.c.h; path = MLCUserTransactionsService.h; sourceTree = "<group>"; };
		5B402AE4189F62CB00B302BB /* MLCUserTransactionsService.m */ = {isa = PBXFileReference; fileEncoding = 4; lastKnownFileType = sourcecode.c.objc; path = MLCUserTransactionsService.m; sourceTree = "<group>"; };
		5B402AE7189F6FAF00B302BB /* MLCUserTransactionsSummaryService.h */ = {isa = PBXFileReference; fileEncoding = 4; lastKnownFileType = sourcecode.c.h; path = MLCUserTransactionsSummaryService.h; sourceTree = "<group>"; };
		5B402AE8189F6FAF00B302BB /* MLCUserTransactionsSummaryService.m */ = {isa = PBXFileReference; fileEncoding = 4; lastKnownFileType = sourcecode.c.objc; path = MLCUserTransactionsSummaryService.m; sourceTree = "<group>"; };
		5B42707C16B7158600DE981C /* MLCEventsService.h */ = {isa = PBXFileReference; fileEncoding = 4; lastKnownFileType = sourcecode.c.h; path = MLCEventsService.h; sourceTree = "<group>"; };
		5B42707D16B7158600DE981C /* MLCEventsService.m */ = {isa = PBXFileReference; fileEncoding = 4; lastKnownFileType = sourcecode.c.objc; path = MLCEventsService.m; sourceTree = "<group>"; };
		5B42707E16B7158600DE981C /* MLCLocationsService.h */ = {isa = PBXFileReference; fileEncoding = 4; lastKnownFileType = sourcecode.c.h; path = MLCLocationsService.h; sourceTree = "<group>"; };
		5B42707F16B7158600DE981C /* MLCLocationsService.m */ = {isa = PBXFileReference; fileEncoding = 4; lastKnownFileType = sourcecode.c.objc; path = MLCLocationsService.m; sourceTree = "<group>"; };
		5B42708016B7158600DE981C /* MLCMediaService.h */ = {isa = PBXFileReference; fileEncoding = 4; lastKnownFileType = sourcecode.c.h; path = MLCMediaService.h; sourceTree = "<group>"; };
		5B42708116B7158600DE981C /* MLCMediaService.m */ = {isa = PBXFileReference; fileEncoding = 4; lastKnownFileType = sourcecode.c.objc; path = MLCMediaService.m; sourceTree = "<group>"; };
		5B42708216B7158600DE981C /* MLCService.h */ = {isa = PBXFileReference; fileEncoding = 4; lastKnownFileType = sourcecode.c.h; path = MLCService.h; sourceTree = "<group>"; };
		5B42708316B7158600DE981C /* MLCService.m */ = {isa = PBXFileReference; fileEncoding = 4; lastKnownFileType = sourcecode.c.objc; lineEnding = 0; path = MLCService.m; sourceTree = "<group>"; xcLanguageSpecificationIdentifier = xcode.lang.objc; };
		5B42708616B7158600DE981C /* MLCUsersService.h */ = {isa = PBXFileReference; fileEncoding = 4; lastKnownFileType = sourcecode.c.h; path = MLCUsersService.h; sourceTree = "<group>"; };
		5B42708716B7158600DE981C /* MLCUsersService.m */ = {isa = PBXFileReference; fileEncoding = 4; lastKnownFileType = sourcecode.c.objc; path = MLCUsersService.m; sourceTree = "<group>"; };
		5B42708916B7158600DE981C /* MLCAuthenticationToken.h */ = {isa = PBXFileReference; fileEncoding = 4; lastKnownFileType = sourcecode.c.h; lineEnding = 0; path = MLCAuthenticationToken.h; sourceTree = "<group>"; xcLanguageSpecificationIdentifier = xcode.lang.objcpp; };
		5B42708A16B7158600DE981C /* MLCAuthenticationToken.m */ = {isa = PBXFileReference; fileEncoding = 4; lastKnownFileType = sourcecode.c.objc; path = MLCAuthenticationToken.m; sourceTree = "<group>"; };
		5B42708B16B7158600DE981C /* MLCEvent.h */ = {isa = PBXFileReference; fileEncoding = 4; lastKnownFileType = sourcecode.c.h; lineEnding = 0; path = MLCEvent.h; sourceTree = "<group>"; xcLanguageSpecificationIdentifier = xcode.lang.objcpp; };
		5B42708C16B7158600DE981C /* MLCEvent.m */ = {isa = PBXFileReference; fileEncoding = 4; lastKnownFileType = sourcecode.c.objc; path = MLCEvent.m; sourceTree = "<group>"; };
		5B42708D16B7158600DE981C /* MLCLocation.h */ = {isa = PBXFileReference; fileEncoding = 4; lastKnownFileType = sourcecode.c.h; path = MLCLocation.h; sourceTree = "<group>"; };
		5B42708E16B7158600DE981C /* MLCLocation.m */ = {isa = PBXFileReference; fileEncoding = 4; lastKnownFileType = sourcecode.c.objc; path = MLCLocation.m; sourceTree = "<group>"; };
		5B42708F16B7158600DE981C /* MLCMedia.h */ = {isa = PBXFileReference; fileEncoding = 4; lastKnownFileType = sourcecode.c.h; path = MLCMedia.h; sourceTree = "<group>"; };
		5B42709016B7158600DE981C /* MLCMedia.m */ = {isa = PBXFileReference; fileEncoding = 4; lastKnownFileType = sourcecode.c.objc; path = MLCMedia.m; sourceTree = "<group>"; };
		5B42709116B7158600DE981C /* MLCEntity.h */ = {isa = PBXFileReference; fileEncoding = 4; lastKnownFileType = sourcecode.c.h; lineEnding = 0; path = MLCEntity.h; sourceTree = "<group>"; xcLanguageSpecificationIdentifier = xcode.lang.objcpp; };
		5B42709216B7158600DE981C /* MLCEntity.m */ = {isa = PBXFileReference; fileEncoding = 4; lastKnownFileType = sourcecode.c.objc; path = MLCEntity.m; sourceTree = "<group>"; };
		5B42709416B7158600DE981C /* MLCUser.h */ = {isa = PBXFileReference; fileEncoding = 4; lastKnownFileType = sourcecode.c.h; path = MLCUser.h; sourceTree = "<group>"; };
		5B42709516B7158600DE981C /* MLCUser.m */ = {isa = PBXFileReference; fileEncoding = 4; lastKnownFileType = sourcecode.c.objc; path = MLCUser.m; sourceTree = "<group>"; };
		5B4270B016B71E9A00DE981C /* MLCSettingsService.h */ = {isa = PBXFileReference; fileEncoding = 4; lastKnownFileType = sourcecode.c.h; path = MLCSettingsService.h; sourceTree = "<group>"; };
		5B4270B116B71E9A00DE981C /* MLCSettingsService.m */ = {isa = PBXFileReference; fileEncoding = 4; lastKnownFileType = sourcecode.c.objc; path = MLCSettingsService.m; sourceTree = "<group>"; };
		5B4270B316B7214A00DE981C /* MLCMetricsService.h */ = {isa = PBXFileReference; fileEncoding = 4; lastKnownFileType = sourcecode.c.h; path = MLCMetricsService.h; sourceTree = "<group>"; };
		5B4270B416B7214B00DE981C /* MLCMetricsService.m */ = {isa = PBXFileReference; fileEncoding = 4; lastKnownFileType = sourcecode.c.objc; path = MLCMetricsService.m; sourceTree = "<group>"; };
		5B4270B616B7216C00DE981C /* MLCMetric.h */ = {isa = PBXFileReference; fileEncoding = 4; lastKnownFileType = sourcecode.c.h; path = MLCMetric.h; sourceTree = "<group>"; };
		5B4270B716B7216C00DE981C /* MLCMetric.m */ = {isa = PBXFileReference; fileEncoding = 4; lastKnownFileType = sourcecode.c.objc; path = MLCMetric.m; sourceTree = "<group>"; };
		5B4457A01CBFF380003CFA64 /* MLCCredential.h */ = {isa = PBXFileReference; fileEncoding = 4; lastKnownFileType = sourcecode.c.h; path = MLCCredential.h; sourceTree = "<group>"; };
		5B4457A11CBFF380003CFA64 /* MLCCredential.m */ = {isa = PBXFileReference; fileEncoding = 4; lastKnownFileType = sourcecode.c.objc; path = MLCCredential.m; sourceTree = "<group>"; };
		5B4457A41CBFFE58003CFA64 /* MLCCredentialsService.h */ = {isa = PBXFileReference; fileEncoding = 4; lastKnownFileType = sourcecode.c.h; path = MLCCredentialsService.h; sourceTree = "<group>"; };
		5B4457A51CBFFE58003CFA64 /* MLCCredentialsService.m */ = {isa = PBXFileReference; fileEncoding = 4; lastKnownFileType = sourcecode.c.objc; path = MLCCredentialsService.m; sourceTree = "<group>"; };
		5B4A796216BACA00000C39A4 /* MLCDeal.h */ = {isa = PBXFileReference; fileEncoding = 4; lastKnownFileType = sourcecode.c.h; lineEnding = 0; path = MLCDeal.h; sourceTree = "<group>"; xcLanguageSpecificationIdentifier = xcode.lang.objcpp; };
		5B4A796316BACA00000C39A4 /* MLCDeal.m */ = {isa = PBXFileReference; fileEncoding = 4; lastKnownFileType = sourcecode.c.objc; path = MLCDeal.m; sourceTree = "<group>"; };
		5B4A796516BACA42000C39A4 /* MLCReward.h */ = {isa = PBXFileReference; fileEncoding = 4; lastKnownFileType = sourcecode.c.h; path = MLCReward.h; sourceTree = "<group>"; };
		5B4A796616BACA42000C39A4 /* MLCReward.m */ = {isa = PBXFileReference; fileEncoding = 4; lastKnownFileType = sourcecode.c.objc; path = MLCReward.m; sourceTree = "<group>"; };
		5B4A796816BAD19C000C39A4 /* MLCImage.h */ = {isa = PBXFileReference; fileEncoding = 4; lastKnownFileType = sourcecode.c.h; path = MLCImage.h; sourceTree = "<group>"; };
		5B4A796916BAD19C000C39A4 /* MLCImage.m */ = {isa = PBXFileReference; fileEncoding = 4; lastKnownFileType = sourcecode.c.objc; path = MLCImage.m; sourceTree = "<group>"; };
		5B4A796B16BAD762000C39A4 /* MLCAffinity.h */ = {isa = PBXFileReference; fileEncoding = 4; lastKnownFileType = sourcecode.c.h; lineEnding = 0; path = MLCAffinity.h; sourceTree = "<group>"; xcLanguageSpecificationIdentifier = xcode.lang.objcpp; };
		5B4A796C16BAD762000C39A4 /* MLCAffinity.m */ = {isa = PBXFileReference; fileEncoding = 4; lastKnownFileType = sourcecode.c.objc; path = MLCAffinity.m; sourceTree = "<group>"; };
		5B4A796E16BADB64000C39A4 /* MLCPoints.h */ = {isa = PBXFileReference; fileEncoding = 4; lastKnownFileType = sourcecode.c.h; path = MLCPoints.h; sourceTree = "<group>"; };
		5B4A796F16BADB64000C39A4 /* MLCPoints.m */ = {isa = PBXFileReference; fileEncoding = 4; lastKnownFileType = sourcecode.c.objc; path = MLCPoints.m; sourceTree = "<group>"; };
		5B4A797116BAFCB8000C39A4 /* MLCLeader.h */ = {isa = PBXFileReference; fileEncoding = 4; lastKnownFileType = sourcecode.c.h; path = MLCLeader.h; sourceTree = "<group>"; };
		5B4A797216BAFCB9000C39A4 /* MLCLeader.m */ = {isa = PBXFileReference; fileEncoding = 4; lastKnownFileType = sourcecode.c.objc; path = MLCLeader.m; sourceTree = "<group>"; };
		5B4A797416BAFD4D000C39A4 /* MLCDealsService.h */ = {isa = PBXFileReference; fileEncoding = 4; lastKnownFileType = sourcecode.c.h; path = MLCDealsService.h; sourceTree = "<group>"; };
		5B4A797516BAFD4D000C39A4 /* MLCDealsService.m */ = {isa = PBXFileReference; fileEncoding = 4; lastKnownFileType = sourcecode.c.objc; path = MLCDealsService.m; sourceTree = "<group>"; };
		5B4A798316BB1E65000C39A4 /* MLCAffinitiesService.h */ = {isa = PBXFileReference; fileEncoding = 4; lastKnownFileType = sourcecode.c.h; lineEnding = 0; path = MLCAffinitiesService.h; sourceTree = "<group>"; xcLanguageSpecificationIdentifier = xcode.lang.objcpp; };
		5B4A798416BB1E65000C39A4 /* MLCAffinitiesService.m */ = {isa = PBXFileReference; fileEncoding = 4; lastKnownFileType = sourcecode.c.objc; path = MLCAffinitiesService.m; sourceTree = "<group>"; };
		5B4A798616BB45F5000C39A4 /* MLCRewardsService.h */ = {isa = PBXFileReference; fileEncoding = 4; lastKnownFileType = sourcecode.c.h; path = MLCRewardsService.h; sourceTree = "<group>"; };
		5B4A798716BB45F5000C39A4 /* MLCRewardsService.m */ = {isa = PBXFileReference; fileEncoding = 4; lastKnownFileType = sourcecode.c.objc; path = MLCRewardsService.m; sourceTree = "<group>"; };
		5B4A798916BB5931000C39A4 /* MLCService_Private.h */ = {isa = PBXFileReference; lastKnownFileType = sourcecode.c.h; path = MLCService_Private.h; sourceTree = "<group>"; };
		5B4A798A16BB6051000C39A4 /* MLCEntity_Private.h */ = {isa = PBXFileReference; lastKnownFileType = sourcecode.c.h; path = MLCEntity_Private.h; sourceTree = "<group>"; };
		5B4A798B16BB6644000C39A4 /* MLCServiceManager.h */ = {isa = PBXFileReference; fileEncoding = 4; lastKnownFileType = sourcecode.c.h; path = MLCServiceManager.h; sourceTree = "<group>"; };
		5B4A798E16BB667B000C39A4 /* MLCServiceManager.m */ = {isa = PBXFileReference; fileEncoding = 4; lastKnownFileType = sourcecode.c.objc; path = MLCServiceManager.m; sourceTree = "<group>"; };
		5B5F672216EFC4E100956B4A /* MLCGenericService.h */ = {isa = PBXFileReference; fileEncoding = 4; lastKnownFileType = sourcecode.c.h; path = MLCGenericService.h; sourceTree = "<group>"; };
		5B5F672316EFC4E100956B4A /* MLCGenericService.m */ = {isa = PBXFileReference; fileEncoding = 4; lastKnownFileType = sourcecode.c.objc; path = MLCGenericService.m; sourceTree = "<group>"; };
		5B7063881CDB9B8700AE86A0 /* MLCLogger.h */ = {isa = PBXFileReference; lastKnownFileType = sourcecode.c.h; lineEnding = 0; path = MLCLogger.h; sourceTree = "<group>"; xcLanguageSpecificationIdentifier = xcode.lang.objcpp; };
		5B70638A1CDBA04100AE86A0 /* MLCLogger.m */ = {isa = PBXFileReference; fileEncoding = 4; lastKnownFileType = sourcecode.c.objc; path = MLCLogger.m; sourceTree = "<group>"; };
		5B7B684B1B7A8D7600C63779 /* MLCNotificationsService.h */ = {isa = PBXFileReference; fileEncoding = 4; lastKnownFileType = sourcecode.c.h; path = MLCNotificationsService.h; sourceTree = "<group>"; };
		5B7B684C1B7A8D7600C63779 /* MLCNotificationsService.m */ = {isa = PBXFileReference; fileEncoding = 4; lastKnownFileType = sourcecode.c.objc; path = MLCNotificationsService.m; sourceTree = "<group>"; };
		5B7B68511B7A92D400C63779 /* MLCNotification.h */ = {isa = PBXFileReference; fileEncoding = 4; lastKnownFileType = sourcecode.c.h; path = MLCNotification.h; sourceTree = "<group>"; };
		5B7B68521B7A92D400C63779 /* MLCNotification.m */ = {isa = PBXFileReference; fileEncoding = 4; lastKnownFileType = sourcecode.c.objc; path = MLCNotification.m; sourceTree = "<group>"; };
		5B7B685B1B7AB89F00C63779 /* MLCAd.h */ = {isa = PBXFileReference; fileEncoding = 4; lastKnownFileType = sourcecode.c.h; path = MLCAd.h; sourceTree = "<group>"; };
		5B7B685C1B7AB89F00C63779 /* MLCAd.m */ = {isa = PBXFileReference; fileEncoding = 4; lastKnownFileType = sourcecode.c.objc; path = MLCAd.m; sourceTree = "<group>"; };
		5B7B68611B7ABE5D00C63779 /* MLCAdsService.h */ = {isa = PBXFileReference; fileEncoding = 4; lastKnownFileType = sourcecode.c.h; path = MLCAdsService.h; sourceTree = "<group>"; };
		5B7B68621B7ABE5D00C63779 /* MLCAdsService.m */ = {isa = PBXFileReference; fileEncoding = 4; lastKnownFileType = sourcecode.c.objc; path = MLCAdsService.m; sourceTree = "<group>"; };
		5B7BF4971D00932300F5388B /* MLCList.h */ = {isa = PBXFileReference; fileEncoding = 4; lastKnownFileType = sourcecode.c.h; path = MLCList.h; sourceTree = "<group>"; };
		5B7BF4981D00932300F5388B /* MLCList.m */ = {isa = PBXFileReference; fileEncoding = 4; lastKnownFileType = sourcecode.c.objc; path = MLCList.m; sourceTree = "<group>"; };
		5B7BF4991D00932300F5388B /* MLCListItem.h */ = {isa = PBXFileReference; fileEncoding = 4; lastKnownFileType = sourcecode.c.h; path = MLCListItem.h; sourceTree = "<group>"; };
		5B7BF49A1D00932300F5388B /* MLCListItem.m */ = {isa = PBXFileReference; fileEncoding = 4; lastKnownFileType = sourcecode.c.objc; path = MLCListItem.m; sourceTree = "<group>"; };
		5B7BF49F1D00937900F5388B /* MLCListItemsService.h */ = {isa = PBXFileReference; fileEncoding = 4; lastKnownFileType = sourcecode.c.h; path = MLCListItemsService.h; sourceTree = "<group>"; };
		5B7BF4A01D00937900F5388B /* MLCListItemsService.m */ = {isa = PBXFileReference; fileEncoding = 4; lastKnownFileType = sourcecode.c.objc; path = MLCListItemsService.m; sourceTree = "<group>"; };
		5B7BF4A11D00937900F5388B /* MLCListsService.h */ = {isa = PBXFileReference; fileEncoding = 4; lastKnownFileType = sourcecode.c.h; path = MLCListsService.h; sourceTree = "<group>"; };
		5B7BF4A21D00937900F5388B /* MLCListsService.m */ = {isa = PBXFileReference; fileEncoding = 4; lastKnownFileType = sourcecode.c.objc; path = MLCListsService.m; sourceTree = "<group>"; };
		5B8147011B669B8900A36D4A /* MLCMerchantsService.h */ = {isa = PBXFileReference; fileEncoding = 4; lastKnownFileType = sourcecode.c.h; path = MLCMerchantsService.h; sourceTree = "<group>"; };
		5B8147021B669B8900A36D4A /* MLCMerchantsService.m */ = {isa = PBXFileReference; fileEncoding = 4; lastKnownFileType = sourcecode.c.objc; path = MLCMerchantsService.m; sourceTree = "<group>"; };
		5B8147071B669CC600A36D4A /* MLCMerchant.h */ = {isa = PBXFileReference; fileEncoding = 4; lastKnownFileType = sourcecode.c.h; path = MLCMerchant.h; sourceTree = "<group>"; };
		5B8147081B669CC600A36D4A /* MLCMerchant.m */ = {isa = PBXFileReference; fileEncoding = 4; lastKnownFileType = sourcecode.c.objc; path = MLCMerchant.m; sourceTree = "<group>"; };
		5B81470D1B669FA400A36D4A /* MLCEntityCache.h */ = {isa = PBXFileReference; fileEncoding = 4; lastKnownFileType = sourcecode.c.h; path = MLCEntityCache.h; sourceTree = "<group>"; };
		5B81470E1B669FA400A36D4A /* MLCEntityCache.m */ = {isa = PBXFileReference; fileEncoding = 4; lastKnownFileType = sourcecode.c.objc; path = MLCEntityCache.m; sourceTree = "<group>"; };
		5B96EBB118AE86DF004991BC /* MLCValidation.h */ = {isa = PBXFileReference; fileEncoding = 4; lastKnownFileType = sourcecode.c.h; path = MLCValidation.h; sourceTree = "<group>"; };
		5B96EBB218AE86DF004991BC /* MLCValidation.m */ = {isa = PBXFileReference; fileEncoding = 4; lastKnownFileType = sourcecode.c.objc; path = MLCValidation.m; sourceTree = "<group>"; };
		5B96EBEB18B2E72C004991BC /* MLCOutOfBandService.h */ = {isa = PBXFileReference; fileEncoding = 4; lastKnownFileType = sourcecode.c.h; path = MLCOutOfBandService.h; sourceTree = "<group>"; };
		5B96EBEC18B2E72C004991BC /* MLCOutOfBandService.m */ = {isa = PBXFileReference; fileEncoding = 4; lastKnownFileType = sourcecode.c.objc; path = MLCOutOfBandService.m; sourceTree = "<group>"; };
		5BAB4AE01DECD9CB00441CE3 /* MLCScanService.m */ = {isa = PBXFileReference; fileEncoding = 4; lastKnownFileType = sourcecode.c.objc; path = MLCScanService.m; sourceTree = "<group>"; };
		5BAB4AE11DECD9CB00441CE3 /* MLCScanService.h */ = {isa = PBXFileReference; fileEncoding = 4; lastKnownFileType = sourcecode.c.h; path = MLCScanService.h; sourceTree = "<group>"; };
		5BB56B52181AD1D300BCA9DB /* MLCCheckInService.h */ = {isa = PBXFileReference; fileEncoding = 4; lastKnownFileType = sourcecode.c.h; path = MLCCheckInService.h; sourceTree = "<group>"; };
		5BB56B53181AD1D300BCA9DB /* MLCCheckInService.m */ = {isa = PBXFileReference; fileEncoding = 4; lastKnownFileType = sourcecode.c.objc; path = MLCCheckInService.m; sourceTree = "<group>"; };
		5BBC7A841F68E0AA0042D398 /* MLCServiceRequest.h */ = {isa = PBXFileReference; lastKnownFileType = sourcecode.c.h; path = MLCServiceRequest.h; sourceTree = "<group>"; };
		5BBC7A851F68E0AA0042D398 /* MLCServiceRequest.m */ = {isa = PBXFileReference; lastKnownFileType = sourcecode.c.objc; path = MLCServiceRequest.m; sourceTree = "<group>"; };
		5BC1AB3016BBABD500E91D79 /* MLCLeaderboardService.h */ = {isa = PBXFileReference; fileEncoding = 4; lastKnownFileType = sourcecode.c.h; path = MLCLeaderboardService.h; sourceTree = "<group>"; };
		5BC1AB3116BBABD500E91D79 /* MLCLeaderboardService.m */ = {isa = PBXFileReference; fileEncoding = 4; lastKnownFileType = sourcecode.c.objc; path = MLCLeaderboardService.m; sourceTree = "<group>"; };
		5BC1AB3416BBBE0700E91D79 /* MLCPointsService.h */ = {isa = PBXFileReference; fileEncoding = 4; lastKnownFileType = sourcecode.c.h; path = MLCPointsService.h; sourceTree = "<group>"; };
		5BC1AB3516BBBE0700E91D79 /* MLCPointsService.m */ = {isa = PBXFileReference; fileEncoding = 4; lastKnownFileType = sourcecode.c.objc; path = MLCPointsService.m; sourceTree = "<group>"; };
		5BC1AB3C16BBC1E200E91D79 /* MLCStatus.h */ = {isa = PBXFileReference; fileEncoding = 4; lastKnownFileType = sourcecode.c.h; path = MLCStatus.h; sourceTree = "<group>"; };
		5BC1AB3D16BBC1E200E91D79 /* MLCStatus.m */ = {isa = PBXFileReference; fileEncoding = 4; lastKnownFileType = sourcecode.c.objc; path = MLCStatus.m; sourceTree = "<group>"; };
		5BC1AB4A16BC646E00E91D79 /* MLCAuthenticationService.h */ = {isa = PBXFileReference; fileEncoding = 4; lastKnownFileType = sourcecode.c.h; path = MLCAuthenticationService.h; sourceTree = "<group>"; };
		5BC1AB4B16BC646E00E91D79 /* MLCAuthenticationService.m */ = {isa = PBXFileReference; fileEncoding = 4; lastKnownFileType = sourcecode.c.objc; path = MLCAuthenticationService.m; sourceTree = "<group>"; };
		5BC206E6186786DB00E321AC /* MLCGroup.h */ = {isa = PBXFileReference; fileEncoding = 4; lastKnownFileType = sourcecode.c.h; path = MLCGroup.h; sourceTree = "<group>"; };
		5BC206E7186786DB00E321AC /* MLCGroup.m */ = {isa = PBXFileReference; fileEncoding = 4; lastKnownFileType = sourcecode.c.objc; path = MLCGroup.m; sourceTree = "<group>"; };
		5BC206EA1867892F00E321AC /* MLCGroupsService.h */ = {isa = PBXFileReference; fileEncoding = 4; lastKnownFileType = sourcecode.c.h; path = MLCGroupsService.h; sourceTree = "<group>"; };
		5BC206EB1867893000E321AC /* MLCGroupsService.m */ = {isa = PBXFileReference; fileEncoding = 4; lastKnownFileType = sourcecode.c.objc; path = MLCGroupsService.m; sourceTree = "<group>"; };
		5BC69E3D1FBCBAF500FC4143 /* MLCResetPassword.h */ = {isa = PBXFileReference; lastKnownFileType = sourcecode.c.h; path = MLCResetPassword.h; sourceTree = "<group>"; };
		5BC69E3E1FBCBAF500FC4143 /* MLCResetPassword.m */ = {isa = PBXFileReference; lastKnownFileType = sourcecode.c.objc; path = MLCResetPassword.m; sourceTree = "<group>"; };
		5BC7AC261C6BE0BE003E4C9B /* MoblicoSDK.framework */ = {isa = PBXFileReference; explicitFileType = wrapper.framework; includeInIndex = 0; path = MoblicoSDK.framework; sourceTree = BUILT_PRODUCTS_DIR; };
		5BD938441E8B1EEB00B1FDC9 /* MLCConcurrentService.h */ = {isa = PBXFileReference; fileEncoding = 4; lastKnownFileType = sourcecode.c.h; path = MLCConcurrentService.h; sourceTree = "<group>"; };
		5BD938451E8B1EEB00B1FDC9 /* MLCConcurrentService.m */ = {isa = PBXFileReference; fileEncoding = 4; lastKnownFileType = sourcecode.c.objc; path = MLCConcurrentService.m; sourceTree = "<group>"; };
		5BE472B21804FB9A00616CF2 /* MLCMessageService.h */ = {isa = PBXFileReference; fileEncoding = 4; lastKnownFileType = sourcecode.c.h; path = MLCMessageService.h; sourceTree = "<group>"; };
		5BE472B31804FB9A00616CF2 /* MLCMessageService.m */ = {isa = PBXFileReference; fileEncoding = 4; lastKnownFileType = sourcecode.c.objc; path = MLCMessageService.m; sourceTree = "<group>"; };
		5BE472B61804FBFE00616CF2 /* MLCMessage.h */ = {isa = PBXFileReference; fileEncoding = 4; lastKnownFileType = sourcecode.c.h; path = MLCMessage.h; sourceTree = "<group>"; };
		5BE472B71804FBFE00616CF2 /* MLCMessage.m */ = {isa = PBXFileReference; fileEncoding = 4; lastKnownFileType = sourcecode.c.objc; path = MLCMessage.m; sourceTree = "<group>"; };
		5BEBE2DB19103F8B00779BC0 /* MLCMetricsManager.h */ = {isa = PBXFileReference; fileEncoding = 4; lastKnownFileType = sourcecode.c.h; path = MLCMetricsManager.h; sourceTree = "<group>"; };
		5BEBE2DC19103F8B00779BC0 /* MLCMetricsManager.m */ = {isa = PBXFileReference; fileEncoding = 4; lastKnownFileType = sourcecode.c.objc; path = MLCMetricsManager.m; sourceTree = "<group>"; };
		5BECA8EA16A850DF00F0E4B5 /* MoblicoSDK.h */ = {isa = PBXFileReference; lastKnownFileType = sourcecode.c.h; path = MoblicoSDK.h; sourceTree = "<group>"; };
		5BEED7FA1E9D79020021125E /* MLCKeychainPasswordItem.h */ = {isa = PBXFileReference; fileEncoding = 4; lastKnownFileType = sourcecode.c.h; path = MLCKeychainPasswordItem.h; sourceTree = "<group>"; };
		5BEED7FB1E9D79020021125E /* MLCKeychainPasswordItem.m */ = {isa = PBXFileReference; fileEncoding = 4; lastKnownFileType = sourcecode.c.objc; path = MLCKeychainPasswordItem.m; sourceTree = "<group>"; };
/* End PBXFileReference section */

/* Begin PBXFrameworksBuildPhase section */
		5BC7ABE51C6BE0BE003E4C9B /* Frameworks */ = {
			isa = PBXFrameworksBuildPhase;
			buildActionMask = 2147483647;
			files = (
			);
			runOnlyForDeploymentPostprocessing = 0;
		};
/* End PBXFrameworksBuildPhase section */

/* Begin PBXGroup section */
		5BDD6B241F1D327100EACCA1 /* Services */ = {
			isa = PBXGroup;
			children = (
				5B7B68611B7ABE5D00C63779 /* MLCAdsService.h */,
				5B7B68621B7ABE5D00C63779 /* MLCAdsService.m */,
				5B4A798316BB1E65000C39A4 /* MLCAffinitiesService.h */,
				5B4A798416BB1E65000C39A4 /* MLCAffinitiesService.m */,
				5BC1AB4A16BC646E00E91D79 /* MLCAuthenticationService.h */,
				5BC1AB4B16BC646E00E91D79 /* MLCAuthenticationService.m */,
				5B5F672216EFC4E100956B4A /* MLCGenericService.h */,
				5B5F672316EFC4E100956B4A /* MLCGenericService.m */,
				5BB56B52181AD1D300BCA9DB /* MLCCheckInService.h */,
				5BB56B53181AD1D300BCA9DB /* MLCCheckInService.m */,
				5BD938441E8B1EEB00B1FDC9 /* MLCConcurrentService.h */,
				5BD938451E8B1EEB00B1FDC9 /* MLCConcurrentService.m */,
				5B4457A41CBFFE58003CFA64 /* MLCCredentialsService.h */,
				5B4457A51CBFFE58003CFA64 /* MLCCredentialsService.m */,
				5B4A797416BAFD4D000C39A4 /* MLCDealsService.h */,
				5B4A797516BAFD4D000C39A4 /* MLCDealsService.m */,
				5B42707C16B7158600DE981C /* MLCEventsService.h */,
				5B42707D16B7158600DE981C /* MLCEventsService.m */,
				5BC206EA1867892F00E321AC /* MLCGroupsService.h */,
				5BC206EB1867893000E321AC /* MLCGroupsService.m */,
				5BC1AB3016BBABD500E91D79 /* MLCLeaderboardService.h */,
				5BC1AB3116BBABD500E91D79 /* MLCLeaderboardService.m */,
				5B7BF49F1D00937900F5388B /* MLCListItemsService.h */,
				5B7BF4A01D00937900F5388B /* MLCListItemsService.m */,
				5B7BF4A11D00937900F5388B /* MLCListsService.h */,
				5B7BF4A21D00937900F5388B /* MLCListsService.m */,
				5B42707E16B7158600DE981C /* MLCLocationsService.h */,
				5B42707F16B7158600DE981C /* MLCLocationsService.m */,
				5B42708016B7158600DE981C /* MLCMediaService.h */,
				5B42708116B7158600DE981C /* MLCMediaService.m */,
				5B8147011B669B8900A36D4A /* MLCMerchantsService.h */,
				5B8147021B669B8900A36D4A /* MLCMerchantsService.m */,
				5BE472B21804FB9A00616CF2 /* MLCMessageService.h */,
				5BE472B31804FB9A00616CF2 /* MLCMessageService.m */,
				5B4270B316B7214A00DE981C /* MLCMetricsService.h */,
				5B4270B416B7214B00DE981C /* MLCMetricsService.m */,
				5B7B684B1B7A8D7600C63779 /* MLCNotificationsService.h */,
				5B7B684C1B7A8D7600C63779 /* MLCNotificationsService.m */,
				5B96EBEB18B2E72C004991BC /* MLCOutOfBandService.h */,
				5B96EBEC18B2E72C004991BC /* MLCOutOfBandService.m */,
				5BC1AB3416BBBE0700E91D79 /* MLCPointsService.h */,
				5BC1AB3516BBBE0700E91D79 /* MLCPointsService.m */,
				5B2ABCD219631FFE006246CC /* MLCProductCategoriesService.h */,
				5B2ABCD319631FFE006246CC /* MLCProductCategoriesService.m */,
				5B2ABCD819633EC3006246CC /* MLCProductsService.h */,
				5B2ABCD919633EC3006246CC /* MLCProductsService.m */,
				5B4A798616BB45F5000C39A4 /* MLCRewardsService.h */,
				5B4A798716BB45F5000C39A4 /* MLCRewardsService.m */,
				5BAB4AE11DECD9CB00441CE3 /* MLCScanService.h */,
				5BAB4AE01DECD9CB00441CE3 /* MLCScanService.m */,
				5B4A798916BB5931000C39A4 /* MLCService_Private.h */,
				5B42708216B7158600DE981C /* MLCService.h */,
				5B42708316B7158600DE981C /* MLCService.m */,
				5B4270B016B71E9A00DE981C /* MLCSettingsService.h */,
				5B4270B116B71E9A00DE981C /* MLCSettingsService.m */,
				5B42708616B7158600DE981C /* MLCUsersService.h */,
				5B42708716B7158600DE981C /* MLCUsersService.m */,
				5B402AE3189F62CB00B302BB /* MLCUserTransactionsService.h */,
				5B402AE4189F62CB00B302BB /* MLCUserTransactionsService.m */,
				5B402AE7189F6FAF00B302BB /* MLCUserTransactionsSummaryService.h */,
				5B402AE8189F6FAF00B302BB /* MLCUserTransactionsSummaryService.m */,
			);
			name = Services;
			sourceTree = "<group>";
		};
		5BDD6B251F1D328D00EACCA1 /* Entities */ = {
			isa = PBXGroup;
			children = (
				5B7B685B1B7AB89F00C63779 /* MLCAd.h */,
				5B7B685C1B7AB89F00C63779 /* MLCAd.m */,
				5B4A796B16BAD762000C39A4 /* MLCAffinity.h */,
				5B4A796C16BAD762000C39A4 /* MLCAffinity.m */,
				5B42708916B7158600DE981C /* MLCAuthenticationToken.h */,
				5B42708A16B7158600DE981C /* MLCAuthenticationToken.m */,
				5B4457A01CBFF380003CFA64 /* MLCCredential.h */,
				5B4457A11CBFF380003CFA64 /* MLCCredential.m */,
				5B4A796216BACA00000C39A4 /* MLCDeal.h */,
				5B4A796316BACA00000C39A4 /* MLCDeal.m */,
				5B4A798A16BB6051000C39A4 /* MLCEntity_Private.h */,
				5B42709116B7158600DE981C /* MLCEntity.h */,
				5B42709216B7158600DE981C /* MLCEntity.m */,
				5B42708B16B7158600DE981C /* MLCEvent.h */,
				5B42708C16B7158600DE981C /* MLCEvent.m */,
				5BC206E6186786DB00E321AC /* MLCGroup.h */,
				5BC206E7186786DB00E321AC /* MLCGroup.m */,
				5B4A796816BAD19C000C39A4 /* MLCImage.h */,
				5B4A796916BAD19C000C39A4 /* MLCImage.m */,
				5B4A797116BAFCB8000C39A4 /* MLCLeader.h */,
				5B4A797216BAFCB9000C39A4 /* MLCLeader.m */,
				5B7BF4971D00932300F5388B /* MLCList.h */,
				5B7BF4981D00932300F5388B /* MLCList.m */,
				5B7BF4991D00932300F5388B /* MLCListItem.h */,
				5B7BF49A1D00932300F5388B /* MLCListItem.m */,
				5B42708D16B7158600DE981C /* MLCLocation.h */,
				5B42708E16B7158600DE981C /* MLCLocation.m */,
				5B42708F16B7158600DE981C /* MLCMedia.h */,
				5B42709016B7158600DE981C /* MLCMedia.m */,
				5B8147071B669CC600A36D4A /* MLCMerchant.h */,
				5B8147081B669CC600A36D4A /* MLCMerchant.m */,
				5BE472B61804FBFE00616CF2 /* MLCMessage.h */,
				5BE472B71804FBFE00616CF2 /* MLCMessage.m */,
				5B4270B616B7216C00DE981C /* MLCMetric.h */,
				5B4270B716B7216C00DE981C /* MLCMetric.m */,
				5B7B68511B7A92D400C63779 /* MLCNotification.h */,
				5B7B68521B7A92D400C63779 /* MLCNotification.m */,
				5B4A796E16BADB64000C39A4 /* MLCPoints.h */,
				5B4A796F16BADB64000C39A4 /* MLCPoints.m */,
				5B2ABCCC19631D7F006246CC /* MLCProduct.h */,
				5B2ABCCD19631D7F006246CC /* MLCProduct.m */,
				5B2ABCC019631998006246CC /* MLCProductCategory.h */,
				5B2ABCC119631998006246CC /* MLCProductCategory.m */,
				5B2ABCC619631D25006246CC /* MLCProductType.h */,
				5B2ABCC719631D25006246CC /* MLCProductType.m */,
				5BC69E3D1FBCBAF500FC4143 /* MLCResetPassword.h */,
				5BC69E3E1FBCBAF500FC4143 /* MLCResetPassword.m */,
				5B4A796516BACA42000C39A4 /* MLCReward.h */,
				5B4A796616BACA42000C39A4 /* MLCReward.m */,
				5BC1AB3C16BBC1E200E91D79 /* MLCStatus.h */,
				5BC1AB3D16BBC1E200E91D79 /* MLCStatus.m */,
				5B42709416B7158600DE981C /* MLCUser.h */,
				5B42709516B7158600DE981C /* MLCUser.m */,
				5B402AD5189F5E6400B302BB /* MLCUserTransaction.h */,
				5B402AD6189F5E6400B302BB /* MLCUserTransaction.m */,
				5B402ADF189F613000B302BB /* MLCUserTransactionsSummary.h */,
				5B402AE0189F613000B302BB /* MLCUserTransactionsSummary.m */,
			);
			name = Entities;
			sourceTree = "<group>";
		};
		5BDD6B261F1D332A00EACCA1 /* Utility */ = {
			isa = PBXGroup;
			children = (
				5B81470D1B669FA400A36D4A /* MLCEntityCache.h */,
				5B81470E1B669FA400A36D4A /* MLCEntityCache.m */,
				5BEED7FA1E9D79020021125E /* MLCKeychainPasswordItem.h */,
				5BEED7FB1E9D79020021125E /* MLCKeychainPasswordItem.m */,
				5B7063881CDB9B8700AE86A0 /* MLCLogger.h */,
				5B70638A1CDBA04100AE86A0 /* MLCLogger.m */,
				5BEBE2DB19103F8B00779BC0 /* MLCMetricsManager.h */,
				5BEBE2DC19103F8B00779BC0 /* MLCMetricsManager.m */,
				5B4A798B16BB6644000C39A4 /* MLCServiceManager.h */,
				5B4A798E16BB667B000C39A4 /* MLCServiceManager.m */,
				5BBC7A841F68E0AA0042D398 /* MLCServiceRequest.h */,
				5BBC7A851F68E0AA0042D398 /* MLCServiceRequest.m */,
				5B96EBB118AE86DF004991BC /* MLCValidation.h */,
				5B96EBB218AE86DF004991BC /* MLCValidation.m */,
			);
			name = Utility;
			sourceTree = "<group>";
		};
		5BECA8D716A850DF00F0E4B5 = {
			isa = PBXGroup;
			children = (
				5B13EEE616C199E000CFE2B5 /* readme.markdown */,
				5BECA8E716A850DF00F0E4B5 /* MoblicoSDK */,
				5BECA8E316A850DF00F0E4B5 /* Products */,
			);
			indentWidth = 4;
			sourceTree = "<group>";
			tabWidth = 4;
			usesTabs = 0;
		};
		5BECA8E316A850DF00F0E4B5 /* Products */ = {
			isa = PBXGroup;
			children = (
				5BC7AC261C6BE0BE003E4C9B /* MoblicoSDK.framework */,
			);
			name = Products;
			sourceTree = "<group>";
		};
		5BECA8E716A850DF00F0E4B5 /* MoblicoSDK */ = {
			isa = PBXGroup;
			children = (
				5BECA8EA16A850DF00F0E4B5 /* MoblicoSDK.h */,
				5BDD6B251F1D328D00EACCA1 /* Entities */,
				5BDD6B241F1D327100EACCA1 /* Services */,
				5BDD6B261F1D332A00EACCA1 /* Utility */,
				5BECA8E816A850DF00F0E4B5 /* Supporting Files */,
			);
			path = MoblicoSDK;
			sourceTree = "<group>";
		};
		5BECA8E816A850DF00F0E4B5 /* Supporting Files */ = {
			isa = PBXGroup;
			children = (
				5B0523CE1940F3650089C0E0 /* Info.plist */,
			);
			name = "Supporting Files";
			sourceTree = "<group>";
		};
/* End PBXGroup section */

/* Begin PBXHeadersBuildPhase section */
		5BC7ABE61C6BE0BE003E4C9B /* Headers */ = {
			isa = PBXHeadersBuildPhase;
			buildActionMask = 2147483647;
			files = (
				5BC7ABE71C6BE0BE003E4C9B /* MLCUserTransactionsSummaryService.h in Headers */,
				5BC7ABE81C6BE0BE003E4C9B /* MLCEntityCache.h in Headers */,
				5B7BF4A31D00937900F5388B /* MLCListItemsService.h in Headers */,
				5BC7ABE91C6BE0BE003E4C9B /* MLCLeaderboardService.h in Headers */,
				5BC7ABEA1C6BE0BE003E4C9B /* MLCUser.h in Headers */,
				5BC7ABEB1C6BE0BE003E4C9B /* MLCProductCategoriesService.h in Headers */,
				5B7063891CDB9C2C00AE86A0 /* MLCLogger.h in Headers */,
				5BC7ABEC1C6BE0BE003E4C9B /* MLCEvent.h in Headers */,
				5BC7ABED1C6BE0BE003E4C9B /* MLCAuthenticationService.h in Headers */,
				5BC7ABEE1C6BE0BE003E4C9B /* MLCMediaService.h in Headers */,
				5BC7ABEF1C6BE0BE003E4C9B /* MLCMessageService.h in Headers */,
				5BBC7A861F68E0AA0042D398 /* MLCServiceRequest.h in Headers */,
				5BC7ABF01C6BE0BE003E4C9B /* MLCMedia.h in Headers */,
				5BC7ABF11C6BE0BE003E4C9B /* MLCMessage.h in Headers */,
				5BC7ABF21C6BE0BE003E4C9B /* MLCLeader.h in Headers */,
				5BC7ABF41C6BE0BE003E4C9B /* MLCAuthenticationToken.h in Headers */,
				5BC7ABF51C6BE0BE003E4C9B /* MLCAffinitiesService.h in Headers */,
				5BC7ABF61C6BE0BE003E4C9B /* MLCPointsService.h in Headers */,
				5BC7ABF71C6BE0BE003E4C9B /* MLCProductsService.h in Headers */,
				5BC7ABF81C6BE0BE003E4C9B /* MLCMerchantsService.h in Headers */,
				5BC7ABF91C6BE0BE003E4C9B /* MLCProductType.h in Headers */,
				5BC7ABFA1C6BE0BE003E4C9B /* MLCEntity_Private.h in Headers */,
				5BC7ABFB1C6BE0BE003E4C9B /* MLCServiceManager.h in Headers */,
				5BC7ABFC1C6BE0BE003E4C9B /* MLCUsersService.h in Headers */,
				5BC7ABFD1C6BE0BE003E4C9B /* MLCAd.h in Headers */,
				5B7BF49D1D00932300F5388B /* MLCListItem.h in Headers */,
				5BC7ABFE1C6BE0BE003E4C9B /* MLCService_Private.h in Headers */,
				5BC7ABFF1C6BE0BE003E4C9B /* MLCNotification.h in Headers */,
				5BEED7FC1E9D79020021125E /* MLCKeychainPasswordItem.h in Headers */,
				5BC7AC001C6BE0BE003E4C9B /* MLCEventsService.h in Headers */,
				5BC7AC011C6BE0BE003E4C9B /* MLCMetric.h in Headers */,
				5BC7AC021C6BE0BE003E4C9B /* MLCValidation.h in Headers */,
				5BC7AC041C6BE0BE003E4C9B /* MLCStatus.h in Headers */,
				5BC7AC051C6BE0BE003E4C9B /* MLCUserTransactionsSummary.h in Headers */,
				5BC7AC061C6BE0BE003E4C9B /* MLCImage.h in Headers */,
				5BC7AC071C6BE0BE003E4C9B /* MLCMetricsManager.h in Headers */,
				5BC7AC081C6BE0BE003E4C9B /* MLCPoints.h in Headers */,
				5BC7AC091C6BE0BE003E4C9B /* MLCRewardsService.h in Headers */,
				5BC7AC0A1C6BE0BE003E4C9B /* MLCMetricsService.h in Headers */,
				5BC7AC0B1C6BE0BE003E4C9B /* MLCGroup.h in Headers */,
				5BD938461E8B1EEB00B1FDC9 /* MLCConcurrentService.h in Headers */,
				5BC7AC0C1C6BE0BE003E4C9B /* MLCSettingsService.h in Headers */,
				5BAB4AE31DECD9CB00441CE3 /* MLCScanService.h in Headers */,
				5BC7AC0D1C6BE0BE003E4C9B /* MLCOutOfBandService.h in Headers */,
				5BC7AC0E1C6BE0BE003E4C9B /* MLCUserTransaction.h in Headers */,
				5B4457A21CBFF380003CFA64 /* MLCCredential.h in Headers */,
				5BC7AC0F1C6BE0BE003E4C9B /* MLCNotificationsService.h in Headers */,
				5BC7AC101C6BE0BE003E4C9B /* MLCDeal.h in Headers */,
				5BC7AC111C6BE0BE003E4C9B /* MLCUserTransactionsService.h in Headers */,
				5B7BF4A51D00937900F5388B /* MLCListsService.h in Headers */,
				5BC69E3F1FBCBAF500FC4143 /* MLCResetPassword.h in Headers */,
				5BC7AC121C6BE0BE003E4C9B /* MLCMerchant.h in Headers */,
				5BC7AC131C6BE0BE003E4C9B /* MLCReward.h in Headers */,
				5BC7AC141C6BE0BE003E4C9B /* MLCAffinity.h in Headers */,
				5BC7AC151C6BE0BE003E4C9B /* MLCProductCategory.h in Headers */,
				5BC7AC161C6BE0BE003E4C9B /* MoblicoSDK.h in Headers */,
				5BC7AC171C6BE0BE003E4C9B /* MLCGenericService.h in Headers */,
				5BC7AC181C6BE0BE003E4C9B /* MLCLocation.h in Headers */,
				5B7BF49B1D00932300F5388B /* MLCList.h in Headers */,
				5BC7AC191C6BE0BE003E4C9B /* MLCCheckInService.h in Headers */,
				5BC7AC1A1C6BE0BE003E4C9B /* MLCEntity.h in Headers */,
				5B4457A61CBFFE58003CFA64 /* MLCCredentialsService.h in Headers */,
				5BC7AC1B1C6BE0BE003E4C9B /* MLCLocationsService.h in Headers */,
				5BC7AC1C1C6BE0BE003E4C9B /* MLCAdsService.h in Headers */,
				5BC7AC1E1C6BE0BE003E4C9B /* MLCGroupsService.h in Headers */,
				5BC7AC1F1C6BE0BE003E4C9B /* MLCDealsService.h in Headers */,
				5BC7AC201C6BE0BE003E4C9B /* MLCService.h in Headers */,
				5BC7AC211C6BE0BE003E4C9B /* MLCProduct.h in Headers */,
			);
			runOnlyForDeploymentPostprocessing = 0;
		};
/* End PBXHeadersBuildPhase section */

/* Begin PBXNativeTarget section */
		5BC7ABAC1C6BE0BE003E4C9B /* MoblicoSDK */ = {
			isa = PBXNativeTarget;
			buildConfigurationList = 5BC7AC231C6BE0BE003E4C9B /* Build configuration list for PBXNativeTarget "MoblicoSDK" */;
			buildPhases = (
				5BC7ABAD1C6BE0BE003E4C9B /* Sources */,
				5BC7ABE51C6BE0BE003E4C9B /* Frameworks */,
				5BC7ABE61C6BE0BE003E4C9B /* Headers */,
				5BC7AC221C6BE0BE003E4C9B /* Resources */,
				5B63C5DF1DC40C05004166C0 /* Find TODOs and FIXMEs */,
			);
			buildRules = (
			);
			dependencies = (
			);
			name = MoblicoSDK;
			productName = MoblicoSDK;
			productReference = 5BC7AC261C6BE0BE003E4C9B /* MoblicoSDK.framework */;
			productType = "com.apple.product-type.framework";
		};
/* End PBXNativeTarget section */

/* Begin PBXProject section */
		5BECA8D916A850DF00F0E4B5 /* Project object */ = {
			isa = PBXProject;
			attributes = {
				CLASSPREFIX = MLC;
				LastSwiftUpdateCheck = 0730;
				LastTestingUpgradeCheck = 0510;
				LastUpgradeCheck = 0930;
				ORGANIZATIONNAME = "Moblico Solutions LLC";
			};
			buildConfigurationList = 5BECA8DC16A850DF00F0E4B5 /* Build configuration list for PBXProject "MoblicoSDK" */;
			compatibilityVersion = "Xcode 3.2";
			developmentRegion = English;
			hasScannedForEncodings = 0;
			knownRegions = (
				en,
			);
			mainGroup = 5BECA8D716A850DF00F0E4B5;
			productRefGroup = 5BECA8E316A850DF00F0E4B5 /* Products */;
			projectDirPath = "";
			projectRoot = "";
			targets = (
				5BC7ABAC1C6BE0BE003E4C9B /* MoblicoSDK */,
			);
		};
/* End PBXProject section */

/* Begin PBXResourcesBuildPhase section */
		5BC7AC221C6BE0BE003E4C9B /* Resources */ = {
			isa = PBXResourcesBuildPhase;
			buildActionMask = 2147483647;
			files = (
			);
			runOnlyForDeploymentPostprocessing = 0;
		};
/* End PBXResourcesBuildPhase section */

/* Begin PBXShellScriptBuildPhase section */
		5B63C5DF1DC40C05004166C0 /* Find TODOs and FIXMEs */ = {
			isa = PBXShellScriptBuildPhase;
			buildActionMask = 2147483647;
			files = (
			);
			inputPaths = (
			);
			name = "Find TODOs and FIXMEs";
			outputPaths = (
			);
			runOnlyForDeploymentPostprocessing = 0;
			shellPath = /bin/sh;
			shellScript = "TAGS=\"TODO:|FIXME:\"\necho \"searching ${SRCROOT} for ${TAGS}\"\nfind \"${SRCROOT}\" \\( -name \"*.h\" -or -name \"*.m\" \\) -print0 | xargs -0 egrep --with-filename --line-number --only-matching \"($TAGS).*\\$\" | perl -p -e \"s/($TAGS)/ warning: \\$1/\"";
		};
/* End PBXShellScriptBuildPhase section */

/* Begin PBXSourcesBuildPhase section */
		5BC7ABAD1C6BE0BE003E4C9B /* Sources */ = {
			isa = PBXSourcesBuildPhase;
			buildActionMask = 2147483647;
			files = (
				5B70638B1CDBA04100AE86A0 /* MLCLogger.m in Sources */,
				5BD938471E8B1EEB00B1FDC9 /* MLCConcurrentService.m in Sources */,
				5BC7ABAE1C6BE0BE003E4C9B /* MLCProductsService.m in Sources */,
				5BC7ABAF1C6BE0BE003E4C9B /* MLCLeaderboardService.m in Sources */,
				5BBC7A871F68E0AA0042D398 /* MLCServiceRequest.m in Sources */,
				5BC7ABB01C6BE0BE003E4C9B /* MLCSettingsService.m in Sources */,
				5BC7ABB11C6BE0BE003E4C9B /* MLCAd.m in Sources */,
				5BEED7FD1E9D79020021125E /* MLCKeychainPasswordItem.m in Sources */,
				5BC7ABB21C6BE0BE003E4C9B /* MLCOutOfBandService.m in Sources */,
				5BC7ABB31C6BE0BE003E4C9B /* MLCUserTransaction.m in Sources */,
				5BC7ABB41C6BE0BE003E4C9B /* MLCMessage.m in Sources */,
				5BC7ABB51C6BE0BE003E4C9B /* MLCMerchant.m in Sources */,
				5BC7ABB61C6BE0BE003E4C9B /* MLCEventsService.m in Sources */,
				5BC7ABB71C6BE0BE003E4C9B /* MLCGroup.m in Sources */,
				5BC7ABB81C6BE0BE003E4C9B /* MLCCheckInService.m in Sources */,
				5BC7ABB91C6BE0BE003E4C9B /* MLCMetricsManager.m in Sources */,
				5BC7ABBA1C6BE0BE003E4C9B /* MLCMedia.m in Sources */,
				5B4457A31CBFF380003CFA64 /* MLCCredential.m in Sources */,
				5BC7ABBB1C6BE0BE003E4C9B /* MLCProduct.m in Sources */,
				5BC7ABBC1C6BE0BE003E4C9B /* MLCProductType.m in Sources */,
				5BC7ABBD1C6BE0BE003E4C9B /* MLCMetricsService.m in Sources */,
				5BC7ABBE1C6BE0BE003E4C9B /* MLCAuthenticationToken.m in Sources */,
				5BC7ABBF1C6BE0BE003E4C9B /* MLCUserTransactionsService.m in Sources */,
				5B7BF4A61D00937900F5388B /* MLCListsService.m in Sources */,
				5BC7ABC01C6BE0BE003E4C9B /* MLCServiceManager.m in Sources */,
				5BAB4AE21DECD9CB00441CE3 /* MLCScanService.m in Sources */,
				5BC7ABC11C6BE0BE003E4C9B /* MLCProductCategoriesService.m in Sources */,
				5BC7ABC21C6BE0BE003E4C9B /* MLCDealsService.m in Sources */,
				5BC7ABC31C6BE0BE003E4C9B /* MLCAdsService.m in Sources */,
				5BC7ABC41C6BE0BE003E4C9B /* MLCEvent.m in Sources */,
				5BC7ABC51C6BE0BE003E4C9B /* MLCAffinity.m in Sources */,
				5BC7ABC61C6BE0BE003E4C9B /* MLCNotification.m in Sources */,
				5BC7ABC71C6BE0BE003E4C9B /* MLCStatus.m in Sources */,
				5BC7ABC81C6BE0BE003E4C9B /* MLCUser.m in Sources */,
				5BC7ABC91C6BE0BE003E4C9B /* MLCMerchantsService.m in Sources */,
				5BC7ABCA1C6BE0BE003E4C9B /* MLCGroupsService.m in Sources */,
				5BC7ABCB1C6BE0BE003E4C9B /* MLCGenericService.m in Sources */,
				5BC7ABCC1C6BE0BE003E4C9B /* MLCLocationsService.m in Sources */,
				5B7BF49E1D00932300F5388B /* MLCListItem.m in Sources */,
				5BC7ABCD1C6BE0BE003E4C9B /* MLCImage.m in Sources */,
				5BC7ABCE1C6BE0BE003E4C9B /* MLCLeader.m in Sources */,
				5B7BF49C1D00932300F5388B /* MLCList.m in Sources */,
				5BC7ABCF1C6BE0BE003E4C9B /* MLCRewardsService.m in Sources */,
				5BC7ABD01C6BE0BE003E4C9B /* MLCUserTransactionsSummary.m in Sources */,
				5BC7ABD11C6BE0BE003E4C9B /* MLCPointsService.m in Sources */,
				5BC7ABD21C6BE0BE003E4C9B /* MLCEntityCache.m in Sources */,
				5BC7ABD31C6BE0BE003E4C9B /* MLCEntity.m in Sources */,
				5BC7ABD41C6BE0BE003E4C9B /* MLCUsersService.m in Sources */,
				5BC7ABD51C6BE0BE003E4C9B /* MLCLocation.m in Sources */,
				5BC7ABD61C6BE0BE003E4C9B /* MLCProductCategory.m in Sources */,
				5BC7ABD81C6BE0BE003E4C9B /* MLCMetric.m in Sources */,
				5BC69E401FBCBAF500FC4143 /* MLCResetPassword.m in Sources */,
				5BC7ABD91C6BE0BE003E4C9B /* MLCMessageService.m in Sources */,
				5BC7ABDA1C6BE0BE003E4C9B /* MLCUserTransactionsSummaryService.m in Sources */,
				5BC7ABDB1C6BE0BE003E4C9B /* MLCMediaService.m in Sources */,
				5BC7ABDC1C6BE0BE003E4C9B /* MLCDeal.m in Sources */,
				5BC7ABDD1C6BE0BE003E4C9B /* MLCAffinitiesService.m in Sources */,
				5B7BF4A41D00937900F5388B /* MLCListItemsService.m in Sources */,
				5BC7ABDE1C6BE0BE003E4C9B /* MLCAuthenticationService.m in Sources */,
				5BC7ABDF1C6BE0BE003E4C9B /* MLCReward.m in Sources */,
				5BC7ABE01C6BE0BE003E4C9B /* MLCNotificationsService.m in Sources */,
				5BC7ABE11C6BE0BE003E4C9B /* MLCValidation.m in Sources */,
				5BC7ABE21C6BE0BE003E4C9B /* MLCService.m in Sources */,
				5BC7ABE41C6BE0BE003E4C9B /* MLCPoints.m in Sources */,
				5B4457A71CBFFE58003CFA64 /* MLCCredentialsService.m in Sources */,
			);
			runOnlyForDeploymentPostprocessing = 0;
		};
/* End PBXSourcesBuildPhase section */

/* Begin XCBuildConfiguration section */
		5BC7AC241C6BE0BE003E4C9B /* Debug */ = {
			isa = XCBuildConfiguration;
			buildSettings = {
				BITCODE_GENERATION_MODE = bitcode;
				CLANG_ENABLE_MODULES = YES;
				CLANG_WARN_BOOL_CONVERSION = YES;
				CLANG_WARN_CONSTANT_CONVERSION = YES;
				CLANG_WARN_DIRECT_OBJC_ISA_USAGE = YES_ERROR;
				CLANG_WARN_ENUM_CONVERSION = YES;
				CLANG_WARN_INT_CONVERSION = YES;
				CLANG_WARN_OBJC_ROOT_CLASS = YES_ERROR;
				CLANG_WARN_UNREACHABLE_CODE = YES;
				CODE_SIGNING_REQUIRED = NO;
				CURRENT_PROJECT_VERSION = 2.0;
				DEFINES_MODULE = YES;
				DYLIB_INSTALL_NAME_BASE = "@rpath";
				ENABLE_STRICT_OBJC_MSGSEND = YES;
				GCC_C_LANGUAGE_STANDARD = gnu99;
				GCC_NO_COMMON_BLOCKS = YES;
				GCC_PREPROCESSOR_DEFINITIONS = (
					"DEBUG=1",
					"$(inherited)",
				);
				GCC_WARN_ABOUT_RETURN_TYPE = YES_ERROR;
				GCC_WARN_UNINITIALIZED_AUTOS = YES_AGGRESSIVE;
				INFOPLIST_FILE = MoblicoSDK/Info.plist;
				INSTALL_PATH = "$(LOCAL_LIBRARY_DIR)/Frameworks";
				LD_RUNPATH_SEARCH_PATHS = "$(inherited) @executable_path/Frameworks @loader_path/Frameworks";
				MACH_O_TYPE = mh_dylib;
				PRODUCT_BUNDLE_IDENTIFIER = "com.moblico.${PRODUCT_NAME:rfc1034identifier}";
				PRODUCT_NAME = "$(TARGET_NAME)";
				SKIP_INSTALL = YES;
				TARGETED_DEVICE_FAMILY = "1,2";
				VERSIONING_SYSTEM = "apple-generic";
				VERSION_INFO_PREFIX = "";
				WARNING_CFLAGS = (
					"-Wall",
					"-Wconversion",
					"-Wdeprecated-implementations",
					"-Wextra",
					"-Wfloat-equal",
					"-Wimplicit-retain-self",
					"-Wundef",
				);
				WARNING_LDFLAGS = "";
			};
			name = Debug;
		};
		5BC7AC251C6BE0BE003E4C9B /* Release */ = {
			isa = XCBuildConfiguration;
			buildSettings = {
				BITCODE_GENERATION_MODE = bitcode;
				CLANG_ENABLE_MODULES = YES;
				CLANG_WARN_BOOL_CONVERSION = YES;
				CLANG_WARN_CONSTANT_CONVERSION = YES;
				CLANG_WARN_DIRECT_OBJC_ISA_USAGE = YES_ERROR;
				CLANG_WARN_ENUM_CONVERSION = YES;
				CLANG_WARN_INT_CONVERSION = YES;
				CLANG_WARN_OBJC_ROOT_CLASS = YES_ERROR;
				CLANG_WARN_UNREACHABLE_CODE = YES;
				CODE_SIGNING_REQUIRED = NO;
				CURRENT_PROJECT_VERSION = 2.0;
				DEFINES_MODULE = YES;
				DYLIB_INSTALL_NAME_BASE = "@rpath";
				ENABLE_NS_ASSERTIONS = NO;
				ENABLE_STRICT_OBJC_MSGSEND = YES;
				GCC_C_LANGUAGE_STANDARD = gnu99;
				GCC_NO_COMMON_BLOCKS = YES;
				GCC_WARN_ABOUT_RETURN_TYPE = YES_ERROR;
				GCC_WARN_UNINITIALIZED_AUTOS = YES_AGGRESSIVE;
				INFOPLIST_FILE = MoblicoSDK/Info.plist;
				INSTALL_PATH = "$(LOCAL_LIBRARY_DIR)/Frameworks";
				LD_RUNPATH_SEARCH_PATHS = "$(inherited) @executable_path/Frameworks @loader_path/Frameworks";
				MACH_O_TYPE = mh_dylib;
				PRODUCT_BUNDLE_IDENTIFIER = "com.moblico.${PRODUCT_NAME:rfc1034identifier}";
				PRODUCT_NAME = "$(TARGET_NAME)";
				SKIP_INSTALL = YES;
				TARGETED_DEVICE_FAMILY = "1,2";
				VERSIONING_SYSTEM = "apple-generic";
				VERSION_INFO_PREFIX = "";
				WARNING_CFLAGS = (
					"-Wall",
					"-Wconversion",
					"-Wdeprecated-implementations",
					"-Wextra",
					"-Wfloat-equal",
					"-Wimplicit-retain-self",
					"-Wundef",
				);
				WARNING_LDFLAGS = "";
			};
			name = Release;
		};
		5BECA90516A850DF00F0E4B5 /* Debug */ = {
			isa = XCBuildConfiguration;
			buildSettings = {
				ALWAYS_SEARCH_USER_PATHS = NO;
				CLANG_CXX_LANGUAGE_STANDARD = "gnu++0x";
				CLANG_CXX_LIBRARY = "libc++";
				CLANG_ENABLE_MODULES = YES;
				CLANG_ENABLE_OBJC_ARC = YES;
				CLANG_WARN_BLOCK_CAPTURE_AUTORELEASING = YES;
				CLANG_WARN_BOOL_CONVERSION = YES;
				CLANG_WARN_COMMA = YES;
				CLANG_WARN_CONSTANT_CONVERSION = YES;
				CLANG_WARN_DEPRECATED_OBJC_IMPLEMENTATIONS = YES;
				CLANG_WARN_DOCUMENTATION_COMMENTS = YES;
				CLANG_WARN_EMPTY_BODY = YES;
				CLANG_WARN_ENUM_CONVERSION = YES;
				CLANG_WARN_INFINITE_RECURSION = YES;
				CLANG_WARN_INT_CONVERSION = YES;
				CLANG_WARN_NON_LITERAL_NULL_CONVERSION = YES;
				CLANG_WARN_OBJC_IMPLICIT_RETAIN_SELF = YES;
				CLANG_WARN_OBJC_LITERAL_CONVERSION = YES;
				CLANG_WARN_RANGE_LOOP_ANALYSIS = YES;
				CLANG_WARN_STRICT_PROTOTYPES = YES;
				CLANG_WARN_SUSPICIOUS_MOVE = YES;
				CLANG_WARN_UNREACHABLE_CODE = YES;
				CLANG_WARN__DUPLICATE_METHOD_MATCH = YES;
				CODE_SIGNING_REQUIRED = NO;
				COPY_PHASE_STRIP = NO;
				DEAD_CODE_STRIPPING = NO;
				ENABLE_BITCODE = YES;
				ENABLE_STRICT_OBJC_MSGSEND = YES;
				ENABLE_TESTABILITY = YES;
				GCC_C_LANGUAGE_STANDARD = "compiler-default";
				GCC_DYNAMIC_NO_PIC = NO;
				GCC_NO_COMMON_BLOCKS = YES;
				GCC_OPTIMIZATION_LEVEL = 0;
				GCC_PREPROCESSOR_DEFINITIONS = (
					"DEBUG=1",
					"$(inherited)",
				);
				GCC_SYMBOLS_PRIVATE_EXTERN = NO;
				GCC_WARN_64_TO_32_BIT_CONVERSION = YES;
				GCC_WARN_ABOUT_MISSING_FIELD_INITIALIZERS = YES;
				GCC_WARN_ABOUT_MISSING_NEWLINE = YES;
				GCC_WARN_ABOUT_RETURN_TYPE = YES;
				GCC_WARN_CHECK_SWITCH_STATEMENTS = YES;
				GCC_WARN_INITIALIZER_NOT_FULLY_BRACKETED = YES;
				GCC_WARN_MISSING_PARENTHESES = YES;
				GCC_WARN_SHADOW = YES;
				GCC_WARN_SIGN_COMPARE = YES;
				GCC_WARN_TYPECHECK_CALLS_TO_PRINTF = YES;
				GCC_WARN_UNDECLARED_SELECTOR = YES;
				GCC_WARN_UNINITIALIZED_AUTOS = YES;
				GCC_WARN_UNUSED_FUNCTION = YES;
				GCC_WARN_UNUSED_LABEL = YES;
				GCC_WARN_UNUSED_VALUE = YES;
				GCC_WARN_UNUSED_VARIABLE = YES;
				IPHONEOS_DEPLOYMENT_TARGET = 9.0;
				ONLY_ACTIVE_ARCH = YES;
				RUN_CLANG_STATIC_ANALYZER = YES;
				SDKROOT = iphoneos;
				STRIP_STYLE = "non-global";
			};
			name = Debug;
		};
		5BECA90616A850DF00F0E4B5 /* Release */ = {
			isa = XCBuildConfiguration;
			buildSettings = {
				ALWAYS_SEARCH_USER_PATHS = NO;
				CLANG_CXX_LANGUAGE_STANDARD = "gnu++0x";
				CLANG_CXX_LIBRARY = "libc++";
				CLANG_ENABLE_MODULES = YES;
				CLANG_ENABLE_OBJC_ARC = YES;
				CLANG_WARN_BLOCK_CAPTURE_AUTORELEASING = YES;
				CLANG_WARN_BOOL_CONVERSION = YES;
				CLANG_WARN_COMMA = YES;
				CLANG_WARN_CONSTANT_CONVERSION = YES;
				CLANG_WARN_DEPRECATED_OBJC_IMPLEMENTATIONS = YES;
				CLANG_WARN_DOCUMENTATION_COMMENTS = YES;
				CLANG_WARN_EMPTY_BODY = YES;
				CLANG_WARN_ENUM_CONVERSION = YES;
				CLANG_WARN_INFINITE_RECURSION = YES;
				CLANG_WARN_INT_CONVERSION = YES;
				CLANG_WARN_NON_LITERAL_NULL_CONVERSION = YES;
				CLANG_WARN_OBJC_IMPLICIT_RETAIN_SELF = YES;
				CLANG_WARN_OBJC_LITERAL_CONVERSION = YES;
				CLANG_WARN_RANGE_LOOP_ANALYSIS = YES;
				CLANG_WARN_STRICT_PROTOTYPES = YES;
				CLANG_WARN_SUSPICIOUS_MOVE = YES;
				CLANG_WARN_UNREACHABLE_CODE = YES;
				CLANG_WARN__DUPLICATE_METHOD_MATCH = YES;
				CODE_SIGNING_REQUIRED = NO;
				COPY_PHASE_STRIP = NO;
				DEAD_CODE_STRIPPING = NO;
				ENABLE_BITCODE = YES;
				ENABLE_STRICT_OBJC_MSGSEND = YES;
				GCC_C_LANGUAGE_STANDARD = "compiler-default";
				GCC_NO_COMMON_BLOCKS = YES;
				GCC_OPTIMIZATION_LEVEL = 0;
				GCC_WARN_64_TO_32_BIT_CONVERSION = YES;
				GCC_WARN_ABOUT_MISSING_FIELD_INITIALIZERS = YES;
				GCC_WARN_ABOUT_MISSING_NEWLINE = YES;
				GCC_WARN_ABOUT_RETURN_TYPE = YES;
				GCC_WARN_CHECK_SWITCH_STATEMENTS = YES;
				GCC_WARN_INITIALIZER_NOT_FULLY_BRACKETED = YES;
				GCC_WARN_MISSING_PARENTHESES = YES;
				GCC_WARN_SHADOW = YES;
				GCC_WARN_SIGN_COMPARE = YES;
				GCC_WARN_TYPECHECK_CALLS_TO_PRINTF = YES;
				GCC_WARN_UNDECLARED_SELECTOR = YES;
				GCC_WARN_UNINITIALIZED_AUTOS = YES;
				GCC_WARN_UNUSED_FUNCTION = YES;
				GCC_WARN_UNUSED_LABEL = YES;
				GCC_WARN_UNUSED_VALUE = YES;
				GCC_WARN_UNUSED_VARIABLE = YES;
				IPHONEOS_DEPLOYMENT_TARGET = 9.0;
				RUN_CLANG_STATIC_ANALYZER = YES;
				SDKROOT = iphoneos;
				STRIP_STYLE = "non-global";
				VALIDATE_PRODUCT = YES;
			};
			name = Release;
		};
/* End XCBuildConfiguration section */

/* Begin XCConfigurationList section */
		5BC7AC231C6BE0BE003E4C9B /* Build configuration list for PBXNativeTarget "MoblicoSDK" */ = {
			isa = XCConfigurationList;
			buildConfigurations = (
				5BC7AC241C6BE0BE003E4C9B /* Debug */,
				5BC7AC251C6BE0BE003E4C9B /* Release */,
			);
			defaultConfigurationIsVisible = 0;
			defaultConfigurationName = Release;
		};
		5BECA8DC16A850DF00F0E4B5 /* Build configuration list for PBXProject "MoblicoSDK" */ = {
			isa = XCConfigurationList;
			buildConfigurations = (
				5BECA90516A850DF00F0E4B5 /* Debug */,
				5BECA90616A850DF00F0E4B5 /* Release */,
			);
			defaultConfigurationIsVisible = 0;
			defaultConfigurationName = Release;
		};
/* End XCConfigurationList section */
	};
	rootObject = 5BECA8D916A850DF00F0E4B5 /* Project object */;
}
