<?xml version="1.0" encoding="UTF-8"?>
<!DOCTYPE plist PUBLIC "-//Apple//DTD PLIST 1.0//EN" "http://www.apple.com/DTDs/PropertyList-1.0.dtd">
<plist version="1.0">
<dict>
	<key>archiveVersion</key>
	<string>1</string>
	<key>classes</key>
	<dict/>
	<key>objectVersion</key>
	<string>46</string>
	<key>objects</key>
	<dict>
		<key>05B31CABC3A1417E93806CDE</key>
		<dict>
			<key>buildActionMask</key>
			<string>2147483647</string>
			<key>files</key>
			<array/>
			<key>inputPaths</key>
			<array/>
			<key>isa</key>
			<string>PBXShellScriptBuildPhase</string>
			<key>name</key>
			<string>Warn for TODO and FIXME comments</string>
			<key>outputPaths</key>
			<array/>
			<key>runOnlyForDeploymentPostprocessing</key>
			<string>0</string>
			<key>shellPath</key>
			<string>/bin/sh</string>
			<key>shellScript</key>
			<string>KEYWORDS="TODO:|FIXME:|\?\?\?:|\!\!\!:"
find "${SRCROOT}" -ipath "${SRCROOT}/pods" -prune -o \( -name "*.h" -or -name "*.m" \) -print0 | xargs -0 egrep --with-filename --line-number --only-matching "($KEYWORDS).*\$" | perl -p -e "s/($KEYWORDS)/ warning: \$1/"
</string>
		</dict>
		<key>5B13EEDF16C16E1600CFE2B5</key>
		<dict>
			<key>buildConfigurationList</key>
			<string>5B13EEE216C16E1600CFE2B5</string>
			<key>buildPhases</key>
			<array>
				<string>5B13EEE516C16E2600CFE2B5</string>
			</array>
			<key>dependencies</key>
			<array>
				<string>5B13EEE416C16E1D00CFE2B5</string>
			</array>
			<key>isa</key>
			<string>PBXAggregateTarget</string>
			<key>name</key>
			<string>Distribute</string>
			<key>productName</key>
			<string>Distribute</string>
		</dict>
		<key>5B13EEE016C16E1600CFE2B5</key>
		<dict>
			<key>buildSettings</key>
			<dict>
				<key>PRODUCT_NAME</key>
				<string>$(TARGET_NAME)</string>
			</dict>
			<key>isa</key>
			<string>XCBuildConfiguration</string>
			<key>name</key>
			<string>Debug</string>
		</dict>
		<key>5B13EEE116C16E1600CFE2B5</key>
		<dict>
			<key>buildSettings</key>
			<dict>
				<key>PRODUCT_NAME</key>
				<string>$(TARGET_NAME)</string>
			</dict>
			<key>isa</key>
			<string>XCBuildConfiguration</string>
			<key>name</key>
			<string>Release</string>
		</dict>
		<key>5B13EEE216C16E1600CFE2B5</key>
		<dict>
			<key>buildConfigurations</key>
			<array>
				<string>5B13EEE016C16E1600CFE2B5</string>
				<string>5B13EEE116C16E1600CFE2B5</string>
			</array>
			<key>defaultConfigurationIsVisible</key>
			<string>0</string>
			<key>defaultConfigurationName</key>
			<string>Release</string>
			<key>isa</key>
			<string>XCConfigurationList</string>
		</dict>
		<key>5B13EEE316C16E1D00CFE2B5</key>
		<dict>
			<key>containerPortal</key>
			<string>5BECA8D916A850DF00F0E4B5</string>
			<key>isa</key>
			<string>PBXContainerItemProxy</string>
			<key>proxyType</key>
			<string>1</string>
			<key>remoteGlobalIDString</key>
			<string>5BC1AB4016BBF9F600E91D79</string>
			<key>remoteInfo</key>
			<string>Documentation</string>
		</dict>
		<key>5B13EEE416C16E1D00CFE2B5</key>
		<dict>
			<key>isa</key>
			<string>PBXTargetDependency</string>
			<key>target</key>
			<string>5BC1AB4016BBF9F600E91D79</string>
			<key>targetProxy</key>
			<string>5B13EEE316C16E1D00CFE2B5</string>
		</dict>
		<key>5B13EEE516C16E2600CFE2B5</key>
		<dict>
			<key>buildActionMask</key>
			<string>2147483647</string>
			<key>files</key>
			<array/>
			<key>inputPaths</key>
			<array/>
			<key>isa</key>
			<string>PBXShellScriptBuildPhase</string>
			<key>outputPaths</key>
			<array/>
			<key>runOnlyForDeploymentPostprocessing</key>
			<string>0</string>
			<key>shellPath</key>
			<string>/bin/sh</string>
			<key>shellScript</key>
			<string>script_file="package_framework.rb"
echo "Running a custom build phase script: $script_file"
~/.rvm/bin/rvm-auto-ruby ${PROJECT_DIR}/scripts/${script_file}
scriptExitStatus=$?
echo "DONE with script: ${script_file} (exitStatus=${scriptExitStatus})\n\n"
exit "${scriptExitStatus}"</string>
		</dict>
		<key>5B13EEE616C199E000CFE2B5</key>
		<dict>
			<key>isa</key>
			<string>PBXFileReference</string>
			<key>lastKnownFileType</key>
			<string>text</string>
			<key>path</key>
			<string>readme.markdown</string>
			<key>sourceTree</key>
			<string>&lt;group&gt;</string>
		</dict>
		<key>5B13EEF016C1C3CE00CFE2B5</key>
		<dict>
			<key>fileEncoding</key>
			<string>4</string>
			<key>isa</key>
			<string>PBXFileReference</string>
			<key>lastKnownFileType</key>
			<string>sourcecode.c.h</string>
			<key>path</key>
			<string>MLCInvalidService.h</string>
			<key>sourceTree</key>
			<string>&lt;group&gt;</string>
		</dict>
		<key>5B13EEF116C1C3CE00CFE2B5</key>
		<dict>
			<key>fileEncoding</key>
			<string>4</string>
			<key>isa</key>
			<string>PBXFileReference</string>
			<key>lastKnownFileType</key>
			<string>sourcecode.c.objc</string>
			<key>path</key>
			<string>MLCInvalidService.m</string>
			<key>sourceTree</key>
			<string>&lt;group&gt;</string>
		</dict>
		<key>5B13EEF216C1C3CF00CFE2B5</key>
		<dict>
			<key>fileRef</key>
			<string>5B13EEF016C1C3CE00CFE2B5</string>
			<key>isa</key>
			<string>PBXBuildFile</string>
			<key>settings</key>
			<dict>
				<key>ATTRIBUTES</key>
				<array>
					<string>Private</string>
				</array>
			</dict>
		</dict>
		<key>5B13EEF316C1C3CF00CFE2B5</key>
		<dict>
			<key>fileRef</key>
			<string>5B13EEF116C1C3CE00CFE2B5</string>
			<key>isa</key>
			<string>PBXBuildFile</string>
		</dict>
		<key>5B13EEF416C1C3F700CFE2B5</key>
		<dict>
			<key>isa</key>
			<string>PBXFileReference</string>
			<key>lastKnownFileType</key>
			<string>sourcecode.c.h</string>
			<key>path</key>
			<string>MLCServiceProtocol.h</string>
			<key>sourceTree</key>
			<string>&lt;group&gt;</string>
		</dict>
		<key>5B13EEF516C1C6BE00CFE2B5</key>
		<dict>
			<key>fileRef</key>
			<string>5B13EEF416C1C3F700CFE2B5</string>
			<key>isa</key>
			<string>PBXBuildFile</string>
			<key>settings</key>
			<dict>
				<key>ATTRIBUTES</key>
				<array>
					<string>Public</string>
				</array>
			</dict>
		</dict>
		<key>5B42707B16B7158600DE981C</key>
		<dict>
			<key>children</key>
			<array>
				<string>5B42708216B7158600DE981C</string>
				<string>5B42708316B7158600DE981C</string>
				<string>5B13EEF416C1C3F700CFE2B5</string>
				<string>5B4A798916BB5931000C39A4</string>
				<string>5B13EEF016C1C3CE00CFE2B5</string>
				<string>5B13EEF116C1C3CE00CFE2B5</string>
				<string>5BC1AB4A16BC646E00E91D79</string>
				<string>5BC1AB4B16BC646E00E91D79</string>
				<string>5B4A798316BB1E65000C39A4</string>
				<string>5B4A798416BB1E65000C39A4</string>
				<string>5B4A797416BAFD4D000C39A4</string>
				<string>5B4A797516BAFD4D000C39A4</string>
				<string>5B42707C16B7158600DE981C</string>
				<string>5B42707D16B7158600DE981C</string>
				<string>5BC1AB3016BBABD500E91D79</string>
				<string>5BC1AB3116BBABD500E91D79</string>
				<string>5B42707E16B7158600DE981C</string>
				<string>5B42707F16B7158600DE981C</string>
				<string>5B42708016B7158600DE981C</string>
				<string>5B42708116B7158600DE981C</string>
				<string>5B4270B316B7214A00DE981C</string>
				<string>5B4270B416B7214B00DE981C</string>
				<string>5BC1AB3416BBBE0700E91D79</string>
				<string>5BC1AB3516BBBE0700E91D79</string>
				<string>5B4A798616BB45F5000C39A4</string>
				<string>5B4A798716BB45F5000C39A4</string>
				<string>5B4270B016B71E9A00DE981C</string>
				<string>5B4270B116B71E9A00DE981C</string>
				<string>5B42708616B7158600DE981C</string>
				<string>5B42708716B7158600DE981C</string>
			</array>
			<key>isa</key>
			<string>PBXGroup</string>
			<key>path</key>
			<string>Services</string>
			<key>sourceTree</key>
			<string>&lt;group&gt;</string>
		</dict>
		<key>5B42707C16B7158600DE981C</key>
		<dict>
			<key>fileEncoding</key>
			<string>4</string>
			<key>isa</key>
			<string>PBXFileReference</string>
			<key>lastKnownFileType</key>
			<string>sourcecode.c.h</string>
			<key>path</key>
			<string>MLCEventsService.h</string>
			<key>sourceTree</key>
			<string>&lt;group&gt;</string>
		</dict>
		<key>5B42707D16B7158600DE981C</key>
		<dict>
			<key>fileEncoding</key>
			<string>4</string>
			<key>isa</key>
			<string>PBXFileReference</string>
			<key>lastKnownFileType</key>
			<string>sourcecode.c.objc</string>
			<key>path</key>
			<string>MLCEventsService.m</string>
			<key>sourceTree</key>
			<string>&lt;group&gt;</string>
		</dict>
		<key>5B42707E16B7158600DE981C</key>
		<dict>
			<key>fileEncoding</key>
			<string>4</string>
			<key>isa</key>
			<string>PBXFileReference</string>
			<key>lastKnownFileType</key>
			<string>sourcecode.c.h</string>
			<key>path</key>
			<string>MLCLocationsService.h</string>
			<key>sourceTree</key>
			<string>&lt;group&gt;</string>
		</dict>
		<key>5B42707F16B7158600DE981C</key>
		<dict>
			<key>fileEncoding</key>
			<string>4</string>
			<key>isa</key>
			<string>PBXFileReference</string>
			<key>lastKnownFileType</key>
			<string>sourcecode.c.objc</string>
			<key>path</key>
			<string>MLCLocationsService.m</string>
			<key>sourceTree</key>
			<string>&lt;group&gt;</string>
		</dict>
		<key>5B42708016B7158600DE981C</key>
		<dict>
			<key>fileEncoding</key>
			<string>4</string>
			<key>isa</key>
			<string>PBXFileReference</string>
			<key>lastKnownFileType</key>
			<string>sourcecode.c.h</string>
			<key>path</key>
			<string>MLCMediaService.h</string>
			<key>sourceTree</key>
			<string>&lt;group&gt;</string>
		</dict>
		<key>5B42708116B7158600DE981C</key>
		<dict>
			<key>fileEncoding</key>
			<string>4</string>
			<key>isa</key>
			<string>PBXFileReference</string>
			<key>lastKnownFileType</key>
			<string>sourcecode.c.objc</string>
			<key>path</key>
			<string>MLCMediaService.m</string>
			<key>sourceTree</key>
			<string>&lt;group&gt;</string>
		</dict>
		<key>5B42708216B7158600DE981C</key>
		<dict>
			<key>fileEncoding</key>
			<string>4</string>
			<key>isa</key>
			<string>PBXFileReference</string>
			<key>lastKnownFileType</key>
			<string>sourcecode.c.h</string>
			<key>path</key>
			<string>MLCService.h</string>
			<key>sourceTree</key>
			<string>&lt;group&gt;</string>
		</dict>
		<key>5B42708316B7158600DE981C</key>
		<dict>
			<key>fileEncoding</key>
			<string>4</string>
			<key>isa</key>
			<string>PBXFileReference</string>
			<key>lastKnownFileType</key>
			<string>sourcecode.c.objc</string>
			<key>path</key>
			<string>MLCService.m</string>
			<key>sourceTree</key>
			<string>&lt;group&gt;</string>
		</dict>
		<key>5B42708616B7158600DE981C</key>
		<dict>
			<key>fileEncoding</key>
			<string>4</string>
			<key>isa</key>
			<string>PBXFileReference</string>
			<key>lastKnownFileType</key>
			<string>sourcecode.c.h</string>
			<key>path</key>
			<string>MLCUsersService.h</string>
			<key>sourceTree</key>
			<string>&lt;group&gt;</string>
		</dict>
		<key>5B42708716B7158600DE981C</key>
		<dict>
			<key>fileEncoding</key>
			<string>4</string>
			<key>isa</key>
			<string>PBXFileReference</string>
			<key>lastKnownFileType</key>
			<string>sourcecode.c.objc</string>
			<key>path</key>
			<string>MLCUsersService.m</string>
			<key>sourceTree</key>
			<string>&lt;group&gt;</string>
		</dict>
		<key>5B42708816B7158600DE981C</key>
		<dict>
			<key>children</key>
			<array>
				<string>5B42709116B7158600DE981C</string>
				<string>5B4A798A16BB6051000C39A4</string>
				<string>5B42709216B7158600DE981C</string>
				<string>5B42709316B7158600DE981C</string>
				<string>5B4A796B16BAD762000C39A4</string>
				<string>5B4A796C16BAD762000C39A4</string>
				<string>5B42708916B7158600DE981C</string>
				<string>5B42708A16B7158600DE981C</string>
				<string>5B4A796216BACA00000C39A4</string>
				<string>5B4A796316BACA00000C39A4</string>
				<string>5B42708B16B7158600DE981C</string>
				<string>5B42708C16B7158600DE981C</string>
				<string>5B4A796816BAD19C000C39A4</string>
				<string>5B4A796916BAD19C000C39A4</string>
				<string>5B4A797116BAFCB8000C39A4</string>
				<string>5B4A797216BAFCB9000C39A4</string>
				<string>5B42708D16B7158600DE981C</string>
				<string>5B42708E16B7158600DE981C</string>
				<string>5B42708F16B7158600DE981C</string>
				<string>5B42709016B7158600DE981C</string>
				<string>5B4270B616B7216C00DE981C</string>
				<string>5B4270B716B7216C00DE981C</string>
				<string>5B4A796E16BADB64000C39A4</string>
				<string>5B4A796F16BADB64000C39A4</string>
				<string>5B4A796516BACA42000C39A4</string>
				<string>5B4A796616BACA42000C39A4</string>
				<string>5B42709416B7158600DE981C</string>
				<string>5B42709516B7158600DE981C</string>
				<string>5BC1AB3C16BBC1E200E91D79</string>
				<string>5BC1AB3D16BBC1E200E91D79</string>
			</array>
			<key>isa</key>
			<string>PBXGroup</string>
			<key>path</key>
			<string>Models</string>
			<key>sourceTree</key>
			<string>&lt;group&gt;</string>
		</dict>
		<key>5B42708916B7158600DE981C</key>
		<dict>
			<key>fileEncoding</key>
			<string>4</string>
			<key>isa</key>
			<string>PBXFileReference</string>
			<key>lastKnownFileType</key>
			<string>sourcecode.c.h</string>
			<key>path</key>
			<string>MLCAuthenticationToken.h</string>
			<key>sourceTree</key>
			<string>&lt;group&gt;</string>
		</dict>
		<key>5B42708A16B7158600DE981C</key>
		<dict>
			<key>fileEncoding</key>
			<string>4</string>
			<key>isa</key>
			<string>PBXFileReference</string>
			<key>lastKnownFileType</key>
			<string>sourcecode.c.objc</string>
			<key>path</key>
			<string>MLCAuthenticationToken.m</string>
			<key>sourceTree</key>
			<string>&lt;group&gt;</string>
		</dict>
		<key>5B42708B16B7158600DE981C</key>
		<dict>
			<key>fileEncoding</key>
			<string>4</string>
			<key>isa</key>
			<string>PBXFileReference</string>
			<key>lastKnownFileType</key>
			<string>sourcecode.c.h</string>
			<key>path</key>
			<string>MLCEvent.h</string>
			<key>sourceTree</key>
			<string>&lt;group&gt;</string>
		</dict>
		<key>5B42708C16B7158600DE981C</key>
		<dict>
			<key>fileEncoding</key>
			<string>4</string>
			<key>isa</key>
			<string>PBXFileReference</string>
			<key>lastKnownFileType</key>
			<string>sourcecode.c.objc</string>
			<key>path</key>
			<string>MLCEvent.m</string>
			<key>sourceTree</key>
			<string>&lt;group&gt;</string>
		</dict>
		<key>5B42708D16B7158600DE981C</key>
		<dict>
			<key>fileEncoding</key>
			<string>4</string>
			<key>isa</key>
			<string>PBXFileReference</string>
			<key>lastKnownFileType</key>
			<string>sourcecode.c.h</string>
			<key>path</key>
			<string>MLCLocation.h</string>
			<key>sourceTree</key>
			<string>&lt;group&gt;</string>
		</dict>
		<key>5B42708E16B7158600DE981C</key>
		<dict>
			<key>fileEncoding</key>
			<string>4</string>
			<key>isa</key>
			<string>PBXFileReference</string>
			<key>lastKnownFileType</key>
			<string>sourcecode.c.objc</string>
			<key>path</key>
			<string>MLCLocation.m</string>
			<key>sourceTree</key>
			<string>&lt;group&gt;</string>
		</dict>
		<key>5B42708F16B7158600DE981C</key>
		<dict>
			<key>fileEncoding</key>
			<string>4</string>
			<key>isa</key>
			<string>PBXFileReference</string>
			<key>lastKnownFileType</key>
			<string>sourcecode.c.h</string>
			<key>path</key>
			<string>MLCMedia.h</string>
			<key>sourceTree</key>
			<string>&lt;group&gt;</string>
		</dict>
		<key>5B42709016B7158600DE981C</key>
		<dict>
			<key>fileEncoding</key>
			<string>4</string>
			<key>isa</key>
			<string>PBXFileReference</string>
			<key>lastKnownFileType</key>
			<string>sourcecode.c.objc</string>
			<key>path</key>
			<string>MLCMedia.m</string>
			<key>sourceTree</key>
			<string>&lt;group&gt;</string>
		</dict>
		<key>5B42709116B7158600DE981C</key>
		<dict>
			<key>fileEncoding</key>
			<string>4</string>
			<key>isa</key>
			<string>PBXFileReference</string>
			<key>lastKnownFileType</key>
			<string>sourcecode.c.h</string>
			<key>path</key>
			<string>MLCEntity.h</string>
			<key>sourceTree</key>
			<string>&lt;group&gt;</string>
		</dict>
		<key>5B42709216B7158600DE981C</key>
		<dict>
			<key>fileEncoding</key>
			<string>4</string>
			<key>isa</key>
			<string>PBXFileReference</string>
			<key>lastKnownFileType</key>
			<string>sourcecode.c.objc</string>
			<key>path</key>
			<string>MLCEntity.m</string>
			<key>sourceTree</key>
			<string>&lt;group&gt;</string>
		</dict>
		<key>5B42709316B7158600DE981C</key>
		<dict>
			<key>fileEncoding</key>
			<string>4</string>
			<key>isa</key>
			<string>PBXFileReference</string>
			<key>lastKnownFileType</key>
			<string>sourcecode.c.h</string>
			<key>path</key>
			<string>MLCEntityProtocol.h</string>
			<key>sourceTree</key>
			<string>&lt;group&gt;</string>
		</dict>
		<key>5B42709416B7158600DE981C</key>
		<dict>
			<key>fileEncoding</key>
			<string>4</string>
			<key>isa</key>
			<string>PBXFileReference</string>
			<key>lastKnownFileType</key>
			<string>sourcecode.c.h</string>
			<key>path</key>
			<string>MLCUser.h</string>
			<key>sourceTree</key>
			<string>&lt;group&gt;</string>
		</dict>
		<key>5B42709516B7158600DE981C</key>
		<dict>
			<key>fileEncoding</key>
			<string>4</string>
			<key>isa</key>
			<string>PBXFileReference</string>
			<key>lastKnownFileType</key>
			<string>sourcecode.c.objc</string>
			<key>path</key>
			<string>MLCUser.m</string>
			<key>sourceTree</key>
			<string>&lt;group&gt;</string>
		</dict>
		<key>5B4270B016B71E9A00DE981C</key>
		<dict>
			<key>fileEncoding</key>
			<string>4</string>
			<key>isa</key>
			<string>PBXFileReference</string>
			<key>lastKnownFileType</key>
			<string>sourcecode.c.h</string>
			<key>path</key>
			<string>MLCSettingsService.h</string>
			<key>sourceTree</key>
			<string>&lt;group&gt;</string>
		</dict>
		<key>5B4270B116B71E9A00DE981C</key>
		<dict>
			<key>fileEncoding</key>
			<string>4</string>
			<key>isa</key>
			<string>PBXFileReference</string>
			<key>lastKnownFileType</key>
			<string>sourcecode.c.objc</string>
			<key>path</key>
			<string>MLCSettingsService.m</string>
			<key>sourceTree</key>
			<string>&lt;group&gt;</string>
		</dict>
		<key>5B4270B216B71E9A00DE981C</key>
		<dict>
			<key>fileRef</key>
			<string>5B4270B116B71E9A00DE981C</string>
			<key>isa</key>
			<string>PBXBuildFile</string>
		</dict>
		<key>5B4270B316B7214A00DE981C</key>
		<dict>
			<key>fileEncoding</key>
			<string>4</string>
			<key>isa</key>
			<string>PBXFileReference</string>
			<key>lastKnownFileType</key>
			<string>sourcecode.c.h</string>
			<key>path</key>
			<string>MLCMetricsService.h</string>
			<key>sourceTree</key>
			<string>&lt;group&gt;</string>
		</dict>
		<key>5B4270B416B7214B00DE981C</key>
		<dict>
			<key>fileEncoding</key>
			<string>4</string>
			<key>isa</key>
			<string>PBXFileReference</string>
			<key>lastKnownFileType</key>
			<string>sourcecode.c.objc</string>
			<key>path</key>
			<string>MLCMetricsService.m</string>
			<key>sourceTree</key>
			<string>&lt;group&gt;</string>
		</dict>
		<key>5B4270B516B7214B00DE981C</key>
		<dict>
			<key>fileRef</key>
			<string>5B4270B416B7214B00DE981C</string>
			<key>isa</key>
			<string>PBXBuildFile</string>
		</dict>
		<key>5B4270B616B7216C00DE981C</key>
		<dict>
			<key>fileEncoding</key>
			<string>4</string>
			<key>isa</key>
			<string>PBXFileReference</string>
			<key>lastKnownFileType</key>
			<string>sourcecode.c.h</string>
			<key>path</key>
			<string>MLCMetric.h</string>
			<key>sourceTree</key>
			<string>&lt;group&gt;</string>
		</dict>
		<key>5B4270B716B7216C00DE981C</key>
		<dict>
			<key>fileEncoding</key>
			<string>4</string>
			<key>isa</key>
			<string>PBXFileReference</string>
			<key>lastKnownFileType</key>
			<string>sourcecode.c.objc</string>
			<key>path</key>
			<string>MLCMetric.m</string>
			<key>sourceTree</key>
			<string>&lt;group&gt;</string>
		</dict>
		<key>5B4270B816B7216C00DE981C</key>
		<dict>
			<key>fileRef</key>
			<string>5B4270B716B7216C00DE981C</string>
			<key>isa</key>
			<string>PBXBuildFile</string>
		</dict>
		<key>5B4A796216BACA00000C39A4</key>
		<dict>
			<key>fileEncoding</key>
			<string>4</string>
			<key>isa</key>
			<string>PBXFileReference</string>
			<key>lastKnownFileType</key>
			<string>sourcecode.c.h</string>
			<key>path</key>
			<string>MLCDeal.h</string>
			<key>sourceTree</key>
			<string>&lt;group&gt;</string>
		</dict>
		<key>5B4A796316BACA00000C39A4</key>
		<dict>
			<key>fileEncoding</key>
			<string>4</string>
			<key>isa</key>
			<string>PBXFileReference</string>
			<key>lastKnownFileType</key>
			<string>sourcecode.c.objc</string>
			<key>path</key>
			<string>MLCDeal.m</string>
			<key>sourceTree</key>
			<string>&lt;group&gt;</string>
		</dict>
		<key>5B4A796516BACA42000C39A4</key>
		<dict>
			<key>fileEncoding</key>
			<string>4</string>
			<key>isa</key>
			<string>PBXFileReference</string>
			<key>lastKnownFileType</key>
			<string>sourcecode.c.h</string>
			<key>path</key>
			<string>MLCReward.h</string>
			<key>sourceTree</key>
			<string>&lt;group&gt;</string>
		</dict>
		<key>5B4A796616BACA42000C39A4</key>
		<dict>
			<key>fileEncoding</key>
			<string>4</string>
			<key>isa</key>
			<string>PBXFileReference</string>
			<key>lastKnownFileType</key>
			<string>sourcecode.c.objc</string>
			<key>path</key>
			<string>MLCReward.m</string>
			<key>sourceTree</key>
			<string>&lt;group&gt;</string>
		</dict>
		<key>5B4A796716BACA42000C39A4</key>
		<dict>
			<key>fileRef</key>
			<string>5B4A796616BACA42000C39A4</string>
			<key>isa</key>
			<string>PBXBuildFile</string>
		</dict>
		<key>5B4A796816BAD19C000C39A4</key>
		<dict>
			<key>fileEncoding</key>
			<string>4</string>
			<key>isa</key>
			<string>PBXFileReference</string>
			<key>lastKnownFileType</key>
			<string>sourcecode.c.h</string>
			<key>path</key>
			<string>MLCImage.h</string>
			<key>sourceTree</key>
			<string>&lt;group&gt;</string>
		</dict>
		<key>5B4A796916BAD19C000C39A4</key>
		<dict>
			<key>fileEncoding</key>
			<string>4</string>
			<key>isa</key>
			<string>PBXFileReference</string>
			<key>lastKnownFileType</key>
			<string>sourcecode.c.objc</string>
			<key>path</key>
			<string>MLCImage.m</string>
			<key>sourceTree</key>
			<string>&lt;group&gt;</string>
		</dict>
		<key>5B4A796A16BAD19C000C39A4</key>
		<dict>
			<key>fileRef</key>
			<string>5B4A796916BAD19C000C39A4</string>
			<key>isa</key>
			<string>PBXBuildFile</string>
		</dict>
		<key>5B4A796B16BAD762000C39A4</key>
		<dict>
			<key>fileEncoding</key>
			<string>4</string>
			<key>isa</key>
			<string>PBXFileReference</string>
			<key>lastKnownFileType</key>
			<string>sourcecode.c.h</string>
			<key>path</key>
			<string>MLCAffinity.h</string>
			<key>sourceTree</key>
			<string>&lt;group&gt;</string>
		</dict>
		<key>5B4A796C16BAD762000C39A4</key>
		<dict>
			<key>fileEncoding</key>
			<string>4</string>
			<key>isa</key>
			<string>PBXFileReference</string>
			<key>lastKnownFileType</key>
			<string>sourcecode.c.objc</string>
			<key>path</key>
			<string>MLCAffinity.m</string>
			<key>sourceTree</key>
			<string>&lt;group&gt;</string>
		</dict>
		<key>5B4A796D16BAD762000C39A4</key>
		<dict>
			<key>fileRef</key>
			<string>5B4A796C16BAD762000C39A4</string>
			<key>isa</key>
			<string>PBXBuildFile</string>
		</dict>
		<key>5B4A796E16BADB64000C39A4</key>
		<dict>
			<key>fileEncoding</key>
			<string>4</string>
			<key>isa</key>
			<string>PBXFileReference</string>
			<key>lastKnownFileType</key>
			<string>sourcecode.c.h</string>
			<key>path</key>
			<string>MLCPoints.h</string>
			<key>sourceTree</key>
			<string>&lt;group&gt;</string>
		</dict>
		<key>5B4A796F16BADB64000C39A4</key>
		<dict>
			<key>fileEncoding</key>
			<string>4</string>
			<key>isa</key>
			<string>PBXFileReference</string>
			<key>lastKnownFileType</key>
			<string>sourcecode.c.objc</string>
			<key>path</key>
			<string>MLCPoints.m</string>
			<key>sourceTree</key>
			<string>&lt;group&gt;</string>
		</dict>
		<key>5B4A797016BADB64000C39A4</key>
		<dict>
			<key>fileRef</key>
			<string>5B4A796F16BADB64000C39A4</string>
			<key>isa</key>
			<string>PBXBuildFile</string>
		</dict>
		<key>5B4A797116BAFCB8000C39A4</key>
		<dict>
			<key>fileEncoding</key>
			<string>4</string>
			<key>isa</key>
			<string>PBXFileReference</string>
			<key>lastKnownFileType</key>
			<string>sourcecode.c.h</string>
			<key>path</key>
			<string>MLCLeader.h</string>
			<key>sourceTree</key>
			<string>&lt;group&gt;</string>
		</dict>
		<key>5B4A797216BAFCB9000C39A4</key>
		<dict>
			<key>fileEncoding</key>
			<string>4</string>
			<key>isa</key>
			<string>PBXFileReference</string>
			<key>lastKnownFileType</key>
			<string>sourcecode.c.objc</string>
			<key>path</key>
			<string>MLCLeader.m</string>
			<key>sourceTree</key>
			<string>&lt;group&gt;</string>
		</dict>
		<key>5B4A797316BAFCB9000C39A4</key>
		<dict>
			<key>fileRef</key>
			<string>5B4A797216BAFCB9000C39A4</string>
			<key>isa</key>
			<string>PBXBuildFile</string>
		</dict>
		<key>5B4A797416BAFD4D000C39A4</key>
		<dict>
			<key>fileEncoding</key>
			<string>4</string>
			<key>isa</key>
			<string>PBXFileReference</string>
			<key>lastKnownFileType</key>
			<string>sourcecode.c.h</string>
			<key>path</key>
			<string>MLCDealsService.h</string>
			<key>sourceTree</key>
			<string>&lt;group&gt;</string>
		</dict>
		<key>5B4A797516BAFD4D000C39A4</key>
		<dict>
			<key>fileEncoding</key>
			<string>4</string>
			<key>isa</key>
			<string>PBXFileReference</string>
			<key>lastKnownFileType</key>
			<string>sourcecode.c.objc</string>
			<key>path</key>
			<string>MLCDealsService.m</string>
			<key>sourceTree</key>
			<string>&lt;group&gt;</string>
		</dict>
		<key>5B4A797616BAFD4D000C39A4</key>
		<dict>
			<key>fileRef</key>
			<string>5B4A797516BAFD4D000C39A4</string>
			<key>isa</key>
			<string>PBXBuildFile</string>
		</dict>
		<key>5B4A798316BB1E65000C39A4</key>
		<dict>
			<key>fileEncoding</key>
			<string>4</string>
			<key>isa</key>
			<string>PBXFileReference</string>
			<key>lastKnownFileType</key>
			<string>sourcecode.c.h</string>
			<key>path</key>
			<string>MLCAffinitiesService.h</string>
			<key>sourceTree</key>
			<string>&lt;group&gt;</string>
		</dict>
		<key>5B4A798416BB1E65000C39A4</key>
		<dict>
			<key>fileEncoding</key>
			<string>4</string>
			<key>isa</key>
			<string>PBXFileReference</string>
			<key>lastKnownFileType</key>
			<string>sourcecode.c.objc</string>
			<key>path</key>
			<string>MLCAffinitiesService.m</string>
			<key>sourceTree</key>
			<string>&lt;group&gt;</string>
		</dict>
		<key>5B4A798516BB1E65000C39A4</key>
		<dict>
			<key>fileRef</key>
			<string>5B4A798416BB1E65000C39A4</string>
			<key>isa</key>
			<string>PBXBuildFile</string>
		</dict>
		<key>5B4A798616BB45F5000C39A4</key>
		<dict>
			<key>fileEncoding</key>
			<string>4</string>
			<key>isa</key>
			<string>PBXFileReference</string>
			<key>lastKnownFileType</key>
			<string>sourcecode.c.h</string>
			<key>path</key>
			<string>MLCRewardsService.h</string>
			<key>sourceTree</key>
			<string>&lt;group&gt;</string>
		</dict>
		<key>5B4A798716BB45F5000C39A4</key>
		<dict>
			<key>fileEncoding</key>
			<string>4</string>
			<key>isa</key>
			<string>PBXFileReference</string>
			<key>lastKnownFileType</key>
			<string>sourcecode.c.objc</string>
			<key>path</key>
			<string>MLCRewardsService.m</string>
			<key>sourceTree</key>
			<string>&lt;group&gt;</string>
		</dict>
		<key>5B4A798816BB45F5000C39A4</key>
		<dict>
			<key>fileRef</key>
			<string>5B4A798716BB45F5000C39A4</string>
			<key>isa</key>
			<string>PBXBuildFile</string>
		</dict>
		<key>5B4A798916BB5931000C39A4</key>
		<dict>
			<key>isa</key>
			<string>PBXFileReference</string>
			<key>lastKnownFileType</key>
			<string>sourcecode.c.h</string>
			<key>path</key>
			<string>MLCService_Private.h</string>
			<key>sourceTree</key>
			<string>&lt;group&gt;</string>
		</dict>
		<key>5B4A798A16BB6051000C39A4</key>
		<dict>
			<key>isa</key>
			<string>PBXFileReference</string>
			<key>lastKnownFileType</key>
			<string>sourcecode.c.h</string>
			<key>path</key>
			<string>MLCEntity_Private.h</string>
			<key>sourceTree</key>
			<string>&lt;group&gt;</string>
		</dict>
		<key>5B4A798B16BB6644000C39A4</key>
		<dict>
			<key>fileEncoding</key>
			<string>4</string>
			<key>isa</key>
			<string>PBXFileReference</string>
			<key>lastKnownFileType</key>
			<string>sourcecode.c.h</string>
			<key>path</key>
			<string>MLCServiceManager.h</string>
			<key>sourceTree</key>
			<string>&lt;group&gt;</string>
		</dict>
		<key>5B4A798E16BB667B000C39A4</key>
		<dict>
			<key>fileEncoding</key>
			<string>4</string>
			<key>isa</key>
			<string>PBXFileReference</string>
			<key>lastKnownFileType</key>
			<string>sourcecode.c.objc</string>
			<key>path</key>
			<string>MLCServiceManager.m</string>
			<key>sourceTree</key>
			<string>&lt;group&gt;</string>
		</dict>
		<key>5B4A798F16BB667B000C39A4</key>
		<dict>
			<key>fileRef</key>
			<string>5B4A798E16BB667B000C39A4</string>
			<key>isa</key>
			<string>PBXBuildFile</string>
		</dict>
		<key>5B4A799016BB710E000C39A4</key>
		<dict>
			<key>buildActionMask</key>
			<string>2147483647</string>
			<key>files</key>
			<array>
				<string>5B4A799116BB7123000C39A4</string>
				<string>5B4A799216BB712A000C39A4</string>
				<string>5B4A799316BB7132000C39A4</string>
				<string>5B4A799416BB7176000C39A4</string>
				<string>5B4A799516BB717B000C39A4</string>
				<string>5B4A799616BB718D000C39A4</string>
				<string>5B4A799716BB718D000C39A4</string>
				<string>5B4A799816BB718D000C39A4</string>
				<string>5B4A799916BB718D000C39A4</string>
				<string>5B4A799A16BB718D000C39A4</string>
				<string>5B4A799B16BB718D000C39A4</string>
				<string>5B4A799C16BB718D000C39A4</string>
				<string>5B4A799D16BB718D000C39A4</string>
				<string>5B4A799E16BB718D000C39A4</string>
				<string>5B4A799F16BB718D000C39A4</string>
				<string>5B4A79A016BB718D000C39A4</string>
				<string>5B4A79A116BB7194000C39A4</string>
				<string>5B4A79A216BB719E000C39A4</string>
				<string>5B4A79A316BB71B1000C39A4</string>
				<string>5B4A79A416BB71B1000C39A4</string>
				<string>5B4A79A516BB71B1000C39A4</string>
				<string>5B4A79A616BB71B1000C39A4</string>
				<string>5B4A79A716BB71B1000C39A4</string>
				<string>5B4A79A816BB71B1000C39A4</string>
				<string>5B4A79A916BB71B1000C39A4</string>
				<string>5B4A79AA16BB71B1000C39A4</string>
				<string>5B4A79AB16BB71B1000C39A4</string>
				<string>5B4A79AC16BB71B1000C39A4</string>
				<string>5BC1AB3216BBABD500E91D79</string>
				<string>5BC1AB3616BBBE0700E91D79</string>
				<string>5BC1AB3E16BBC1E200E91D79</string>
				<string>5BC1AB4C16BC646E00E91D79</string>
				<string>5B13EEF216C1C3CF00CFE2B5</string>
				<string>5B13EEF516C1C6BE00CFE2B5</string>
			</array>
			<key>isa</key>
			<string>PBXHeadersBuildPhase</string>
			<key>runOnlyForDeploymentPostprocessing</key>
			<string>0</string>
		</dict>
		<key>5B4A799116BB7123000C39A4</key>
		<dict>
			<key>fileRef</key>
			<string>5BECA8EA16A850DF00F0E4B5</string>
			<key>isa</key>
			<string>PBXBuildFile</string>
			<key>settings</key>
			<dict>
				<key>ATTRIBUTES</key>
				<array>
					<string>Public</string>
				</array>
			</dict>
		</dict>
		<key>5B4A799216BB712A000C39A4</key>
		<dict>
			<key>fileRef</key>
			<string>5B4A798B16BB6644000C39A4</string>
			<key>isa</key>
			<string>PBXBuildFile</string>
			<key>settings</key>
			<dict>
				<key>ATTRIBUTES</key>
				<array>
					<string>Public</string>
				</array>
			</dict>
		</dict>
		<key>5B4A799316BB7132000C39A4</key>
		<dict>
			<key>fileRef</key>
			<string>5B42709116B7158600DE981C</string>
			<key>isa</key>
			<string>PBXBuildFile</string>
			<key>settings</key>
			<dict>
				<key>ATTRIBUTES</key>
				<array>
					<string>Public</string>
				</array>
			</dict>
		</dict>
		<key>5B4A799416BB7176000C39A4</key>
		<dict>
			<key>fileRef</key>
			<string>5B4A798A16BB6051000C39A4</string>
			<key>isa</key>
			<string>PBXBuildFile</string>
			<key>settings</key>
			<dict>
				<key>ATTRIBUTES</key>
				<array>
					<string>Private</string>
				</array>
			</dict>
		</dict>
		<key>5B4A799516BB717B000C39A4</key>
		<dict>
			<key>fileRef</key>
			<string>5B42709316B7158600DE981C</string>
			<key>isa</key>
			<string>PBXBuildFile</string>
			<key>settings</key>
			<dict>
				<key>ATTRIBUTES</key>
				<array>
					<string>Public</string>
				</array>
			</dict>
		</dict>
		<key>5B4A799616BB718D000C39A4</key>
		<dict>
			<key>fileRef</key>
			<string>5B4A796B16BAD762000C39A4</string>
			<key>isa</key>
			<string>PBXBuildFile</string>
			<key>settings</key>
			<dict>
				<key>ATTRIBUTES</key>
				<array>
					<string>Public</string>
				</array>
			</dict>
		</dict>
		<key>5B4A799716BB718D000C39A4</key>
		<dict>
			<key>fileRef</key>
			<string>5B4A796216BACA00000C39A4</string>
			<key>isa</key>
			<string>PBXBuildFile</string>
			<key>settings</key>
			<dict>
				<key>ATTRIBUTES</key>
				<array>
					<string>Public</string>
				</array>
			</dict>
		</dict>
		<key>5B4A799816BB718D000C39A4</key>
		<dict>
			<key>fileRef</key>
			<string>5B42708B16B7158600DE981C</string>
			<key>isa</key>
			<string>PBXBuildFile</string>
			<key>settings</key>
			<dict>
				<key>ATTRIBUTES</key>
				<array>
					<string>Public</string>
				</array>
			</dict>
		</dict>
		<key>5B4A799916BB718D000C39A4</key>
		<dict>
			<key>fileRef</key>
			<string>5B4A796816BAD19C000C39A4</string>
			<key>isa</key>
			<string>PBXBuildFile</string>
			<key>settings</key>
			<dict>
				<key>ATTRIBUTES</key>
				<array>
					<string>Public</string>
				</array>
			</dict>
		</dict>
		<key>5B4A799A16BB718D000C39A4</key>
		<dict>
			<key>fileRef</key>
			<string>5B4A797116BAFCB8000C39A4</string>
			<key>isa</key>
			<string>PBXBuildFile</string>
			<key>settings</key>
			<dict>
				<key>ATTRIBUTES</key>
				<array>
					<string>Public</string>
				</array>
			</dict>
		</dict>
		<key>5B4A799B16BB718D000C39A4</key>
		<dict>
			<key>fileRef</key>
			<string>5B42708D16B7158600DE981C</string>
			<key>isa</key>
			<string>PBXBuildFile</string>
			<key>settings</key>
			<dict>
				<key>ATTRIBUTES</key>
				<array>
					<string>Public</string>
				</array>
			</dict>
		</dict>
		<key>5B4A799C16BB718D000C39A4</key>
		<dict>
			<key>fileRef</key>
			<string>5B42708F16B7158600DE981C</string>
			<key>isa</key>
			<string>PBXBuildFile</string>
			<key>settings</key>
			<dict>
				<key>ATTRIBUTES</key>
				<array>
					<string>Public</string>
				</array>
			</dict>
		</dict>
		<key>5B4A799D16BB718D000C39A4</key>
		<dict>
			<key>fileRef</key>
			<string>5B4270B616B7216C00DE981C</string>
			<key>isa</key>
			<string>PBXBuildFile</string>
			<key>settings</key>
			<dict>
				<key>ATTRIBUTES</key>
				<array>
					<string>Public</string>
				</array>
			</dict>
		</dict>
		<key>5B4A799E16BB718D000C39A4</key>
		<dict>
			<key>fileRef</key>
			<string>5B4A796E16BADB64000C39A4</string>
			<key>isa</key>
			<string>PBXBuildFile</string>
			<key>settings</key>
			<dict>
				<key>ATTRIBUTES</key>
				<array>
					<string>Public</string>
				</array>
			</dict>
		</dict>
		<key>5B4A799F16BB718D000C39A4</key>
		<dict>
			<key>fileRef</key>
			<string>5B4A796516BACA42000C39A4</string>
			<key>isa</key>
			<string>PBXBuildFile</string>
			<key>settings</key>
			<dict>
				<key>ATTRIBUTES</key>
				<array>
					<string>Public</string>
				</array>
			</dict>
		</dict>
		<key>5B4A79A016BB718D000C39A4</key>
		<dict>
			<key>fileRef</key>
			<string>5B42709416B7158600DE981C</string>
			<key>isa</key>
			<string>PBXBuildFile</string>
			<key>settings</key>
			<dict>
				<key>ATTRIBUTES</key>
				<array>
					<string>Public</string>
				</array>
			</dict>
		</dict>
		<key>5B4A79A116BB7194000C39A4</key>
		<dict>
			<key>fileRef</key>
			<string>5B42708916B7158600DE981C</string>
			<key>isa</key>
			<string>PBXBuildFile</string>
			<key>settings</key>
			<dict>
				<key>ATTRIBUTES</key>
				<array>
					<string>Private</string>
				</array>
			</dict>
		</dict>
		<key>5B4A79A216BB719E000C39A4</key>
		<dict>
			<key>fileRef</key>
			<string>5B4A798916BB5931000C39A4</string>
			<key>isa</key>
			<string>PBXBuildFile</string>
			<key>settings</key>
			<dict>
				<key>ATTRIBUTES</key>
				<array>
					<string>Private</string>
				</array>
			</dict>
		</dict>
		<key>5B4A79A316BB71B1000C39A4</key>
		<dict>
			<key>fileRef</key>
			<string>5B42708216B7158600DE981C</string>
			<key>isa</key>
			<string>PBXBuildFile</string>
			<key>settings</key>
			<dict>
				<key>ATTRIBUTES</key>
				<array>
					<string>Public</string>
				</array>
			</dict>
		</dict>
		<key>5B4A79A416BB71B1000C39A4</key>
		<dict>
			<key>fileRef</key>
			<string>5B4A798316BB1E65000C39A4</string>
			<key>isa</key>
			<string>PBXBuildFile</string>
			<key>settings</key>
			<dict>
				<key>ATTRIBUTES</key>
				<array>
					<string>Public</string>
				</array>
			</dict>
		</dict>
		<key>5B4A79A516BB71B1000C39A4</key>
		<dict>
			<key>fileRef</key>
			<string>5B4A797416BAFD4D000C39A4</string>
			<key>isa</key>
			<string>PBXBuildFile</string>
			<key>settings</key>
			<dict>
				<key>ATTRIBUTES</key>
				<array>
					<string>Public</string>
				</array>
			</dict>
		</dict>
		<key>5B4A79A616BB71B1000C39A4</key>
		<dict>
			<key>fileRef</key>
			<string>5B42707C16B7158600DE981C</string>
			<key>isa</key>
			<string>PBXBuildFile</string>
			<key>settings</key>
			<dict>
				<key>ATTRIBUTES</key>
				<array>
					<string>Public</string>
				</array>
			</dict>
		</dict>
		<key>5B4A79A716BB71B1000C39A4</key>
		<dict>
			<key>fileRef</key>
			<string>5B42707E16B7158600DE981C</string>
			<key>isa</key>
			<string>PBXBuildFile</string>
			<key>settings</key>
			<dict>
				<key>ATTRIBUTES</key>
				<array>
					<string>Public</string>
				</array>
			</dict>
		</dict>
		<key>5B4A79A816BB71B1000C39A4</key>
		<dict>
			<key>fileRef</key>
			<string>5B42708016B7158600DE981C</string>
			<key>isa</key>
			<string>PBXBuildFile</string>
			<key>settings</key>
			<dict>
				<key>ATTRIBUTES</key>
				<array>
					<string>Public</string>
				</array>
			</dict>
		</dict>
		<key>5B4A79A916BB71B1000C39A4</key>
		<dict>
			<key>fileRef</key>
			<string>5B4270B316B7214A00DE981C</string>
			<key>isa</key>
			<string>PBXBuildFile</string>
			<key>settings</key>
			<dict>
				<key>ATTRIBUTES</key>
				<array>
					<string>Public</string>
				</array>
			</dict>
		</dict>
		<key>5B4A79AA16BB71B1000C39A4</key>
		<dict>
			<key>fileRef</key>
			<string>5B4A798616BB45F5000C39A4</string>
			<key>isa</key>
			<string>PBXBuildFile</string>
			<key>settings</key>
			<dict>
				<key>ATTRIBUTES</key>
				<array>
					<string>Public</string>
				</array>
			</dict>
		</dict>
		<key>5B4A79AB16BB71B1000C39A4</key>
		<dict>
			<key>fileRef</key>
			<string>5B4270B016B71E9A00DE981C</string>
			<key>isa</key>
			<string>PBXBuildFile</string>
			<key>settings</key>
			<dict>
				<key>ATTRIBUTES</key>
				<array>
					<string>Public</string>
				</array>
			</dict>
		</dict>
		<key>5B4A79AC16BB71B1000C39A4</key>
		<dict>
			<key>fileRef</key>
			<string>5B42708616B7158600DE981C</string>
			<key>isa</key>
			<string>PBXBuildFile</string>
			<key>settings</key>
			<dict>
				<key>ATTRIBUTES</key>
				<array>
					<string>Public</string>
				</array>
			</dict>
		</dict>
		<key>5B4A79AD16BB7273000C39A4</key>
		<dict>
			<key>buildActionMask</key>
			<string>2147483647</string>
			<key>files</key>
			<array/>
			<key>inputPaths</key>
			<array/>
			<key>isa</key>
			<string>PBXShellScriptBuildPhase</string>
			<key>name</key>
			<string>Prepare Framework</string>
			<key>outputPaths</key>
			<array/>
			<key>runOnlyForDeploymentPostprocessing</key>
			<string>0</string>
			<key>shellPath</key>
			<string>/bin/sh</string>
			<key>shellScript</key>
			<string>set -e

mkdir -p "${BUILT_PRODUCTS_DIR}/${PRODUCT_NAME}.framework/Versions/A/Headers"

# Link the "Current" version to "A"
/bin/ln -sfh A "${BUILT_PRODUCTS_DIR}/${PRODUCT_NAME}.framework/Versions/Current"
/bin/ln -sfh Versions/Current/Headers "${BUILT_PRODUCTS_DIR}/${PRODUCT_NAME}.framework/Headers"
/bin/ln -sfh "Versions/Current/${PRODUCT_NAME}" "${BUILT_PRODUCTS_DIR}/${PRODUCT_NAME}.framework/${PRODUCT_NAME}"

# The -a ensures that the headers maintain the source modification date so that we don't constantly
# cause propagating rebuilds of files that import these headers.
/bin/cp -a "${TARGET_BUILD_DIR}/${PUBLIC_HEADERS_FOLDER_PATH}/" "${BUILT_PRODUCTS_DIR}/${PRODUCT_NAME}.framework/Versions/A/Headers"

echo "BUILT_PRODUCTS_DIR " $BUILT_PRODUCTS_DIR
echo "PROJECT_DIR " $PROJECT_DIR
echo "HEADER_SEARCH_PATHS " $HEADER_SEARCH_PATHS
echo "PUBLIC_HEADERS_FOLDER_PATH " $PUBLIC_HEADERS_FOLDER_PATH</string>
		</dict>
		<key>5B4A79B116BB73A5000C39A4</key>
		<dict>
			<key>buildConfigurationList</key>
			<string>5B4A79B216BB73A5000C39A4</string>
			<key>buildPhases</key>
			<array>
				<string>5B4A79B716BB73CD000C39A4</string>
			</array>
			<key>dependencies</key>
			<array>
				<string>5B4A79B616BB73AD000C39A4</string>
			</array>
			<key>isa</key>
			<string>PBXAggregateTarget</string>
			<key>name</key>
			<string>Framework</string>
			<key>productName</key>
			<string>Framework</string>
		</dict>
		<key>5B4A79B216BB73A5000C39A4</key>
		<dict>
			<key>buildConfigurations</key>
			<array>
				<string>5B4A79B316BB73A5000C39A4</string>
				<string>5B4A79B416BB73A5000C39A4</string>
			</array>
			<key>defaultConfigurationIsVisible</key>
			<string>0</string>
			<key>defaultConfigurationName</key>
			<string>Release</string>
			<key>isa</key>
			<string>XCConfigurationList</string>
		</dict>
		<key>5B4A79B316BB73A5000C39A4</key>
		<dict>
			<key>buildSettings</key>
			<dict>
				<key>PRODUCT_NAME</key>
				<string>$(TARGET_NAME)</string>
			</dict>
			<key>isa</key>
			<string>XCBuildConfiguration</string>
			<key>name</key>
			<string>Debug</string>
		</dict>
		<key>5B4A79B416BB73A5000C39A4</key>
		<dict>
			<key>buildSettings</key>
			<dict>
				<key>PRODUCT_NAME</key>
				<string>$(TARGET_NAME)</string>
			</dict>
			<key>isa</key>
			<string>XCBuildConfiguration</string>
			<key>name</key>
			<string>Release</string>
		</dict>
		<key>5B4A79B516BB73AD000C39A4</key>
		<dict>
			<key>containerPortal</key>
			<string>5BECA8D916A850DF00F0E4B5</string>
			<key>isa</key>
			<string>PBXContainerItemProxy</string>
			<key>proxyType</key>
			<string>1</string>
			<key>remoteGlobalIDString</key>
			<string>5BECA8E116A850DF00F0E4B5</string>
			<key>remoteInfo</key>
			<string>MoblicoSDK</string>
		</dict>
		<key>5B4A79B616BB73AD000C39A4</key>
		<dict>
			<key>isa</key>
			<string>PBXTargetDependency</string>
			<key>target</key>
			<string>5BECA8E116A850DF00F0E4B5</string>
			<key>targetProxy</key>
			<string>5B4A79B516BB73AD000C39A4</string>
		</dict>
		<key>5B4A79B716BB73CD000C39A4</key>
		<dict>
			<key>buildActionMask</key>
			<string>12</string>
			<key>files</key>
			<array/>
			<key>inputPaths</key>
			<array/>
			<key>isa</key>
			<string>PBXShellScriptBuildPhase</string>
			<key>name</key>
			<string>Build Framework</string>
			<key>outputPaths</key>
			<array/>
			<key>runOnlyForDeploymentPostprocessing</key>
			<string>0</string>
			<key>shellPath</key>
			<string>/bin/sh</string>
			<key>shellScript</key>
			<string>script_file="build_framework.sh"

echo "Running a custom build phase script: $script_file"
${PROJECT_DIR}/scripts/${script_file}
scriptExitStatus=$?
echo "DONE with script: ${script_file} (exitStatus=${scriptExitStatus})\n\n"
exit "${scriptExitStatus}"</string>
		</dict>
		<key>5BC1AB1216BB7B0100E91D79</key>
		<dict>
			<key>fileRef</key>
			<string>5B42709216B7158600DE981C</string>
			<key>isa</key>
			<string>PBXBuildFile</string>
		</dict>
		<key>5BC1AB1B16BB7B1300E91D79</key>
		<dict>
			<key>fileRef</key>
			<string>5B42708A16B7158600DE981C</string>
			<key>isa</key>
			<string>PBXBuildFile</string>
		</dict>
		<key>5BC1AB1C16BB7B1300E91D79</key>
		<dict>
			<key>fileRef</key>
			<string>5B42708C16B7158600DE981C</string>
			<key>isa</key>
			<string>PBXBuildFile</string>
		</dict>
		<key>5BC1AB1D16BB7B1300E91D79</key>
		<dict>
			<key>fileRef</key>
			<string>5B42708E16B7158600DE981C</string>
			<key>isa</key>
			<string>PBXBuildFile</string>
		</dict>
		<key>5BC1AB1E16BB7B1300E91D79</key>
		<dict>
			<key>fileRef</key>
			<string>5B42709016B7158600DE981C</string>
			<key>isa</key>
			<string>PBXBuildFile</string>
		</dict>
		<key>5BC1AB1F16BB7B1300E91D79</key>
		<dict>
			<key>fileRef</key>
			<string>5B42709516B7158600DE981C</string>
			<key>isa</key>
			<string>PBXBuildFile</string>
		</dict>
		<key>5BC1AB2516BB7B1A00E91D79</key>
		<dict>
			<key>fileRef</key>
			<string>5B42707D16B7158600DE981C</string>
			<key>isa</key>
			<string>PBXBuildFile</string>
		</dict>
		<key>5BC1AB2616BB7B1A00E91D79</key>
		<dict>
			<key>fileRef</key>
			<string>5B42707F16B7158600DE981C</string>
			<key>isa</key>
			<string>PBXBuildFile</string>
		</dict>
		<key>5BC1AB2716BB7B1A00E91D79</key>
		<dict>
			<key>fileRef</key>
			<string>5B42708116B7158600DE981C</string>
			<key>isa</key>
			<string>PBXBuildFile</string>
		</dict>
		<key>5BC1AB2816BB7B1A00E91D79</key>
		<dict>
			<key>fileRef</key>
			<string>5B42708716B7158600DE981C</string>
			<key>isa</key>
			<string>PBXBuildFile</string>
		</dict>
		<key>5BC1AB3016BBABD500E91D79</key>
		<dict>
			<key>fileEncoding</key>
			<string>4</string>
			<key>isa</key>
			<string>PBXFileReference</string>
			<key>lastKnownFileType</key>
			<string>sourcecode.c.h</string>
			<key>path</key>
			<string>MLCLeaderboardService.h</string>
			<key>sourceTree</key>
			<string>&lt;group&gt;</string>
		</dict>
		<key>5BC1AB3116BBABD500E91D79</key>
		<dict>
			<key>fileEncoding</key>
			<string>4</string>
			<key>isa</key>
			<string>PBXFileReference</string>
			<key>lastKnownFileType</key>
			<string>sourcecode.c.objc</string>
			<key>path</key>
			<string>MLCLeaderboardService.m</string>
			<key>sourceTree</key>
			<string>&lt;group&gt;</string>
		</dict>
		<key>5BC1AB3216BBABD500E91D79</key>
		<dict>
			<key>fileRef</key>
			<string>5BC1AB3016BBABD500E91D79</string>
			<key>isa</key>
			<string>PBXBuildFile</string>
			<key>settings</key>
			<dict>
				<key>ATTRIBUTES</key>
				<array>
					<string>Public</string>
				</array>
			</dict>
		</dict>
		<key>5BC1AB3316BBABD500E91D79</key>
		<dict>
			<key>fileRef</key>
			<string>5BC1AB3116BBABD500E91D79</string>
			<key>isa</key>
			<string>PBXBuildFile</string>
		</dict>
		<key>5BC1AB3416BBBE0700E91D79</key>
		<dict>
			<key>fileEncoding</key>
			<string>4</string>
			<key>isa</key>
			<string>PBXFileReference</string>
			<key>lastKnownFileType</key>
			<string>sourcecode.c.h</string>
			<key>path</key>
			<string>MLCPointsService.h</string>
			<key>sourceTree</key>
			<string>&lt;group&gt;</string>
		</dict>
		<key>5BC1AB3516BBBE0700E91D79</key>
		<dict>
			<key>fileEncoding</key>
			<string>4</string>
			<key>isa</key>
			<string>PBXFileReference</string>
			<key>lastKnownFileType</key>
			<string>sourcecode.c.objc</string>
			<key>path</key>
			<string>MLCPointsService.m</string>
			<key>sourceTree</key>
			<string>&lt;group&gt;</string>
		</dict>
		<key>5BC1AB3616BBBE0700E91D79</key>
		<dict>
			<key>fileRef</key>
			<string>5BC1AB3416BBBE0700E91D79</string>
			<key>isa</key>
			<string>PBXBuildFile</string>
			<key>settings</key>
			<dict>
				<key>ATTRIBUTES</key>
				<array>
					<string>Public</string>
				</array>
			</dict>
		</dict>
		<key>5BC1AB3716BBBE0700E91D79</key>
		<dict>
			<key>fileRef</key>
			<string>5BC1AB3516BBBE0700E91D79</string>
			<key>isa</key>
			<string>PBXBuildFile</string>
		</dict>
		<key>5BC1AB3C16BBC1E200E91D79</key>
		<dict>
			<key>fileEncoding</key>
			<string>4</string>
			<key>isa</key>
			<string>PBXFileReference</string>
			<key>lastKnownFileType</key>
			<string>sourcecode.c.h</string>
			<key>path</key>
			<string>MLCStatus.h</string>
			<key>sourceTree</key>
			<string>&lt;group&gt;</string>
		</dict>
		<key>5BC1AB3D16BBC1E200E91D79</key>
		<dict>
			<key>fileEncoding</key>
			<string>4</string>
			<key>isa</key>
			<string>PBXFileReference</string>
			<key>lastKnownFileType</key>
			<string>sourcecode.c.objc</string>
			<key>path</key>
			<string>MLCStatus.m</string>
			<key>sourceTree</key>
			<string>&lt;group&gt;</string>
		</dict>
		<key>5BC1AB3E16BBC1E200E91D79</key>
		<dict>
			<key>fileRef</key>
			<string>5BC1AB3C16BBC1E200E91D79</string>
			<key>isa</key>
			<string>PBXBuildFile</string>
			<key>settings</key>
			<dict>
				<key>ATTRIBUTES</key>
				<array>
					<string>Public</string>
				</array>
			</dict>
		</dict>
		<key>5BC1AB3F16BBC1E200E91D79</key>
		<dict>
			<key>fileRef</key>
			<string>5BC1AB3D16BBC1E200E91D79</string>
			<key>isa</key>
			<string>PBXBuildFile</string>
		</dict>
		<key>5BC1AB4016BBF9F600E91D79</key>
		<dict>
			<key>buildConfigurationList</key>
			<string>5BC1AB4116BBF9F700E91D79</string>
			<key>buildPhases</key>
			<array>
				<string>5BC1AB4616BBFA4900E91D79</string>
			</array>
			<key>dependencies</key>
			<array>
				<string>5BC1AB4516BBFA0800E91D79</string>
			</array>
			<key>isa</key>
			<string>PBXAggregateTarget</string>
			<key>name</key>
			<string>Documentation</string>
			<key>productName</key>
			<string>Documentation</string>
		</dict>
		<key>5BC1AB4116BBF9F700E91D79</key>
		<dict>
			<key>buildConfigurations</key>
			<array>
				<string>5BC1AB4216BBF9F700E91D79</string>
				<string>5BC1AB4316BBF9F700E91D79</string>
			</array>
			<key>defaultConfigurationIsVisible</key>
			<string>0</string>
			<key>defaultConfigurationName</key>
			<string>Release</string>
			<key>isa</key>
			<string>XCConfigurationList</string>
		</dict>
		<key>5BC1AB4216BBF9F700E91D79</key>
		<dict>
			<key>buildSettings</key>
			<dict>
				<key>PRODUCT_NAME</key>
				<string>$(TARGET_NAME)</string>
			</dict>
			<key>isa</key>
			<string>XCBuildConfiguration</string>
			<key>name</key>
			<string>Debug</string>
		</dict>
		<key>5BC1AB4316BBF9F700E91D79</key>
		<dict>
			<key>buildSettings</key>
			<dict>
				<key>PRODUCT_NAME</key>
				<string>$(TARGET_NAME)</string>
			</dict>
			<key>isa</key>
			<string>XCBuildConfiguration</string>
			<key>name</key>
			<string>Release</string>
		</dict>
		<key>5BC1AB4416BBFA0800E91D79</key>
		<dict>
			<key>containerPortal</key>
			<string>5BECA8D916A850DF00F0E4B5</string>
			<key>isa</key>
			<string>PBXContainerItemProxy</string>
			<key>proxyType</key>
			<string>1</string>
			<key>remoteGlobalIDString</key>
			<string>5B4A79B116BB73A5000C39A4</string>
			<key>remoteInfo</key>
			<string>Framework</string>
		</dict>
		<key>5BC1AB4516BBFA0800E91D79</key>
		<dict>
			<key>isa</key>
			<string>PBXTargetDependency</string>
			<key>target</key>
			<string>5B4A79B116BB73A5000C39A4</string>
			<key>targetProxy</key>
			<string>5BC1AB4416BBFA0800E91D79</string>
		</dict>
		<key>5BC1AB4616BBFA4900E91D79</key>
		<dict>
			<key>buildActionMask</key>
			<string>2147483647</string>
			<key>files</key>
			<array/>
			<key>inputPaths</key>
			<array/>
			<key>isa</key>
			<string>PBXShellScriptBuildPhase</string>
			<key>name</key>
			<string>Create Documentation</string>
			<key>outputPaths</key>
			<array/>
			<key>runOnlyForDeploymentPostprocessing</key>
			<string>0</string>
			<key>shellPath</key>
			<string>/bin/sh</string>
			<key>shellScript</key>
			<string>script_file="create_documentation.sh"

echo "Running a custom build phase script: $script_file"
${PROJECT_DIR}/scripts/${script_file}
scriptExitStatus=$?
echo "DONE with script: ${script_file} (exitStatus=${scriptExitStatus})\n\n"
exit "${scriptExitStatus}"</string>
		</dict>
		<key>5BC1AB4A16BC646E00E91D79</key>
		<dict>
			<key>fileEncoding</key>
			<string>4</string>
			<key>isa</key>
			<string>PBXFileReference</string>
			<key>lastKnownFileType</key>
			<string>sourcecode.c.h</string>
			<key>path</key>
			<string>MLCAuthenticationService.h</string>
			<key>sourceTree</key>
			<string>&lt;group&gt;</string>
		</dict>
		<key>5BC1AB4B16BC646E00E91D79</key>
		<dict>
			<key>fileEncoding</key>
			<string>4</string>
			<key>isa</key>
			<string>PBXFileReference</string>
			<key>lastKnownFileType</key>
			<string>sourcecode.c.objc</string>
			<key>path</key>
			<string>MLCAuthenticationService.m</string>
			<key>sourceTree</key>
			<string>&lt;group&gt;</string>
		</dict>
		<key>5BC1AB4C16BC646E00E91D79</key>
		<dict>
			<key>fileRef</key>
			<string>5BC1AB4A16BC646E00E91D79</string>
			<key>isa</key>
			<string>PBXBuildFile</string>
		</dict>
		<key>5BC1AB4D16BC646E00E91D79</key>
		<dict>
			<key>fileRef</key>
			<string>5BC1AB4B16BC646E00E91D79</string>
			<key>isa</key>
			<string>PBXBuildFile</string>
		</dict>
		<key>5BC1ABAF16BF746900E91D79</key>
		<dict>
			<key>fileRef</key>
			<string>5B42708316B7158600DE981C</string>
			<key>isa</key>
			<string>PBXBuildFile</string>
		</dict>
		<key>5BC1ABB016BF748300E91D79</key>
		<dict>
			<key>fileRef</key>
			<string>5B4A796316BACA00000C39A4</string>
			<key>isa</key>
			<string>PBXBuildFile</string>
		</dict>
		<key>5BDB77EB16CC034400E45E48</key>
		<dict>
			<key>isa</key>
			<string>PBXFileReference</string>
			<key>lastKnownFileType</key>
			<string>wrapper.framework</string>
			<key>name</key>
			<string>Security.framework</string>
			<key>path</key>
			<string>System/Library/Frameworks/Security.framework</string>
			<key>sourceTree</key>
			<string>SDKROOT</string>
		</dict>
		<key>5BDB77EC16CC034400E45E48</key>
		<dict>
			<key>fileRef</key>
			<string>5BDB77EB16CC034400E45E48</string>
			<key>isa</key>
			<string>PBXBuildFile</string>
			<key>settings</key>
			<dict>
				<key>ATTRIBUTES</key>
				<array>
					<string>Weak</string>
				</array>
			</dict>
		</dict>
		<key>5BDB77ED16CC034E00E45E48</key>
		<dict>
			<key>fileRef</key>
			<string>5BDB77EB16CC034400E45E48</string>
			<key>isa</key>
			<string>PBXBuildFile</string>
			<key>settings</key>
			<dict>
				<key>ATTRIBUTES</key>
				<array>
					<string>Weak</string>
				</array>
			</dict>
		</dict>
		<key>5BECA8D716A850DF00F0E4B5</key>
		<dict>
			<key>children</key>
			<array>
				<string>5B13EEE616C199E000CFE2B5</string>
				<string>5BECA8E716A850DF00F0E4B5</string>
				<string>5BECA8FC16A850DF00F0E4B5</string>
				<string>5BECA8E416A850DF00F0E4B5</string>
				<string>5BECA8E316A850DF00F0E4B5</string>
			</array>
			<key>indentWidth</key>
			<string>4</string>
			<key>isa</key>
			<string>PBXGroup</string>
			<key>sourceTree</key>
			<string>&lt;group&gt;</string>
			<key>tabWidth</key>
			<string>4</string>
			<key>usesTabs</key>
			<string>0</string>
		</dict>
		<key>5BECA8D916A850DF00F0E4B5</key>
		<dict>
			<key>attributes</key>
			<dict>
				<key>CLASSPREFIX</key>
				<string>MLC</string>
				<key>LastUpgradeCheck</key>
				<string>0450</string>
				<key>ORGANIZATIONNAME</key>
				<string>Moblico Solutions LLC</string>
			</dict>
			<key>buildConfigurationList</key>
			<string>5BECA8DC16A850DF00F0E4B5</string>
			<key>compatibilityVersion</key>
			<string>Xcode 3.2</string>
			<key>developmentRegion</key>
			<string>English</string>
			<key>hasScannedForEncodings</key>
			<string>0</string>
			<key>isa</key>
			<string>PBXProject</string>
			<key>knownRegions</key>
			<array>
				<string>en</string>
			</array>
			<key>mainGroup</key>
			<string>5BECA8D716A850DF00F0E4B5</string>
			<key>productRefGroup</key>
			<string>5BECA8E316A850DF00F0E4B5</string>
			<key>projectDirPath</key>
			<string></string>
			<key>projectRoot</key>
			<string></string>
			<key>targets</key>
			<array>
				<string>5BECA8E116A850DF00F0E4B5</string>
				<string>5BECA8F216A850DF00F0E4B5</string>
				<string>5B4A79B116BB73A5000C39A4</string>
				<string>5BC1AB4016BBF9F600E91D79</string>
				<string>5B13EEDF16C16E1600CFE2B5</string>
			</array>
		</dict>
		<key>5BECA8DC16A850DF00F0E4B5</key>
		<dict>
			<key>buildConfigurations</key>
			<array>
				<string>5BECA90516A850DF00F0E4B5</string>
				<string>5BECA90616A850DF00F0E4B5</string>
			</array>
			<key>defaultConfigurationIsVisible</key>
			<string>0</string>
			<key>defaultConfigurationName</key>
			<string>Release</string>
			<key>isa</key>
			<string>XCConfigurationList</string>
		</dict>
		<key>5BECA8DE16A850DF00F0E4B5</key>
		<dict>
			<key>buildActionMask</key>
			<string>2147483647</string>
			<key>files</key>
			<array>
				<string>5B4270B216B71E9A00DE981C</string>
				<string>5B4270B516B7214B00DE981C</string>
				<string>5B4270B816B7216C00DE981C</string>
				<string>5B4A796716BACA42000C39A4</string>
				<string>5B4A796A16BAD19C000C39A4</string>
				<string>5B4A796D16BAD762000C39A4</string>
				<string>5B4A797016BADB64000C39A4</string>
				<string>5B4A797316BAFCB9000C39A4</string>
				<string>5B4A797616BAFD4D000C39A4</string>
				<string>5B4A798516BB1E65000C39A4</string>
				<string>5B4A798816BB45F5000C39A4</string>
				<string>5B4A798F16BB667B000C39A4</string>
				<string>5BC1AB1216BB7B0100E91D79</string>
				<string>5BC1AB1B16BB7B1300E91D79</string>
				<string>5BC1AB1C16BB7B1300E91D79</string>
				<string>5BC1AB1D16BB7B1300E91D79</string>
				<string>5BC1AB1E16BB7B1300E91D79</string>
				<string>5BC1AB1F16BB7B1300E91D79</string>
				<string>5BC1AB2516BB7B1A00E91D79</string>
				<string>5BC1AB2616BB7B1A00E91D79</string>
				<string>5BC1AB2716BB7B1A00E91D79</string>
				<string>5BC1AB2816BB7B1A00E91D79</string>
				<string>5BC1AB3316BBABD500E91D79</string>
				<string>5BC1AB3716BBBE0700E91D79</string>
				<string>5BC1AB3F16BBC1E200E91D79</string>
				<string>5BC1AB4D16BC646E00E91D79</string>
				<string>5BC1ABAF16BF746900E91D79</string>
				<string>5BC1ABB016BF748300E91D79</string>
				<string>5B13EEF316C1C3CF00CFE2B5</string>
			</array>
			<key>isa</key>
			<string>PBXSourcesBuildPhase</string>
			<key>runOnlyForDeploymentPostprocessing</key>
			<string>0</string>
		</dict>
		<key>5BECA8DF16A850DF00F0E4B5</key>
		<dict>
			<key>buildActionMask</key>
			<string>2147483647</string>
			<key>files</key>
			<array>
				<string>5BDB77EC16CC034400E45E48</string>
				<string>5BECA8E616A850DF00F0E4B5</string>
			</array>
			<key>isa</key>
			<string>PBXFrameworksBuildPhase</string>
			<key>runOnlyForDeploymentPostprocessing</key>
			<string>0</string>
		</dict>
		<key>5BECA8E116A850DF00F0E4B5</key>
		<dict>
			<key>buildConfigurationList</key>
			<string>5BECA90716A850DF00F0E4B5</string>
			<key>buildPhases</key>
			<array>
				<string>5BECA8DE16A850DF00F0E4B5</string>
				<string>5BECA8DF16A850DF00F0E4B5</string>
				<string>5B4A799016BB710E000C39A4</string>
				<string>5B4A79AD16BB7273000C39A4</string>
				<string>05B31CABC3A1417E93806CDE</string>
			</array>
			<key>buildRules</key>
			<array/>
			<key>dependencies</key>
			<array/>
			<key>isa</key>
			<string>PBXNativeTarget</string>
			<key>name</key>
			<string>MoblicoSDK</string>
			<key>productName</key>
			<string>SDK</string>
			<key>productReference</key>
			<string>5BECA8E216A850DF00F0E4B5</string>
			<key>productType</key>
			<string>com.apple.product-type.library.static</string>
		</dict>
		<key>5BECA8E216A850DF00F0E4B5</key>
		<dict>
			<key>explicitFileType</key>
			<string>archive.ar</string>
			<key>includeInIndex</key>
			<string>0</string>
			<key>isa</key>
			<string>PBXFileReference</string>
			<key>name</key>
			<string>libMoblicoSDK.a</string>
			<key>path</key>
			<string>libMoblicoSDK.a</string>
			<key>sourceTree</key>
			<string>BUILT_PRODUCTS_DIR</string>
		</dict>
		<key>5BECA8E316A850DF00F0E4B5</key>
		<dict>
			<key>children</key>
			<array>
				<string>5BECA8E216A850DF00F0E4B5</string>
				<string>5BECA8F316A850DF00F0E4B5</string>
			</array>
			<key>isa</key>
			<string>PBXGroup</string>
			<key>name</key>
			<string>Products</string>
			<key>sourceTree</key>
			<string>&lt;group&gt;</string>
		</dict>
		<key>5BECA8E416A850DF00F0E4B5</key>
		<dict>
			<key>children</key>
			<array>
				<string>5BDB77EB16CC034400E45E48</string>
				<string>5BECA8E516A850DF00F0E4B5</string>
				<string>5BECA8F416A850DF00F0E4B5</string>
				<string>5BECA8F616A850DF00F0E4B5</string>
			</array>
			<key>isa</key>
			<string>PBXGroup</string>
			<key>name</key>
			<string>Frameworks</string>
			<key>sourceTree</key>
			<string>&lt;group&gt;</string>
		</dict>
		<key>5BECA8E516A850DF00F0E4B5</key>
		<dict>
			<key>isa</key>
			<string>PBXFileReference</string>
			<key>lastKnownFileType</key>
			<string>wrapper.framework</string>
			<key>name</key>
			<string>Foundation.framework</string>
			<key>path</key>
			<string>System/Library/Frameworks/Foundation.framework</string>
			<key>sourceTree</key>
			<string>SDKROOT</string>
		</dict>
		<key>5BECA8E616A850DF00F0E4B5</key>
		<dict>
			<key>fileRef</key>
			<string>5BECA8E516A850DF00F0E4B5</string>
			<key>isa</key>
			<string>PBXBuildFile</string>
		</dict>
		<key>5BECA8E716A850DF00F0E4B5</key>
		<dict>
			<key>children</key>
			<array>
				<string>5BECA8EA16A850DF00F0E4B5</string>
				<string>5B4A798B16BB6644000C39A4</string>
				<string>5B4A798E16BB667B000C39A4</string>
				<string>5B42708816B7158600DE981C</string>
				<string>5B42707B16B7158600DE981C</string>
				<string>5BECA8E816A850DF00F0E4B5</string>
			</array>
			<key>isa</key>
			<string>PBXGroup</string>
			<key>path</key>
			<string>MoblicoSDK</string>
			<key>sourceTree</key>
			<string>&lt;group&gt;</string>
		</dict>
		<key>5BECA8E816A850DF00F0E4B5</key>
		<dict>
			<key>children</key>
			<array>
				<string>5BECA8E916A850DF00F0E4B5</string>
			</array>
			<key>isa</key>
			<string>PBXGroup</string>
			<key>name</key>
			<string>Supporting Files</string>
			<key>sourceTree</key>
			<string>&lt;group&gt;</string>
		</dict>
		<key>5BECA8E916A850DF00F0E4B5</key>
		<dict>
			<key>isa</key>
			<string>PBXFileReference</string>
			<key>lastKnownFileType</key>
			<string>sourcecode.c.h</string>
			<key>path</key>
			<string>MoblicoSDK-Prefix.pch</string>
			<key>sourceTree</key>
			<string>&lt;group&gt;</string>
		</dict>
		<key>5BECA8EA16A850DF00F0E4B5</key>
		<dict>
			<key>isa</key>
			<string>PBXFileReference</string>
			<key>lastKnownFileType</key>
			<string>sourcecode.c.h</string>
			<key>path</key>
			<string>MoblicoSDK.h</string>
			<key>sourceTree</key>
			<string>&lt;group&gt;</string>
		</dict>
		<key>5BECA8EE16A850DF00F0E4B5</key>
		<dict>
			<key>buildActionMask</key>
			<string>2147483647</string>
			<key>files</key>
			<array>
				<string>5BECA90416A850DF00F0E4B5</string>
			</array>
			<key>isa</key>
			<string>PBXSourcesBuildPhase</string>
			<key>runOnlyForDeploymentPostprocessing</key>
			<string>0</string>
		</dict>
		<key>5BECA8EF16A850DF00F0E4B5</key>
		<dict>
			<key>buildActionMask</key>
			<string>2147483647</string>
			<key>files</key>
			<array>
				<string>5BECA8F516A850DF00F0E4B5</string>
				<string>5BECA8F716A850DF00F0E4B5</string>
				<string>5BECA8F816A850DF00F0E4B5</string>
				<string>5BECA8FB16A850DF00F0E4B5</string>
				<string>5BDB77ED16CC034E00E45E48</string>
			</array>
			<key>isa</key>
			<string>PBXFrameworksBuildPhase</string>
			<key>runOnlyForDeploymentPostprocessing</key>
			<string>0</string>
		</dict>
		<key>5BECA8F016A850DF00F0E4B5</key>
		<dict>
			<key>buildActionMask</key>
			<string>2147483647</string>
			<key>files</key>
			<array>
				<string>5BECA90116A850DF00F0E4B5</string>
			</array>
			<key>isa</key>
			<string>PBXResourcesBuildPhase</string>
			<key>runOnlyForDeploymentPostprocessing</key>
			<string>0</string>
		</dict>
		<key>5BECA8F116A850DF00F0E4B5</key>
		<dict>
			<key>buildActionMask</key>
			<string>2147483647</string>
			<key>files</key>
			<array/>
			<key>inputPaths</key>
			<array/>
			<key>isa</key>
			<string>PBXShellScriptBuildPhase</string>
			<key>outputPaths</key>
			<array/>
			<key>runOnlyForDeploymentPostprocessing</key>
			<string>0</string>
			<key>shellPath</key>
			<string>/bin/sh</string>
			<key>shellScript</key>
			<string># Run the unit tests in this test bundle.
"${SYSTEM_DEVELOPER_DIR}/Tools/RunUnitTests"
</string>
		</dict>
		<key>5BECA8F216A850DF00F0E4B5</key>
		<dict>
			<key>buildConfigurationList</key>
			<string>5BECA90A16A850DF00F0E4B5</string>
			<key>buildPhases</key>
			<array>
				<string>5BECA8EE16A850DF00F0E4B5</string>
				<string>5BECA8EF16A850DF00F0E4B5</string>
				<string>5BECA8F016A850DF00F0E4B5</string>
				<string>5BECA8F116A850DF00F0E4B5</string>
			</array>
			<key>buildRules</key>
			<array/>
			<key>dependencies</key>
			<array>
				<string>5BECA8FA16A850DF00F0E4B5</string>
			</array>
			<key>isa</key>
			<string>PBXNativeTarget</string>
			<key>name</key>
			<string>MoblicoSDKTests</string>
			<key>productName</key>
			<string>SDKTests</string>
			<key>productReference</key>
			<string>5BECA8F316A850DF00F0E4B5</string>
			<key>productType</key>
			<string>com.apple.product-type.bundle</string>
		</dict>
		<key>5BECA8F316A850DF00F0E4B5</key>
		<dict>
			<key>explicitFileType</key>
			<string>wrapper.cfbundle</string>
			<key>includeInIndex</key>
			<string>0</string>
			<key>isa</key>
			<string>PBXFileReference</string>
			<key>name</key>
			<string>MoblicoSDKTests.octest</string>
			<key>path</key>
			<string>MoblicoSDKTests.octest</string>
			<key>sourceTree</key>
			<string>BUILT_PRODUCTS_DIR</string>
		</dict>
		<key>5BECA8F416A850DF00F0E4B5</key>
		<dict>
			<key>isa</key>
			<string>PBXFileReference</string>
			<key>lastKnownFileType</key>
			<string>wrapper.framework</string>
			<key>name</key>
			<string>SenTestingKit.framework</string>
			<key>path</key>
			<string>Library/Frameworks/SenTestingKit.framework</string>
			<key>sourceTree</key>
			<string>DEVELOPER_DIR</string>
		</dict>
		<key>5BECA8F516A850DF00F0E4B5</key>
		<dict>
			<key>fileRef</key>
			<string>5BECA8F416A850DF00F0E4B5</string>
			<key>isa</key>
			<string>PBXBuildFile</string>
		</dict>
		<key>5BECA8F616A850DF00F0E4B5</key>
		<dict>
			<key>isa</key>
			<string>PBXFileReference</string>
			<key>lastKnownFileType</key>
			<string>wrapper.framework</string>
			<key>name</key>
			<string>UIKit.framework</string>
			<key>path</key>
			<string>Library/Frameworks/UIKit.framework</string>
			<key>sourceTree</key>
			<string>DEVELOPER_DIR</string>
		</dict>
		<key>5BECA8F716A850DF00F0E4B5</key>
		<dict>
			<key>fileRef</key>
			<string>5BECA8F616A850DF00F0E4B5</string>
			<key>isa</key>
			<string>PBXBuildFile</string>
		</dict>
		<key>5BECA8F816A850DF00F0E4B5</key>
		<dict>
			<key>fileRef</key>
			<string>5BECA8E516A850DF00F0E4B5</string>
			<key>isa</key>
			<string>PBXBuildFile</string>
		</dict>
		<key>5BECA8F916A850DF00F0E4B5</key>
		<dict>
			<key>containerPortal</key>
			<string>5BECA8D916A850DF00F0E4B5</string>
			<key>isa</key>
			<string>PBXContainerItemProxy</string>
			<key>proxyType</key>
			<string>1</string>
			<key>remoteGlobalIDString</key>
			<string>5BECA8E116A850DF00F0E4B5</string>
			<key>remoteInfo</key>
			<string>SDK</string>
		</dict>
		<key>5BECA8FA16A850DF00F0E4B5</key>
		<dict>
			<key>isa</key>
			<string>PBXTargetDependency</string>
			<key>target</key>
			<string>5BECA8E116A850DF00F0E4B5</string>
			<key>targetProxy</key>
			<string>5BECA8F916A850DF00F0E4B5</string>
		</dict>
		<key>5BECA8FB16A850DF00F0E4B5</key>
		<dict>
			<key>fileRef</key>
			<string>5BECA8E216A850DF00F0E4B5</string>
			<key>isa</key>
			<string>PBXBuildFile</string>
		</dict>
		<key>5BECA8FC16A850DF00F0E4B5</key>
		<dict>
			<key>children</key>
			<array>
				<string>5BECA90216A850DF00F0E4B5</string>
				<string>5BECA90316A850DF00F0E4B5</string>
				<string>5BECA8FD16A850DF00F0E4B5</string>
			</array>
			<key>isa</key>
			<string>PBXGroup</string>
			<key>path</key>
			<string>MoblicoSDKTests</string>
			<key>sourceTree</key>
			<string>&lt;group&gt;</string>
		</dict>
		<key>5BECA8FD16A850DF00F0E4B5</key>
		<dict>
			<key>children</key>
			<array>
				<string>5BECA8FE16A850DF00F0E4B5</string>
				<string>5BECA8FF16A850DF00F0E4B5</string>
			</array>
			<key>isa</key>
			<string>PBXGroup</string>
			<key>name</key>
			<string>Supporting Files</string>
			<key>sourceTree</key>
			<string>&lt;group&gt;</string>
		</dict>
		<key>5BECA8FE16A850DF00F0E4B5</key>
		<dict>
			<key>isa</key>
			<string>PBXFileReference</string>
			<key>lastKnownFileType</key>
			<string>text.plist.xml</string>
			<key>path</key>
			<string>MoblicoSDKTests-Info.plist</string>
			<key>sourceTree</key>
			<string>&lt;group&gt;</string>
		</dict>
		<key>5BECA8FF16A850DF00F0E4B5</key>
		<dict>
			<key>children</key>
			<array>
				<string>5BECA90016A850DF00F0E4B5</string>
			</array>
			<key>isa</key>
			<string>PBXVariantGroup</string>
			<key>name</key>
			<string>InfoPlist.strings</string>
			<key>sourceTree</key>
			<string>&lt;group&gt;</string>
		</dict>
		<key>5BECA90016A850DF00F0E4B5</key>
		<dict>
			<key>isa</key>
			<string>PBXFileReference</string>
			<key>lastKnownFileType</key>
			<string>text.plist.strings</string>
			<key>name</key>
			<string>en</string>
			<key>path</key>
			<string>en.lproj/InfoPlist.strings</string>
			<key>sourceTree</key>
			<string>&lt;group&gt;</string>
		</dict>
		<key>5BECA90116A850DF00F0E4B5</key>
		<dict>
			<key>fileRef</key>
			<string>5BECA8FF16A850DF00F0E4B5</string>
			<key>isa</key>
			<string>PBXBuildFile</string>
		</dict>
		<key>5BECA90216A850DF00F0E4B5</key>
		<dict>
			<key>isa</key>
			<string>PBXFileReference</string>
			<key>lastKnownFileType</key>
			<string>sourcecode.c.h</string>
			<key>path</key>
			<string>MoblicoSDKTests.h</string>
			<key>sourceTree</key>
			<string>&lt;group&gt;</string>
		</dict>
		<key>5BECA90316A850DF00F0E4B5</key>
		<dict>
			<key>isa</key>
			<string>PBXFileReference</string>
			<key>lastKnownFileType</key>
			<string>sourcecode.c.objc</string>
			<key>path</key>
			<string>MoblicoSDKTests.m</string>
			<key>sourceTree</key>
			<string>&lt;group&gt;</string>
		</dict>
		<key>5BECA90416A850DF00F0E4B5</key>
		<dict>
			<key>fileRef</key>
			<string>5BECA90316A850DF00F0E4B5</string>
			<key>isa</key>
			<string>PBXBuildFile</string>
		</dict>
		<key>5BECA90516A850DF00F0E4B5</key>
		<dict>
			<key>buildSettings</key>
			<dict>
				<key>ALWAYS_SEARCH_USER_PATHS</key>
				<string>NO</string>
				<key>CLANG_CXX_LANGUAGE_STANDARD</key>
				<string>gnu++0x</string>
				<key>CLANG_CXX_LIBRARY</key>
				<string>libc++</string>
				<key>CLANG_ENABLE_OBJC_ARC</key>
				<string>YES</string>
				<key>CLANG_WARN_EMPTY_BODY</key>
				<string>YES</string>
				<key>CLANG_WARN__DUPLICATE_METHOD_MATCH</key>
				<string>YES</string>
				<key>COPY_PHASE_STRIP</key>
				<string>NO</string>
				<key>DEAD_CODE_STRIPPING</key>
				<string>NO</string>
				<key>GCC_C_LANGUAGE_STANDARD</key>
				<string>gnu99</string>
				<key>GCC_DYNAMIC_NO_PIC</key>
				<string>NO</string>
				<key>GCC_OPTIMIZATION_LEVEL</key>
				<string>0</string>
				<key>GCC_PREPROCESSOR_DEFINITIONS</key>
				<array>
					<string>DEBUG=1</string>
					<string>$(inherited)</string>
				</array>
				<key>GCC_SYMBOLS_PRIVATE_EXTERN</key>
				<string>NO</string>
				<key>GCC_WARN_64_TO_32_BIT_CONVERSION</key>
				<string>YES</string>
				<key>GCC_WARN_ABOUT_MISSING_FIELD_INITIALIZERS</key>
				<string>YES</string>
				<key>GCC_WARN_ABOUT_MISSING_NEWLINE</key>
				<string>YES</string>
				<key>GCC_WARN_ABOUT_RETURN_TYPE</key>
				<string>YES</string>
				<key>GCC_WARN_CHECK_SWITCH_STATEMENTS</key>
				<string>YES</string>
				<key>GCC_WARN_INITIALIZER_NOT_FULLY_BRACKETED</key>
				<string>YES</string>
				<key>GCC_WARN_MISSING_PARENTHESES</key>
				<string>YES</string>
				<key>GCC_WARN_SHADOW</key>
				<string>YES</string>
				<key>GCC_WARN_SIGN_COMPARE</key>
				<string>YES</string>
				<key>GCC_WARN_TYPECHECK_CALLS_TO_PRINTF</key>
				<string>YES</string>
				<key>GCC_WARN_UNDECLARED_SELECTOR</key>
				<string>YES</string>
				<key>GCC_WARN_UNINITIALIZED_AUTOS</key>
				<string>YES</string>
				<key>GCC_WARN_UNUSED_FUNCTION</key>
				<string>YES</string>
				<key>GCC_WARN_UNUSED_LABEL</key>
				<string>YES</string>
				<key>GCC_WARN_UNUSED_VALUE</key>
				<string>YES</string>
				<key>GCC_WARN_UNUSED_VARIABLE</key>
				<string>YES</string>
				<key>IPHONEOS_DEPLOYMENT_TARGET</key>
				<string>5.0</string>
				<key>ONLY_ACTIVE_ARCH</key>
				<string>NO</string>
				<key>RUN_CLANG_STATIC_ANALYZER</key>
				<string>YES</string>
				<key>SDKROOT</key>
				<string>iphoneos</string>
				<key>STRIP_STYLE</key>
				<string>non-global</string>
			</dict>
			<key>isa</key>
			<string>XCBuildConfiguration</string>
			<key>name</key>
			<string>Debug</string>
		</dict>
		<key>5BECA90616A850DF00F0E4B5</key>
		<dict>
			<key>buildSettings</key>
			<dict>
				<key>ALWAYS_SEARCH_USER_PATHS</key>
				<string>NO</string>
				<key>CLANG_CXX_LANGUAGE_STANDARD</key>
				<string>gnu++0x</string>
				<key>CLANG_CXX_LIBRARY</key>
				<string>libc++</string>
				<key>CLANG_ENABLE_OBJC_ARC</key>
				<string>YES</string>
				<key>CLANG_WARN_EMPTY_BODY</key>
				<string>YES</string>
				<key>CLANG_WARN__DUPLICATE_METHOD_MATCH</key>
				<string>YES</string>
				<key>COPY_PHASE_STRIP</key>
				<string>NO</string>
				<key>DEAD_CODE_STRIPPING</key>
				<string>NO</string>
				<key>GCC_C_LANGUAGE_STANDARD</key>
				<string>gnu99</string>
				<key>GCC_WARN_64_TO_32_BIT_CONVERSION</key>
				<string>YES</string>
				<key>GCC_WARN_ABOUT_MISSING_FIELD_INITIALIZERS</key>
				<string>YES</string>
				<key>GCC_WARN_ABOUT_MISSING_NEWLINE</key>
				<string>YES</string>
				<key>GCC_WARN_ABOUT_RETURN_TYPE</key>
				<string>YES</string>
				<key>GCC_WARN_CHECK_SWITCH_STATEMENTS</key>
				<string>YES</string>
				<key>GCC_WARN_INITIALIZER_NOT_FULLY_BRACKETED</key>
				<string>YES</string>
				<key>GCC_WARN_MISSING_PARENTHESES</key>
				<string>YES</string>
				<key>GCC_WARN_SHADOW</key>
				<string>YES</string>
				<key>GCC_WARN_SIGN_COMPARE</key>
				<string>YES</string>
				<key>GCC_WARN_TYPECHECK_CALLS_TO_PRINTF</key>
				<string>YES</string>
				<key>GCC_WARN_UNDECLARED_SELECTOR</key>
				<string>YES</string>
				<key>GCC_WARN_UNINITIALIZED_AUTOS</key>
				<string>YES</string>
				<key>GCC_WARN_UNUSED_FUNCTION</key>
				<string>YES</string>
				<key>GCC_WARN_UNUSED_LABEL</key>
				<string>YES</string>
				<key>GCC_WARN_UNUSED_VALUE</key>
				<string>YES</string>
				<key>GCC_WARN_UNUSED_VARIABLE</key>
				<string>YES</string>
				<key>IPHONEOS_DEPLOYMENT_TARGET</key>
				<string>5.0</string>
				<key>RUN_CLANG_STATIC_ANALYZER</key>
				<string>YES</string>
				<key>SDKROOT</key>
				<string>iphoneos</string>
				<key>STRIP_STYLE</key>
				<string>non-global</string>
				<key>VALIDATE_PRODUCT</key>
				<string>YES</string>
			</dict>
			<key>isa</key>
			<string>XCBuildConfiguration</string>
			<key>name</key>
			<string>Release</string>
		</dict>
		<key>5BECA90716A850DF00F0E4B5</key>
		<dict>
			<key>buildConfigurations</key>
			<array>
				<string>5BECA90816A850DF00F0E4B5</string>
				<string>5BECA90916A850DF00F0E4B5</string>
			</array>
			<key>defaultConfigurationIsVisible</key>
			<string>0</string>
			<key>defaultConfigurationName</key>
			<string>Release</string>
			<key>isa</key>
			<string>XCConfigurationList</string>
		</dict>
		<key>5BECA90816A850DF00F0E4B5</key>
		<dict>
			<key>buildSettings</key>
			<dict>
				<key>DSTROOT</key>
				<string>/tmp/MoblicoSDK.dst</string>
				<key>GCC_PRECOMPILE_PREFIX_HEADER</key>
				<string>YES</string>
				<key>GCC_PREFIX_HEADER</key>
				<string>MoblicoSDK/MoblicoSDK-Prefix.pch</string>
				<key>OTHER_LDFLAGS</key>
				<string>-ObjC</string>
				<key>PRODUCT_NAME</key>
				<string>MoblicoSDK</string>
				<key>PUBLIC_HEADERS_FOLDER_PATH</key>
				<string>$(PROJECT_NAME)Headers</string>
				<key>SKIP_INSTALL</key>
				<string>YES</string>
			</dict>
			<key>isa</key>
			<string>XCBuildConfiguration</string>
			<key>name</key>
			<string>Debug</string>
		</dict>
		<key>5BECA90916A850DF00F0E4B5</key>
		<dict>
			<key>buildSettings</key>
			<dict>
				<key>DSTROOT</key>
				<string>/tmp/MoblicoSDK.dst</string>
				<key>GCC_PRECOMPILE_PREFIX_HEADER</key>
				<string>YES</string>
				<key>GCC_PREFIX_HEADER</key>
				<string>MoblicoSDK/MoblicoSDK-Prefix.pch</string>
				<key>GCC_TREAT_WARNINGS_AS_ERRORS</key>
				<string>YES</string>
				<key>OTHER_LDFLAGS</key>
				<string>-ObjC</string>
				<key>PRODUCT_NAME</key>
				<string>MoblicoSDK</string>
				<key>PUBLIC_HEADERS_FOLDER_PATH</key>
				<string>$(PROJECT_NAME)Headers</string>
				<key>SKIP_INSTALL</key>
				<string>YES</string>
			</dict>
			<key>isa</key>
			<string>XCBuildConfiguration</string>
			<key>name</key>
			<string>Release</string>
		</dict>
		<key>5BECA90A16A850DF00F0E4B5</key>
		<dict>
			<key>buildConfigurations</key>
			<array>
				<string>5BECA90B16A850DF00F0E4B5</string>
				<string>5BECA90C16A850DF00F0E4B5</string>
			</array>
			<key>defaultConfigurationIsVisible</key>
			<string>0</string>
			<key>defaultConfigurationName</key>
			<string>Release</string>
			<key>isa</key>
			<string>XCConfigurationList</string>
		</dict>
		<key>5BECA90B16A850DF00F0E4B5</key>
		<dict>
			<key>buildSettings</key>
			<dict>
				<key>FRAMEWORK_SEARCH_PATHS</key>
				<array>
					<string>"$(SDKROOT)/Developer/Library/Frameworks"</string>
					<string>"$(DEVELOPER_LIBRARY_DIR)/Frameworks"</string>
				</array>
				<key>GCC_PRECOMPILE_PREFIX_HEADER</key>
				<string>YES</string>
				<key>GCC_PREFIX_HEADER</key>
				<string>SDK/SDK-Prefix.pch</string>
				<key>INFOPLIST_FILE</key>
				<string>SDKTests/MoblicoSDKTests-Info.plist</string>
				<key>PRODUCT_NAME</key>
				<string>MoblicoSDKTests</string>
				<key>WRAPPER_EXTENSION</key>
				<string>octest</string>
			</dict>
			<key>isa</key>
			<string>XCBuildConfiguration</string>
			<key>name</key>
			<string>Debug</string>
		</dict>
		<key>5BECA90C16A850DF00F0E4B5</key>
		<dict>
			<key>buildSettings</key>
			<dict>
				<key>FRAMEWORK_SEARCH_PATHS</key>
				<array>
					<string>"$(SDKROOT)/Developer/Library/Frameworks"</string>
					<string>"$(DEVELOPER_LIBRARY_DIR)/Frameworks"</string>
				</array>
				<key>GCC_PRECOMPILE_PREFIX_HEADER</key>
				<string>YES</string>
				<key>GCC_PREFIX_HEADER</key>
				<string>SDK/SDK-Prefix.pch</string>
				<key>INFOPLIST_FILE</key>
				<string>SDKTests/MoblicoSDKTests-Info.plist</string>
				<key>PRODUCT_NAME</key>
				<string>MoblicoSDKTests</string>
				<key>WRAPPER_EXTENSION</key>
				<string>octest</string>
			</dict>
			<key>isa</key>
			<string>XCBuildConfiguration</string>
			<key>name</key>
			<string>Release</string>
		</dict>
	</dict>
	<key>rootObject</key>
	<string>5BECA8D916A850DF00F0E4B5</string>
</dict>
</plist>
